// !$*UTF8*$!
{
	archiveVersion = 1;
	classes = {
	};
	objectVersion = 50;
	objects = {

/* Begin PBXBuildFile section */
		3E091E3C216E440800F00FFD /* MapViewController.swift in Sources */ = {isa = PBXBuildFile; fileRef = 3E091E3B216E440800F00FFD /* MapViewController.swift */; };
		3E488330216E6F10008DED70 /* noun_Pin_1980881.png in Resources */ = {isa = PBXBuildFile; fileRef = 3E48832F216E6F10008DED70 /* noun_Pin_1980881.png */; };
		3E9F2CFB216E42D100D9D379 /* Main.storyboard in Resources */ = {isa = PBXBuildFile; fileRef = 3E9F2CF9216E42D100D9D379 /* Main.storyboard */; };
		3E9F2CFE216E42D100D9D379 /* AppDelegate.swift in Sources */ = {isa = PBXBuildFile; fileRef = 3E9F2CFD216E42D100D9D379 /* AppDelegate.swift */; };
		3E9F2D00216E42D300D9D379 /* Assets.xcassets in Resources */ = {isa = PBXBuildFile; fileRef = 3E9F2CFF216E42D300D9D379 /* Assets.xcassets */; };
		3E9F2D03216E42D300D9D379 /* LaunchScreen.storyboard in Resources */ = {isa = PBXBuildFile; fileRef = 3E9F2D01216E42D300D9D379 /* LaunchScreen.storyboard */; };
/* End PBXBuildFile section */

/* Begin PBXFileReference section */
		3E091E3B216E440800F00FFD /* MapViewController.swift */ = {isa = PBXFileReference; lastKnownFileType = sourcecode.swift; path = MapViewController.swift; sourceTree = "<group>"; };
		3E48832F216E6F10008DED70 /* noun_Pin_1980881.png */ = {isa = PBXFileReference; lastKnownFileType = image.png; path = noun_Pin_1980881.png; sourceTree = "<group>"; };
		3E9F2CEB216E42D100D9D379 /* mapkitpractice.app */ = {isa = PBXFileReference; explicitFileType = wrapper.application; includeInIndex = 0; path = mapkitpractice.app; sourceTree = BUILT_PRODUCTS_DIR; };
		3E9F2CFA216E42D100D9D379 /* Base */ = {isa = PBXFileReference; lastKnownFileType = file.storyboard; name = Base; path = Base.lproj/Main.storyboard; sourceTree = "<group>"; };
		3E9F2CFD216E42D100D9D379 /* AppDelegate.swift */ = {isa = PBXFileReference; lastKnownFileType = sourcecode.swift; path = AppDelegate.swift; sourceTree = "<group>"; };
		3E9F2CFF216E42D300D9D379 /* Assets.xcassets */ = {isa = PBXFileReference; lastKnownFileType = folder.assetcatalog; path = Assets.xcassets; sourceTree = "<group>"; };
		3E9F2D02216E42D300D9D379 /* Base */ = {isa = PBXFileReference; lastKnownFileType = file.storyboard; name = Base; path = Base.lproj/LaunchScreen.storyboard; sourceTree = "<group>"; };
		3E9F2D04216E42D300D9D379 /* Info.plist */ = {isa = PBXFileReference; lastKnownFileType = text.plist.xml; path = Info.plist; sourceTree = "<group>"; };
/* End PBXFileReference section */

/* Begin PBXFrameworksBuildPhase section */
		3E9F2CE8216E42D100D9D379 /* Frameworks */ = {
			isa = PBXFrameworksBuildPhase;
			buildActionMask = 2147483647;
			files = (
			);
			runOnlyForDeploymentPostprocessing = 0;
		};
/* End PBXFrameworksBuildPhase section */

/* Begin PBXGroup section */
		3E9F2CE2216E42D100D9D379 = {
			isa = PBXGroup;
			children = (
				3E9F2CED216E42D100D9D379 /* mapkitpractice */,
				3E9F2CEC216E42D100D9D379 /* Products */,
			);
			sourceTree = "<group>";
		};
		3E9F2CEC216E42D100D9D379 /* Products */ = {
			isa = PBXGroup;
			children = (
				3E9F2CEB216E42D100D9D379 /* mapkitpractice.app */,
			);
			name = Products;
			sourceTree = "<group>";
		};
		3E9F2CED216E42D100D9D379 /* mapkitpractice */ = {
			isa = PBXGroup;
			children = (
				3E9F2CEE216E42D100D9D379 /* Models */,
				3E9F2CF1216E42D100D9D379 /* Controllers */,
				3E9F2CF8216E42D100D9D379 /* Views */,
				3E9F2CFC216E42D100D9D379 /* Resources */,
			);
			path = mapkitpractice;
			sourceTree = "<group>";
		};
		3E9F2CEE216E42D100D9D379 /* Models */ = {
			isa = PBXGroup;
			children = (
			);
			name = Models;
			sourceTree = "<group>";
		};
		3E9F2CF1216E42D100D9D379 /* Controllers */ = {
			isa = PBXGroup;
			children = (
				3E9F2CF2216E42D100D9D379 /* Model Controllers */,
				3E9F2CF5216E42D100D9D379 /* View Controllers */,
			);
			name = Controllers;
			sourceTree = "<group>";
		};
		3E9F2CF2216E42D100D9D379 /* Model Controllers */ = {
			isa = PBXGroup;
			children = (
			);
			name = "Model Controllers";
			sourceTree = "<group>";
		};
		3E9F2CF5216E42D100D9D379 /* View Controllers */ = {
			isa = PBXGroup;
			children = (
				3E091E3B216E440800F00FFD /* MapViewController.swift */,
			);
			name = "View Controllers";
			sourceTree = "<group>";
		};
		3E9F2CF8216E42D100D9D379 /* Views */ = {
			isa = PBXGroup;
			children = (
				3E9F2CF9216E42D100D9D379 /* Main.storyboard */,
			);
			name = Views;
			sourceTree = "<group>";
		};
		3E9F2CFC216E42D100D9D379 /* Resources */ = {
			isa = PBXGroup;
			children = (
				3E9F2CFF216E42D300D9D379 /* Assets.xcassets */,
				3E48832F216E6F10008DED70 /* noun_Pin_1980881.png */,
				3E9F2D01216E42D300D9D379 /* LaunchScreen.storyboard */,
				3E9F2D04216E42D300D9D379 /* Info.plist */,
				3E9F2CFD216E42D100D9D379 /* AppDelegate.swift */,
			);
			name = Resources;
			sourceTree = "<group>";
		};
/* End PBXGroup section */

/* Begin PBXNativeTarget section */
		3E9F2CEA216E42D100D9D379 /* mapkitpractice */ = {
			isa = PBXNativeTarget;
			buildConfigurationList = 3E9F2D07216E42D300D9D379 /* Build configuration list for PBXNativeTarget "mapkitpractice" */;
			buildPhases = (
				3E9F2CE7216E42D100D9D379 /* Sources */,
				3E9F2CE8216E42D100D9D379 /* Frameworks */,
				3E9F2CE9216E42D100D9D379 /* Resources */,
			);
			buildRules = (
			);
			dependencies = (
			);
			name = mapkitpractice;
			productName = mapkit;
			productReference = 3E9F2CEB216E42D100D9D379 /* mapkitpractice.app */;
			productType = "com.apple.product-type.application";
		};
/* End PBXNativeTarget section */

/* Begin PBXProject section */
		3E9F2CE3216E42D100D9D379 /* Project object */ = {
			isa = PBXProject;
			attributes = {
				LastSwiftUpdateCheck = 1000;
				LastUpgradeCheck = 1000;
				ORGANIZATIONNAME = "Owen Henley";
				TargetAttributes = {
					3E9F2CEA216E42D100D9D379 = {
						CreatedOnToolsVersion = 10.0;
					};
				};
			};
			buildConfigurationList = 3E9F2CE6216E42D100D9D379 /* Build configuration list for PBXProject "mapkitpractice" */;
			compatibilityVersion = "Xcode 9.3";
			developmentRegion = en;
			hasScannedForEncodings = 0;
			knownRegions = (
				en,
				Base,
			);
			mainGroup = 3E9F2CE2216E42D100D9D379;
			productRefGroup = 3E9F2CEC216E42D100D9D379 /* Products */;
			projectDirPath = "";
			projectRoot = "";
			targets = (
				3E9F2CEA216E42D100D9D379 /* mapkitpractice */,
			);
		};
/* End PBXProject section */

/* Begin PBXResourcesBuildPhase section */
		3E9F2CE9216E42D100D9D379 /* Resources */ = {
			isa = PBXResourcesBuildPhase;
			buildActionMask = 2147483647;
			files = (
				3E9F2D03216E42D300D9D379 /* LaunchScreen.storyboard in Resources */,
				3E9F2CFB216E42D100D9D379 /* Main.storyboard in Resources */,
				3E9F2D00216E42D300D9D379 /* Assets.xcassets in Resources */,
				3E488330216E6F10008DED70 /* noun_Pin_1980881.png in Resources */,
			);
			runOnlyForDeploymentPostprocessing = 0;
		};
/* End PBXResourcesBuildPhase section */

/* Begin PBXSourcesBuildPhase section */
		3E9F2CE7216E42D100D9D379 /* Sources */ = {
			isa = PBXSourcesBuildPhase;
			buildActionMask = 2147483647;
			files = (
				3E9F2CFE216E42D100D9D379 /* AppDelegate.swift in Sources */,
				3E091E3C216E440800F00FFD /* MapViewController.swift in Sources */,
			);
			runOnlyForDeploymentPostprocessing = 0;
		};
/* End PBXSourcesBuildPhase section */

/* Begin PBXVariantGroup section */
		3E9F2CF9216E42D100D9D379 /* Main.storyboard */ = {
			isa = PBXVariantGroup;
			children = (
				3E9F2CFA216E42D100D9D379 /* Base */,
			);
			name = Main.storyboard;
			sourceTree = "<group>";
		};
		3E9F2D01216E42D300D9D379 /* LaunchScreen.storyboard */ = {
			isa = PBXVariantGroup;
			children = (
				3E9F2D02216E42D300D9D379 /* Base */,
			);
			name = LaunchScreen.storyboard;
			sourceTree = "<group>";
		};
/* End PBXVariantGroup section */

/* Begin XCBuildConfiguration section */
		3E9F2D05216E42D300D9D379 /* Debug */ = {
			isa = XCBuildConfiguration;
			buildSettings = {
				ALWAYS_SEARCH_USER_PATHS = NO;
				CLANG_ANALYZER_NONNULL = YES;
				CLANG_ANALYZER_NUMBER_OBJECT_CONVERSION = YES_AGGRESSIVE;
				CLANG_CXX_LANGUAGE_STANDARD = "gnu++14";
				CLANG_CXX_LIBRARY = "libc++";
				CLANG_ENABLE_MODULES = YES;
				CLANG_ENABLE_OBJC_ARC = YES;
				CLANG_ENABLE_OBJC_WEAK = YES;
				CLANG_WARN_BLOCK_CAPTURE_AUTORELEASING = YES;
				CLANG_WARN_BOOL_CONVERSION = YES;
				CLANG_WARN_COMMA = YES;
				CLANG_WARN_CONSTANT_CONVERSION = YES;
				CLANG_WARN_DEPRECATED_OBJC_IMPLEMENTATIONS = YES;
				CLANG_WARN_DIRECT_OBJC_ISA_USAGE = YES_ERROR;
				CLANG_WARN_DOCUMENTATION_COMMENTS = YES;
				CLANG_WARN_EMPTY_BODY = YES;
				CLANG_WARN_ENUM_CONVERSION = YES;
				CLANG_WARN_INFINITE_RECURSION = YES;
				CLANG_WARN_INT_CONVERSION = YES;
				CLANG_WARN_NON_LITERAL_NULL_CONVERSION = YES;
				CLANG_WARN_OBJC_IMPLICIT_RETAIN_SELF = YES;
				CLANG_WARN_OBJC_LITERAL_CONVERSION = YES;
				CLANG_WARN_OBJC_ROOT_CLASS = YES_ERROR;
				CLANG_WARN_RANGE_LOOP_ANALYSIS = YES;
				CLANG_WARN_STRICT_PROTOTYPES = YES;
				CLANG_WARN_SUSPICIOUS_MOVE = YES;
				CLANG_WARN_UNGUARDED_AVAILABILITY = YES_AGGRESSIVE;
				CLANG_WARN_UNREACHABLE_CODE = YES;
				CLANG_WARN__DUPLICATE_METHOD_MATCH = YES;
				CODE_SIGN_IDENTITY = "iPhone Developer";
				COPY_PHASE_STRIP = NO;
				DEBUG_INFORMATION_FORMAT = dwarf;
				ENABLE_STRICT_OBJC_MSGSEND = YES;
				ENABLE_TESTABILITY = YES;
				GCC_C_LANGUAGE_STANDARD = gnu11;
				GCC_DYNAMIC_NO_PIC = NO;
				GCC_NO_COMMON_BLOCKS = YES;
				GCC_OPTIMIZATION_LEVEL = 0;
				GCC_PREPROCESSOR_DEFINITIONS = (
					"DEBUG=1",
					"$(inherited)",
				);
				GCC_WARN_64_TO_32_BIT_CONVERSION = YES;
				GCC_WARN_ABOUT_RETURN_TYPE = YES_ERROR;
				GCC_WARN_UNDECLARED_SELECTOR = YES;
				GCC_WARN_UNINITIALIZED_AUTOS = YES_AGGRESSIVE;
				GCC_WARN_UNUSED_FUNCTION = YES;
				GCC_WARN_UNUSED_VARIABLE = YES;
				IPHONEOS_DEPLOYMENT_TARGET = 12.0;
				MTL_ENABLE_DEBUG_INFO = INCLUDE_SOURCE;
				MTL_FAST_MATH = YES;
				ONLY_ACTIVE_ARCH = YES;
				SDKROOT = iphoneos;
				SWIFT_ACTIVE_COMPILATION_CONDITIONS = DEBUG;
				SWIFT_OPTIMIZATION_LEVEL = "-Onone";
			};
			name = Debug;
		};
		3E9F2D06216E42D300D9D379 /* Release */ = {
			isa = XCBuildConfiguration;
			buildSettings = {
				ALWAYS_SEARCH_USER_PATHS = NO;
				CLANG_ANALYZER_NONNULL = YES;
				CLANG_ANALYZER_NUMBER_OBJECT_CONVERSION = YES_AGGRESSIVE;
				CLANG_CXX_LANGUAGE_STANDARD = "gnu++14";
				CLANG_CXX_LIBRARY = "libc++";
				CLANG_ENABLE_MODULES = YES;
				CLANG_ENABLE_OBJC_ARC = YES;
				CLANG_ENABLE_OBJC_WEAK = YES;
				CLANG_WARN_BLOCK_CAPTURE_AUTORELEASING = YES;
				CLANG_WARN_BOOL_CONVERSION = YES;
				CLANG_WARN_COMMA = YES;
				CLANG_WARN_CONSTANT_CONVERSION = YES;
				CLANG_WARN_DEPRECATED_OBJC_IMPLEMENTATIONS = YES;
				CLANG_WARN_DIRECT_OBJC_ISA_USAGE = YES_ERROR;
				CLANG_WARN_DOCUMENTATION_COMMENTS = YES;
				CLANG_WARN_EMPTY_BODY = YES;
				CLANG_WARN_ENUM_CONVERSION = YES;
				CLANG_WARN_INFINITE_RECURSION = YES;
				CLANG_WARN_INT_CONVERSION = YES;
				CLANG_WARN_NON_LITERAL_NULL_CONVERSION = YES;
				CLANG_WARN_OBJC_IMPLICIT_RETAIN_SELF = YES;
				CLANG_WARN_OBJC_LITERAL_CONVERSION = YES;
				CLANG_WARN_OBJC_ROOT_CLASS = YES_ERROR;
				CLANG_WARN_RANGE_LOOP_ANALYSIS = YES;
				CLANG_WARN_STRICT_PROTOTYPES = YES;
				CLANG_WARN_SUSPICIOUS_MOVE = YES;
				CLANG_WARN_UNGUARDED_AVAILABILITY = YES_AGGRESSIVE;
				CLANG_WARN_UNREACHABLE_CODE = YES;
				CLANG_WARN__DUPLICATE_METHOD_MATCH = YES;
				CODE_SIGN_IDENTITY = "iPhone Developer";
				COPY_PHASE_STRIP = NO;
				DEBUG_INFORMATION_FORMAT = "dwarf-with-dsym";
				ENABLE_NS_ASSERTIONS = NO;
				ENABLE_STRICT_OBJC_MSGSEND = YES;
				GCC_C_LANGUAGE_STANDARD = gnu11;
				GCC_NO_COMMON_BLOCKS = YES;
				GCC_WARN_64_TO_32_BIT_CONVERSION = YES;
				GCC_WARN_ABOUT_RETURN_TYPE = YES_ERROR;
				GCC_WARN_UNDECLARED_SELECTOR = YES;
				GCC_WARN_UNINITIALIZED_AUTOS = YES_AGGRESSIVE;
				GCC_WARN_UNUSED_FUNCTION = YES;
				GCC_WARN_UNUSED_VARIABLE = YES;
				IPHONEOS_DEPLOYMENT_TARGET = 12.0;
				MTL_ENABLE_DEBUG_INFO = NO;
				MTL_FAST_MATH = YES;
				SDKROOT = iphoneos;
				SWIFT_COMPILATION_MODE = wholemodule;
				SWIFT_OPTIMIZATION_LEVEL = "-O";
				VALIDATE_PRODUCT = YES;
			};
			name = Release;
		};
		3E9F2D08216E42D300D9D379 /* Debug */ = {
			isa = XCBuildConfiguration;
			buildSettings = {
				ASSETCATALOG_COMPILER_APPICON_NAME = AppIcon;
				CODE_SIGN_STYLE = Automatic;
				DEVELOPMENT_TEAM = CYZA2EE6W8;
				INFOPLIST_FILE = "$(SRCROOT)/mapkitpractice/Info.plist";
				LD_RUNPATH_SEARCH_PATHS = (
					"$(inherited)",
					"@executable_path/Frameworks",
				);
				PRODUCT_BUNDLE_IDENTIFIER = io.owenhenley.mapkit;
				PRODUCT_NAME = "$(TARGET_NAME)";
				SWIFT_VERSION = 4.2;
				TARGETED_DEVICE_FAMILY = "1,2";
			};
			name = Debug;
		};
		3E9F2D09216E42D300D9D379 /* Release */ = {
			isa = XCBuildConfiguration;
			buildSettings = {
				ASSETCATALOG_COMPILER_APPICON_NAME = AppIcon;
				CODE_SIGN_STYLE = Automatic;
				DEVELOPMENT_TEAM = CYZA2EE6W8;
				INFOPLIST_FILE = "$(SRCROOT)/mapkitpractice/Info.plist";
				LD_RUNPATH_SEARCH_PATHS = (
					"$(inherited)",
					"@executable_path/Frameworks",
				);
				PRODUCT_BUNDLE_IDENTIFIER = io.owenhenley.mapkit;
				PRODUCT_NAME = "$(TARGET_NAME)";
				SWIFT_VERSION = 4.2;
				TARGETED_DEVICE_FAMILY = "1,2";
			};
			name = Release;
		};
/* End XCBuildConfiguration section */

/* Begin XCConfigurationList section */
		3E9F2CE6216E42D100D9D379 /* Build configuration list for PBXProject "mapkitpractice" */ = {
			isa = XCConfigurationList;
			buildConfigurations = (
				3E9F2D05216E42D300D9D379 /* Debug */,
				3E9F2D06216E42D300D9D379 /* Release */,
			);
			defaultConfigurationIsVisible = 0;
			defaultConfigurationName = Release;
		};
		3E9F2D07216E42D300D9D379 /* Build configuration list for PBXNativeTarget "mapkitpractice" */ = {
			isa = XCConfigurationList;
			buildConfigurations = (
				3E9F2D08216E42D300D9D379 /* Debug */,
				3E9F2D09216E42D300D9D379 /* Release */,
			);
			defaultConfigurationIsVisible = 0;
			defaultConfigurationName = Release;
		};
/* End XCConfigurationList section */
	};
	rootObject = 3E9F2CE3216E42D100D9D379 /* Project object */;
}
