// !$*UTF8*$!
{
	archiveVersion = 1;
	classes = {
	};
	objectVersion = 50;
	objects = {

/* Begin PBXBuildFile section */
		3E6CAC9720C4AC370044E710 /* AppDelegate.swift in Sources */ = {isa = PBXBuildFile; fileRef = 3E6CAC9620C4AC370044E710 /* AppDelegate.swift */; };
		3E6CAC9920C4AC370044E710 /* ViewController.swift in Sources */ = {isa = PBXBuildFile; fileRef = 3E6CAC9820C4AC370044E710 /* ViewController.swift */; };
		3E6CAC9C20C4AC370044E710 /* Main.storyboard in Resources */ = {isa = PBXBuildFile; fileRef = 3E6CAC9A20C4AC370044E710 /* Main.storyboard */; };
		3E6CAC9F20C4AC370044E710 /* EasyBrowser.xcdatamodeld in Sources */ = {isa = PBXBuildFile; fileRef = 3E6CAC9D20C4AC370044E710 /* EasyBrowser.xcdatamodeld */; };
		3E6CACA120C4AC3A0044E710 /* Assets.xcassets in Resources */ = {isa = PBXBuildFile; fileRef = 3E6CACA020C4AC3A0044E710 /* Assets.xcassets */; };
		3E6CACA420C4AC3A0044E710 /* LaunchScreen.storyboard in Resources */ = {isa = PBXBuildFile; fileRef = 3E6CACA220C4AC3A0044E710 /* LaunchScreen.storyboard */; };
		3E6CACAF20C4AC3A0044E710 /* EasyBrowserTests.swift in Sources */ = {isa = PBXBuildFile; fileRef = 3E6CACAE20C4AC3A0044E710 /* EasyBrowserTests.swift */; };
		3E6CACBA20C4AC3A0044E710 /* EasyBrowserUITests.swift in Sources */ = {isa = PBXBuildFile; fileRef = 3E6CACB920C4AC3A0044E710 /* EasyBrowserUITests.swift */; };
/* End PBXBuildFile section */

/* Begin PBXContainerItemProxy section */
		3E6CACAB20C4AC3A0044E710 /* PBXContainerItemProxy */ = {
			isa = PBXContainerItemProxy;
			containerPortal = 3E6CAC8B20C4AC370044E710 /* Project object */;
			proxyType = 1;
			remoteGlobalIDString = 3E6CAC9220C4AC370044E710;
			remoteInfo = EasyBrowser;
		};
		3E6CACB620C4AC3A0044E710 /* PBXContainerItemProxy */ = {
			isa = PBXContainerItemProxy;
			containerPortal = 3E6CAC8B20C4AC370044E710 /* Project object */;
			proxyType = 1;
			remoteGlobalIDString = 3E6CAC9220C4AC370044E710;
			remoteInfo = EasyBrowser;
		};
/* End PBXContainerItemProxy section */

/* Begin PBXFileReference section */
		3E6CAC9320C4AC370044E710 /* EasyBrowser.app */ = {isa = PBXFileReference; explicitFileType = wrapper.application; includeInIndex = 0; path = EasyBrowser.app; sourceTree = BUILT_PRODUCTS_DIR; };
		3E6CAC9620C4AC370044E710 /* AppDelegate.swift */ = {isa = PBXFileReference; lastKnownFileType = sourcecode.swift; path = AppDelegate.swift; sourceTree = "<group>"; };
		3E6CAC9820C4AC370044E710 /* ViewController.swift */ = {isa = PBXFileReference; lastKnownFileType = sourcecode.swift; path = ViewController.swift; sourceTree = "<group>"; };
		3E6CAC9B20C4AC370044E710 /* Base */ = {isa = PBXFileReference; lastKnownFileType = file.storyboard; name = Base; path = Base.lproj/Main.storyboard; sourceTree = "<group>"; };
		3E6CAC9E20C4AC370044E710 /* EasyBrowser.xcdatamodel */ = {isa = PBXFileReference; lastKnownFileType = wrapper.xcdatamodel; path = EasyBrowser.xcdatamodel; sourceTree = "<group>"; };
		3E6CACA020C4AC3A0044E710 /* Assets.xcassets */ = {isa = PBXFileReference; lastKnownFileType = folder.assetcatalog; path = Assets.xcassets; sourceTree = "<group>"; };
		3E6CACA320C4AC3A0044E710 /* Base */ = {isa = PBXFileReference; lastKnownFileType = file.storyboard; name = Base; path = Base.lproj/LaunchScreen.storyboard; sourceTree = "<group>"; };
		3E6CACA520C4AC3A0044E710 /* Info.plist */ = {isa = PBXFileReference; lastKnownFileType = text.plist.xml; path = Info.plist; sourceTree = "<group>"; };
		3E6CACAA20C4AC3A0044E710 /* EasyBrowserTests.xctest */ = {isa = PBXFileReference; explicitFileType = wrapper.cfbundle; includeInIndex = 0; path = EasyBrowserTests.xctest; sourceTree = BUILT_PRODUCTS_DIR; };
		3E6CACAE20C4AC3A0044E710 /* EasyBrowserTests.swift */ = {isa = PBXFileReference; lastKnownFileType = sourcecode.swift; path = EasyBrowserTests.swift; sourceTree = "<group>"; };
		3E6CACB020C4AC3A0044E710 /* Info.plist */ = {isa = PBXFileReference; lastKnownFileType = text.plist.xml; path = Info.plist; sourceTree = "<group>"; };
		3E6CACB520C4AC3A0044E710 /* EasyBrowserUITests.xctest */ = {isa = PBXFileReference; explicitFileType = wrapper.cfbundle; includeInIndex = 0; path = EasyBrowserUITests.xctest; sourceTree = BUILT_PRODUCTS_DIR; };
		3E6CACB920C4AC3A0044E710 /* EasyBrowserUITests.swift */ = {isa = PBXFileReference; lastKnownFileType = sourcecode.swift; path = EasyBrowserUITests.swift; sourceTree = "<group>"; };
		3E6CACBB20C4AC3A0044E710 /* Info.plist */ = {isa = PBXFileReference; lastKnownFileType = text.plist.xml; path = Info.plist; sourceTree = "<group>"; };
/* End PBXFileReference section */

/* Begin PBXFrameworksBuildPhase section */
		3E6CAC9020C4AC370044E710 /* Frameworks */ = {
			isa = PBXFrameworksBuildPhase;
			buildActionMask = 2147483647;
			files = (
			);
			runOnlyForDeploymentPostprocessing = 0;
		};
		3E6CACA720C4AC3A0044E710 /* Frameworks */ = {
			isa = PBXFrameworksBuildPhase;
			buildActionMask = 2147483647;
			files = (
			);
			runOnlyForDeploymentPostprocessing = 0;
		};
		3E6CACB220C4AC3A0044E710 /* Frameworks */ = {
			isa = PBXFrameworksBuildPhase;
			buildActionMask = 2147483647;
			files = (
			);
			runOnlyForDeploymentPostprocessing = 0;
		};
/* End PBXFrameworksBuildPhase section */

/* Begin PBXGroup section */
		3E6CAC8A20C4AC370044E710 = {
			isa = PBXGroup;
			children = (
				3E6CAC9520C4AC370044E710 /* EasyBrowser */,
				3E6CACAD20C4AC3A0044E710 /* EasyBrowserTests */,
				3E6CACB820C4AC3A0044E710 /* EasyBrowserUITests */,
				3E6CAC9420C4AC370044E710 /* Products */,
			);
			sourceTree = "<group>";
		};
		3E6CAC9420C4AC370044E710 /* Products */ = {
			isa = PBXGroup;
			children = (
				3E6CAC9320C4AC370044E710 /* EasyBrowser.app */,
				3E6CACAA20C4AC3A0044E710 /* EasyBrowserTests.xctest */,
				3E6CACB520C4AC3A0044E710 /* EasyBrowserUITests.xctest */,
			);
			name = Products;
			sourceTree = "<group>";
		};
		3E6CAC9520C4AC370044E710 /* EasyBrowser */ = {
			isa = PBXGroup;
			children = (
				3E6CAC9620C4AC370044E710 /* AppDelegate.swift */,
				3E6CAC9820C4AC370044E710 /* ViewController.swift */,
				3E6CAC9A20C4AC370044E710 /* Main.storyboard */,
				3E6CACA020C4AC3A0044E710 /* Assets.xcassets */,
				3E6CACA220C4AC3A0044E710 /* LaunchScreen.storyboard */,
				3E6CACA520C4AC3A0044E710 /* Info.plist */,
				3E6CAC9D20C4AC370044E710 /* EasyBrowser.xcdatamodeld */,
			);
			path = EasyBrowser;
			sourceTree = "<group>";
		};
		3E6CACAD20C4AC3A0044E710 /* EasyBrowserTests */ = {
			isa = PBXGroup;
			children = (
				3E6CACAE20C4AC3A0044E710 /* EasyBrowserTests.swift */,
				3E6CACB020C4AC3A0044E710 /* Info.plist */,
			);
			path = EasyBrowserTests;
			sourceTree = "<group>";
		};
		3E6CACB820C4AC3A0044E710 /* EasyBrowserUITests */ = {
			isa = PBXGroup;
			children = (
				3E6CACB920C4AC3A0044E710 /* EasyBrowserUITests.swift */,
				3E6CACBB20C4AC3A0044E710 /* Info.plist */,
			);
			path = EasyBrowserUITests;
			sourceTree = "<group>";
		};
/* End PBXGroup section */

/* Begin PBXNativeTarget section */
		3E6CAC9220C4AC370044E710 /* EasyBrowser */ = {
			isa = PBXNativeTarget;
			buildConfigurationList = 3E6CACBE20C4AC3A0044E710 /* Build configuration list for PBXNativeTarget "EasyBrowser" */;
			buildPhases = (
				3E6CAC8F20C4AC370044E710 /* Sources */,
				3E6CAC9020C4AC370044E710 /* Frameworks */,
				3E6CAC9120C4AC370044E710 /* Resources */,
			);
			buildRules = (
			);
			dependencies = (
			);
			name = EasyBrowser;
			productName = EasyBrowser;
			productReference = 3E6CAC9320C4AC370044E710 /* EasyBrowser.app */;
			productType = "com.apple.product-type.application";
		};
		3E6CACA920C4AC3A0044E710 /* EasyBrowserTests */ = {
			isa = PBXNativeTarget;
			buildConfigurationList = 3E6CACC120C4AC3A0044E710 /* Build configuration list for PBXNativeTarget "EasyBrowserTests" */;
			buildPhases = (
				3E6CACA620C4AC3A0044E710 /* Sources */,
				3E6CACA720C4AC3A0044E710 /* Frameworks */,
				3E6CACA820C4AC3A0044E710 /* Resources */,
			);
			buildRules = (
			);
			dependencies = (
				3E6CACAC20C4AC3A0044E710 /* PBXTargetDependency */,
			);
			name = EasyBrowserTests;
			productName = EasyBrowserTests;
			productReference = 3E6CACAA20C4AC3A0044E710 /* EasyBrowserTests.xctest */;
			productType = "com.apple.product-type.bundle.unit-test";
		};
		3E6CACB420C4AC3A0044E710 /* EasyBrowserUITests */ = {
			isa = PBXNativeTarget;
			buildConfigurationList = 3E6CACC420C4AC3A0044E710 /* Build configuration list for PBXNativeTarget "EasyBrowserUITests" */;
			buildPhases = (
				3E6CACB120C4AC3A0044E710 /* Sources */,
				3E6CACB220C4AC3A0044E710 /* Frameworks */,
				3E6CACB320C4AC3A0044E710 /* Resources */,
			);
			buildRules = (
			);
			dependencies = (
				3E6CACB720C4AC3A0044E710 /* PBXTargetDependency */,
			);
			name = EasyBrowserUITests;
			productName = EasyBrowserUITests;
			productReference = 3E6CACB520C4AC3A0044E710 /* EasyBrowserUITests.xctest */;
			productType = "com.apple.product-type.bundle.ui-testing";
		};
/* End PBXNativeTarget section */

/* Begin PBXProject section */
		3E6CAC8B20C4AC370044E710 /* Project object */ = {
			isa = PBXProject;
			attributes = {
				LastSwiftUpdateCheck = 0930;
				LastUpgradeCheck = 0930;
				ORGANIZATIONNAME = "Owen Henley";
				TargetAttributes = {
					3E6CAC9220C4AC370044E710 = {
						CreatedOnToolsVersion = 9.3.1;
						LastSwiftMigration = 1000;
					};
					3E6CACA920C4AC3A0044E710 = {
						CreatedOnToolsVersion = 9.3.1;
						LastSwiftMigration = 1000;
						TestTargetID = 3E6CAC9220C4AC370044E710;
					};
					3E6CACB420C4AC3A0044E710 = {
						CreatedOnToolsVersion = 9.3.1;
						LastSwiftMigration = 1000;
						TestTargetID = 3E6CAC9220C4AC370044E710;
					};
				};
			};
			buildConfigurationList = 3E6CAC8E20C4AC370044E710 /* Build configuration list for PBXProject "EasyBrowser" */;
			compatibilityVersion = "Xcode 9.3";
			developmentRegion = en;
			hasScannedForEncodings = 0;
			knownRegions = (
				en,
				Base,
			);
			mainGroup = 3E6CAC8A20C4AC370044E710;
			productRefGroup = 3E6CAC9420C4AC370044E710 /* Products */;
			projectDirPath = "";
			projectRoot = "";
			targets = (
				3E6CAC9220C4AC370044E710 /* EasyBrowser */,
				3E6CACA920C4AC3A0044E710 /* EasyBrowserTests */,
				3E6CACB420C4AC3A0044E710 /* EasyBrowserUITests */,
			);
		};
/* End PBXProject section */

/* Begin PBXResourcesBuildPhase section */
		3E6CAC9120C4AC370044E710 /* Resources */ = {
			isa = PBXResourcesBuildPhase;
			buildActionMask = 2147483647;
			files = (
				3E6CACA420C4AC3A0044E710 /* LaunchScreen.storyboard in Resources */,
				3E6CACA120C4AC3A0044E710 /* Assets.xcassets in Resources */,
				3E6CAC9C20C4AC370044E710 /* Main.storyboard in Resources */,
			);
			runOnlyForDeploymentPostprocessing = 0;
		};
		3E6CACA820C4AC3A0044E710 /* Resources */ = {
			isa = PBXResourcesBuildPhase;
			buildActionMask = 2147483647;
			files = (
			);
			runOnlyForDeploymentPostprocessing = 0;
		};
		3E6CACB320C4AC3A0044E710 /* Resources */ = {
			isa = PBXResourcesBuildPhase;
			buildActionMask = 2147483647;
			files = (
			);
			runOnlyForDeploymentPostprocessing = 0;
		};
/* End PBXResourcesBuildPhase section */

/* Begin PBXSourcesBuildPhase section */
		3E6CAC8F20C4AC370044E710 /* Sources */ = {
			isa = PBXSourcesBuildPhase;
			buildActionMask = 2147483647;
			files = (
				3E6CAC9F20C4AC370044E710 /* EasyBrowser.xcdatamodeld in Sources */,
				3E6CAC9920C4AC370044E710 /* ViewController.swift in Sources */,
				3E6CAC9720C4AC370044E710 /* AppDelegate.swift in Sources */,
			);
			runOnlyForDeploymentPostprocessing = 0;
		};
		3E6CACA620C4AC3A0044E710 /* Sources */ = {
			isa = PBXSourcesBuildPhase;
			buildActionMask = 2147483647;
			files = (
				3E6CACAF20C4AC3A0044E710 /* EasyBrowserTests.swift in Sources */,
			);
			runOnlyForDeploymentPostprocessing = 0;
		};
		3E6CACB120C4AC3A0044E710 /* Sources */ = {
			isa = PBXSourcesBuildPhase;
			buildActionMask = 2147483647;
			files = (
				3E6CACBA20C4AC3A0044E710 /* EasyBrowserUITests.swift in Sources */,
			);
			runOnlyForDeploymentPostprocessing = 0;
		};
/* End PBXSourcesBuildPhase section */

/* Begin PBXTargetDependency section */
		3E6CACAC20C4AC3A0044E710 /* PBXTargetDependency */ = {
			isa = PBXTargetDependency;
			target = 3E6CAC9220C4AC370044E710 /* EasyBrowser */;
			targetProxy = 3E6CACAB20C4AC3A0044E710 /* PBXContainerItemProxy */;
		};
		3E6CACB720C4AC3A0044E710 /* PBXTargetDependency */ = {
			isa = PBXTargetDependency;
			target = 3E6CAC9220C4AC370044E710 /* EasyBrowser */;
			targetProxy = 3E6CACB620C4AC3A0044E710 /* PBXContainerItemProxy */;
		};
/* End PBXTargetDependency section */

/* Begin PBXVariantGroup section */
		3E6CAC9A20C4AC370044E710 /* Main.storyboard */ = {
			isa = PBXVariantGroup;
			children = (
				3E6CAC9B20C4AC370044E710 /* Base */,
			);
			name = Main.storyboard;
			sourceTree = "<group>";
		};
		3E6CACA220C4AC3A0044E710 /* LaunchScreen.storyboard */ = {
			isa = PBXVariantGroup;
			children = (
				3E6CACA320C4AC3A0044E710 /* Base */,
			);
			name = LaunchScreen.storyboard;
			sourceTree = "<group>";
		};
/* End PBXVariantGroup section */

/* Begin XCBuildConfiguration section */
		3E6CACBC20C4AC3A0044E710 /* Debug */ = {
			isa = XCBuildConfiguration;
			buildSettings = {
				ALWAYS_SEARCH_USER_PATHS = NO;
				CLANG_ANALYZER_NONNULL = YES;
				CLANG_ANALYZER_NUMBER_OBJECT_CONVERSION = YES_AGGRESSIVE;
				CLANG_CXX_LANGUAGE_STANDARD = "gnu++14";
				CLANG_CXX_LIBRARY = "libc++";
				CLANG_ENABLE_MODULES = YES;
				CLANG_ENABLE_OBJC_ARC = YES;
				CLANG_ENABLE_OBJC_WEAK = YES;
				CLANG_WARN_BLOCK_CAPTURE_AUTORELEASING = YES;
				CLANG_WARN_BOOL_CONVERSION = YES;
				CLANG_WARN_COMMA = YES;
				CLANG_WARN_CONSTANT_CONVERSION = YES;
				CLANG_WARN_DEPRECATED_OBJC_IMPLEMENTATIONS = YES;
				CLANG_WARN_DIRECT_OBJC_ISA_USAGE = YES_ERROR;
				CLANG_WARN_DOCUMENTATION_COMMENTS = YES;
				CLANG_WARN_EMPTY_BODY = YES;
				CLANG_WARN_ENUM_CONVERSION = YES;
				CLANG_WARN_INFINITE_RECURSION = YES;
				CLANG_WARN_INT_CONVERSION = YES;
				CLANG_WARN_NON_LITERAL_NULL_CONVERSION = YES;
				CLANG_WARN_OBJC_IMPLICIT_RETAIN_SELF = YES;
				CLANG_WARN_OBJC_LITERAL_CONVERSION = YES;
				CLANG_WARN_OBJC_ROOT_CLASS = YES_ERROR;
				CLANG_WARN_RANGE_LOOP_ANALYSIS = YES;
				CLANG_WARN_STRICT_PROTOTYPES = YES;
				CLANG_WARN_SUSPICIOUS_MOVE = YES;
				CLANG_WARN_UNGUARDED_AVAILABILITY = YES_AGGRESSIVE;
				CLANG_WARN_UNREACHABLE_CODE = YES;
				CLANG_WARN__DUPLICATE_METHOD_MATCH = YES;
				CODE_SIGN_IDENTITY = "iPhone Developer";
				COPY_PHASE_STRIP = NO;
				DEBUG_INFORMATION_FORMAT = dwarf;
				ENABLE_STRICT_OBJC_MSGSEND = YES;
				ENABLE_TESTABILITY = YES;
				GCC_C_LANGUAGE_STANDARD = gnu11;
				GCC_DYNAMIC_NO_PIC = NO;
				GCC_NO_COMMON_BLOCKS = YES;
				GCC_OPTIMIZATION_LEVEL = 0;
				GCC_PREPROCESSOR_DEFINITIONS = (
					"DEBUG=1",
					"$(inherited)",
				);
				GCC_WARN_64_TO_32_BIT_CONVERSION = YES;
				GCC_WARN_ABOUT_RETURN_TYPE = YES_ERROR;
				GCC_WARN_UNDECLARED_SELECTOR = YES;
				GCC_WARN_UNINITIALIZED_AUTOS = YES_AGGRESSIVE;
				GCC_WARN_UNUSED_FUNCTION = YES;
				GCC_WARN_UNUSED_VARIABLE = YES;
				IPHONEOS_DEPLOYMENT_TARGET = 11.3;
				MTL_ENABLE_DEBUG_INFO = YES;
				ONLY_ACTIVE_ARCH = YES;
				SDKROOT = iphoneos;
				SWIFT_ACTIVE_COMPILATION_CONDITIONS = DEBUG;
				SWIFT_OPTIMIZATION_LEVEL = "-Onone";
			};
			name = Debug;
		};
		3E6CACBD20C4AC3A0044E710 /* Release */ = {
			isa = XCBuildConfiguration;
			buildSettings = {
				ALWAYS_SEARCH_USER_PATHS = NO;
				CLANG_ANALYZER_NONNULL = YES;
				CLANG_ANALYZER_NUMBER_OBJECT_CONVERSION = YES_AGGRESSIVE;
				CLANG_CXX_LANGUAGE_STANDARD = "gnu++14";
				CLANG_CXX_LIBRARY = "libc++";
				CLANG_ENABLE_MODULES = YES;
				CLANG_ENABLE_OBJC_ARC = YES;
				CLANG_ENABLE_OBJC_WEAK = YES;
				CLANG_WARN_BLOCK_CAPTURE_AUTORELEASING = YES;
				CLANG_WARN_BOOL_CONVERSION = YES;
				CLANG_WARN_COMMA = YES;
				CLANG_WARN_CONSTANT_CONVERSION = YES;
				CLANG_WARN_DEPRECATED_OBJC_IMPLEMENTATIONS = YES;
				CLANG_WARN_DIRECT_OBJC_ISA_USAGE = YES_ERROR;
				CLANG_WARN_DOCUMENTATION_COMMENTS = YES;
				CLANG_WARN_EMPTY_BODY = YES;
				CLANG_WARN_ENUM_CONVERSION = YES;
				CLANG_WARN_INFINITE_RECURSION = YES;
				CLANG_WARN_INT_CONVERSION = YES;
				CLANG_WARN_NON_LITERAL_NULL_CONVERSION = YES;
				CLANG_WARN_OBJC_IMPLICIT_RETAIN_SELF = YES;
				CLANG_WARN_OBJC_LITERAL_CONVERSION = YES;
				CLANG_WARN_OBJC_ROOT_CLASS = YES_ERROR;
				CLANG_WARN_RANGE_LOOP_ANALYSIS = YES;
				CLANG_WARN_STRICT_PROTOTYPES = YES;
				CLANG_WARN_SUSPICIOUS_MOVE = YES;
				CLANG_WARN_UNGUARDED_AVAILABILITY = YES_AGGRESSIVE;
				CLANG_WARN_UNREACHABLE_CODE = YES;
				CLANG_WARN__DUPLICATE_METHOD_MATCH = YES;
				CODE_SIGN_IDENTITY = "iPhone Developer";
				COPY_PHASE_STRIP = NO;
				DEBUG_INFORMATION_FORMAT = "dwarf-with-dsym";
				ENABLE_NS_ASSERTIONS = NO;
				ENABLE_STRICT_OBJC_MSGSEND = YES;
				GCC_C_LANGUAGE_STANDARD = gnu11;
				GCC_NO_COMMON_BLOCKS = YES;
				GCC_WARN_64_TO_32_BIT_CONVERSION = YES;
				GCC_WARN_ABOUT_RETURN_TYPE = YES_ERROR;
				GCC_WARN_UNDECLARED_SELECTOR = YES;
				GCC_WARN_UNINITIALIZED_AUTOS = YES_AGGRESSIVE;
				GCC_WARN_UNUSED_FUNCTION = YES;
				GCC_WARN_UNUSED_VARIABLE = YES;
				IPHONEOS_DEPLOYMENT_TARGET = 11.3;
				MTL_ENABLE_DEBUG_INFO = NO;
				SDKROOT = iphoneos;
				SWIFT_COMPILATION_MODE = wholemodule;
				SWIFT_OPTIMIZATION_LEVEL = "-O";
				VALIDATE_PRODUCT = YES;
			};
			name = Release;
		};
		3E6CACBF20C4AC3A0044E710 /* Debug */ = {
			isa = XCBuildConfiguration;
			buildSettings = {
				ASSETCATALOG_COMPILER_APPICON_NAME = AppIcon;
				CODE_SIGN_STYLE = Automatic;
				DEVELOPMENT_TEAM = CYZA2EE6W8;
				INFOPLIST_FILE = EasyBrowser/Info.plist;
				LD_RUNPATH_SEARCH_PATHS = (
					"$(inherited)",
					"@executable_path/Frameworks",
				);
				PRODUCT_BUNDLE_IDENTIFIER = com.owenhenley.EasyBrowser;
				PRODUCT_NAME = "$(TARGET_NAME)";
				SWIFT_VERSION = 4.2;
				TARGETED_DEVICE_FAMILY = "1,2";
			};
			name = Debug;
		};
		3E6CACC020C4AC3A0044E710 /* Release */ = {
			isa = XCBuildConfiguration;
			buildSettings = {
				ASSETCATALOG_COMPILER_APPICON_NAME = AppIcon;
				CODE_SIGN_STYLE = Automatic;
				DEVELOPMENT_TEAM = CYZA2EE6W8;
				INFOPLIST_FILE = EasyBrowser/Info.plist;
				LD_RUNPATH_SEARCH_PATHS = (
					"$(inherited)",
					"@executable_path/Frameworks",
				);
				PRODUCT_BUNDLE_IDENTIFIER = com.owenhenley.EasyBrowser;
				PRODUCT_NAME = "$(TARGET_NAME)";
				SWIFT_VERSION = 4.2;
				TARGETED_DEVICE_FAMILY = "1,2";
			};
			name = Release;
		};
		3E6CACC220C4AC3A0044E710 /* Debug */ = {
			isa = XCBuildConfiguration;
			buildSettings = {
				ALWAYS_EMBED_SWIFT_STANDARD_LIBRARIES = YES;
				BUNDLE_LOADER = "$(TEST_HOST)";
				CODE_SIGN_STYLE = Automatic;
				DEVELOPMENT_TEAM = CYZA2EE6W8;
				INFOPLIST_FILE = EasyBrowserTests/Info.plist;
				LD_RUNPATH_SEARCH_PATHS = (
					"$(inherited)",
					"@executable_path/Frameworks",
					"@loader_path/Frameworks",
				);
				PRODUCT_BUNDLE_IDENTIFIER = com.owenhenley.EasyBrowserTests;
				PRODUCT_NAME = "$(TARGET_NAME)";
				SWIFT_VERSION = 4.2;
				TARGETED_DEVICE_FAMILY = "1,2";
				TEST_HOST = "$(BUILT_PRODUCTS_DIR)/EasyBrowser.app/EasyBrowser";
			};
			name = Debug;
		};
		3E6CACC320C4AC3A0044E710 /* Release */ = {
			isa = XCBuildConfiguration;
			buildSettings = {
				ALWAYS_EMBED_SWIFT_STANDARD_LIBRARIES = YES;
				BUNDLE_LOADER = "$(TEST_HOST)";
				CODE_SIGN_STYLE = Automatic;
				DEVELOPMENT_TEAM = CYZA2EE6W8;
				INFOPLIST_FILE = EasyBrowserTests/Info.plist;
				LD_RUNPATH_SEARCH_PATHS = (
					"$(inherited)",
					"@executable_path/Frameworks",
					"@loader_path/Frameworks",
				);
				PRODUCT_BUNDLE_IDENTIFIER = com.owenhenley.EasyBrowserTests;
				PRODUCT_NAME = "$(TARGET_NAME)";
				SWIFT_VERSION = 4.2;
				TARGETED_DEVICE_FAMILY = "1,2";
				TEST_HOST = "$(BUILT_PRODUCTS_DIR)/EasyBrowser.app/EasyBrowser";
			};
			name = Release;
		};
		3E6CACC520C4AC3A0044E710 /* Debug */ = {
			isa = XCBuildConfiguration;
			buildSettings = {
				ALWAYS_EMBED_SWIFT_STANDARD_LIBRARIES = YES;
				CODE_SIGN_STYLE = Automatic;
				DEVELOPMENT_TEAM = CYZA2EE6W8;
				INFOPLIST_FILE = EasyBrowserUITests/Info.plist;
				LD_RUNPATH_SEARCH_PATHS = (
					"$(inherited)",
					"@executable_path/Frameworks",
					"@loader_path/Frameworks",
				);
				PRODUCT_BUNDLE_IDENTIFIER = com.owenhenley.EasyBrowserUITests;
				PRODUCT_NAME = "$(TARGET_NAME)";
				SWIFT_VERSION = 4.2;
				TARGETED_DEVICE_FAMILY = "1,2";
				TEST_TARGET_NAME = EasyBrowser;
			};
			name = Debug;
		};
		3E6CACC620C4AC3A0044E710 /* Release */ = {
			isa = XCBuildConfiguration;
			buildSettings = {
				ALWAYS_EMBED_SWIFT_STANDARD_LIBRARIES = YES;
				CODE_SIGN_STYLE = Automatic;
				DEVELOPMENT_TEAM = CYZA2EE6W8;
				INFOPLIST_FILE = EasyBrowserUITests/Info.plist;
				LD_RUNPATH_SEARCH_PATHS = (
					"$(inherited)",
					"@executable_path/Frameworks",
					"@loader_path/Frameworks",
				);
				PRODUCT_BUNDLE_IDENTIFIER = com.owenhenley.EasyBrowserUITests;
				PRODUCT_NAME = "$(TARGET_NAME)";
				SWIFT_VERSION = 4.2;
				TARGETED_DEVICE_FAMILY = "1,2";
				TEST_TARGET_NAME = EasyBrowser;
			};
			name = Release;
		};
/* End XCBuildConfiguration section */

/* Begin XCConfigurationList section */
		3E6CAC8E20C4AC370044E710 /* Build configuration list for PBXProject "EasyBrowser" */ = {
			isa = XCConfigurationList;
			buildConfigurations = (
				3E6CACBC20C4AC3A0044E710 /* Debug */,
				3E6CACBD20C4AC3A0044E710 /* Release */,
			);
			defaultConfigurationIsVisible = 0;
			defaultConfigurationName = Release;
		};
		3E6CACBE20C4AC3A0044E710 /* Build configuration list for PBXNativeTarget "EasyBrowser" */ = {
			isa = XCConfigurationList;
			buildConfigurations = (
				3E6CACBF20C4AC3A0044E710 /* Debug */,
				3E6CACC020C4AC3A0044E710 /* Release */,
			);
			defaultConfigurationIsVisible = 0;
			defaultConfigurationName = Release;
		};
		3E6CACC120C4AC3A0044E710 /* Build configuration list for PBXNativeTarget "EasyBrowserTests" */ = {
			isa = XCConfigurationList;
			buildConfigurations = (
				3E6CACC220C4AC3A0044E710 /* Debug */,
				3E6CACC320C4AC3A0044E710 /* Release */,
			);
			defaultConfigurationIsVisible = 0;
			defaultConfigurationName = Release;
		};
		3E6CACC420C4AC3A0044E710 /* Build configuration list for PBXNativeTarget "EasyBrowserUITests" */ = {
			isa = XCConfigurationList;
			buildConfigurations = (
				3E6CACC520C4AC3A0044E710 /* Debug */,
				3E6CACC620C4AC3A0044E710 /* Release */,
			);
			defaultConfigurationIsVisible = 0;
			defaultConfigurationName = Release;
		};
/* End XCConfigurationList section */

/* Begin XCVersionGroup section */
		3E6CAC9D20C4AC370044E710 /* EasyBrowser.xcdatamodeld */ = {
			isa = XCVersionGroup;
			children = (
				3E6CAC9E20C4AC370044E710 /* EasyBrowser.xcdatamodel */,
			);
			currentVersion = 3E6CAC9E20C4AC370044E710 /* EasyBrowser.xcdatamodel */;
			path = EasyBrowser.xcdatamodeld;
			sourceTree = "<group>";
			versionGroupType = wrapper.xcdatamodel;
		};
/* End XCVersionGroup section */
	};
	rootObject = 3E6CAC8B20C4AC370044E710 /* Project object */;
}
