// !$*UTF8*$!
{
	archiveVersion = 1;
	classes = {
	};
	objectVersion = 50;
	objects = {

/* Begin PBXBuildFile section */
		3E12951020BC9447000B2DF7 /* AppDelegate.swift in Sources */ = {isa = PBXBuildFile; fileRef = 3E12950F20BC9447000B2DF7 /* AppDelegate.swift */; };
		3E12951220BC9447000B2DF7 /* ViewController.swift in Sources */ = {isa = PBXBuildFile; fileRef = 3E12951120BC9447000B2DF7 /* ViewController.swift */; };
		3E12951520BC9447000B2DF7 /* Main.storyboard in Resources */ = {isa = PBXBuildFile; fileRef = 3E12951320BC9447000B2DF7 /* Main.storyboard */; };
		3E12951820BC9447000B2DF7 /* FoodTracker.xcdatamodeld in Sources */ = {isa = PBXBuildFile; fileRef = 3E12951620BC9447000B2DF7 /* FoodTracker.xcdatamodeld */; };
		3E12951A20BC9448000B2DF7 /* Assets.xcassets in Resources */ = {isa = PBXBuildFile; fileRef = 3E12951920BC9448000B2DF7 /* Assets.xcassets */; };
		3E12951D20BC9448000B2DF7 /* LaunchScreen.storyboard in Resources */ = {isa = PBXBuildFile; fileRef = 3E12951B20BC9448000B2DF7 /* LaunchScreen.storyboard */; };
		3E12952820BC9448000B2DF7 /* FoodTrackerTests.swift in Sources */ = {isa = PBXBuildFile; fileRef = 3E12952720BC9448000B2DF7 /* FoodTrackerTests.swift */; };
		3E12953320BC9448000B2DF7 /* FoodTrackerUITests.swift in Sources */ = {isa = PBXBuildFile; fileRef = 3E12953220BC9448000B2DF7 /* FoodTrackerUITests.swift */; };
		3E19D8BF20C0C543007DF02A /* RatingControl.swift in Sources */ = {isa = PBXBuildFile; fileRef = 3E19D8BE20C0C543007DF02A /* RatingControl.swift */; };
		3EF52B8A20C0E5A1008BF777 /* emptyStar.png in Resources */ = {isa = PBXBuildFile; fileRef = 3EF52B8720C0E5A1008BF777 /* emptyStar.png */; };
		3EF52B8B20C0E5A1008BF777 /* highlightedStar.png in Resources */ = {isa = PBXBuildFile; fileRef = 3EF52B8820C0E5A1008BF777 /* highlightedStar.png */; };
		3EF52B8C20C0E5A1008BF777 /* filledStar.png in Resources */ = {isa = PBXBuildFile; fileRef = 3EF52B8920C0E5A1008BF777 /* filledStar.png */; };
		3EF52B8F20C0E5E3008BF777 /* defaultPhoto.png in Resources */ = {isa = PBXBuildFile; fileRef = 3EF52B8E20C0E5E3008BF777 /* defaultPhoto.png */; };
/* End PBXBuildFile section */

/* Begin PBXContainerItemProxy section */
		3E12952420BC9448000B2DF7 /* PBXContainerItemProxy */ = {
			isa = PBXContainerItemProxy;
			containerPortal = 3E12950420BC9447000B2DF7 /* Project object */;
			proxyType = 1;
			remoteGlobalIDString = 3E12950B20BC9447000B2DF7;
			remoteInfo = FoodTracker;
		};
		3E12952F20BC9448000B2DF7 /* PBXContainerItemProxy */ = {
			isa = PBXContainerItemProxy;
			containerPortal = 3E12950420BC9447000B2DF7 /* Project object */;
			proxyType = 1;
			remoteGlobalIDString = 3E12950B20BC9447000B2DF7;
			remoteInfo = FoodTracker;
		};
/* End PBXContainerItemProxy section */

/* Begin PBXFileReference section */
		3E12950C20BC9447000B2DF7 /* FoodTracker.app */ = {isa = PBXFileReference; explicitFileType = wrapper.application; includeInIndex = 0; path = FoodTracker.app; sourceTree = BUILT_PRODUCTS_DIR; };
		3E12950F20BC9447000B2DF7 /* AppDelegate.swift */ = {isa = PBXFileReference; lastKnownFileType = sourcecode.swift; path = AppDelegate.swift; sourceTree = "<group>"; };
		3E12951120BC9447000B2DF7 /* ViewController.swift */ = {isa = PBXFileReference; lastKnownFileType = sourcecode.swift; path = ViewController.swift; sourceTree = "<group>"; };
		3E12951420BC9447000B2DF7 /* Base */ = {isa = PBXFileReference; lastKnownFileType = file.storyboard; name = Base; path = Base.lproj/Main.storyboard; sourceTree = "<group>"; };
		3E12951720BC9447000B2DF7 /* FoodTracker.xcdatamodel */ = {isa = PBXFileReference; lastKnownFileType = wrapper.xcdatamodel; path = FoodTracker.xcdatamodel; sourceTree = "<group>"; };
		3E12951920BC9448000B2DF7 /* Assets.xcassets */ = {isa = PBXFileReference; lastKnownFileType = folder.assetcatalog; path = Assets.xcassets; sourceTree = "<group>"; };
		3E12951C20BC9448000B2DF7 /* Base */ = {isa = PBXFileReference; lastKnownFileType = file.storyboard; name = Base; path = Base.lproj/LaunchScreen.storyboard; sourceTree = "<group>"; };
		3E12951E20BC9448000B2DF7 /* Info.plist */ = {isa = PBXFileReference; lastKnownFileType = text.plist.xml; path = Info.plist; sourceTree = "<group>"; };
		3E12952320BC9448000B2DF7 /* FoodTrackerTests.xctest */ = {isa = PBXFileReference; explicitFileType = wrapper.cfbundle; includeInIndex = 0; path = FoodTrackerTests.xctest; sourceTree = BUILT_PRODUCTS_DIR; };
		3E12952720BC9448000B2DF7 /* FoodTrackerTests.swift */ = {isa = PBXFileReference; lastKnownFileType = sourcecode.swift; path = FoodTrackerTests.swift; sourceTree = "<group>"; };
		3E12952920BC9448000B2DF7 /* Info.plist */ = {isa = PBXFileReference; lastKnownFileType = text.plist.xml; path = Info.plist; sourceTree = "<group>"; };
		3E12952E20BC9448000B2DF7 /* FoodTrackerUITests.xctest */ = {isa = PBXFileReference; explicitFileType = wrapper.cfbundle; includeInIndex = 0; path = FoodTrackerUITests.xctest; sourceTree = BUILT_PRODUCTS_DIR; };
		3E12953220BC9448000B2DF7 /* FoodTrackerUITests.swift */ = {isa = PBXFileReference; lastKnownFileType = sourcecode.swift; path = FoodTrackerUITests.swift; sourceTree = "<group>"; };
		3E12953420BC9448000B2DF7 /* Info.plist */ = {isa = PBXFileReference; lastKnownFileType = text.plist.xml; path = Info.plist; sourceTree = "<group>"; };
		3E19D8BE20C0C543007DF02A /* RatingControl.swift */ = {isa = PBXFileReference; lastKnownFileType = sourcecode.swift; path = RatingControl.swift; sourceTree = "<group>"; };
		3EF52B8720C0E5A1008BF777 /* emptyStar.png */ = {isa = PBXFileReference; lastKnownFileType = image.png; path = emptyStar.png; sourceTree = "<group>"; };
		3EF52B8820C0E5A1008BF777 /* highlightedStar.png */ = {isa = PBXFileReference; lastKnownFileType = image.png; path = highlightedStar.png; sourceTree = "<group>"; };
		3EF52B8920C0E5A1008BF777 /* filledStar.png */ = {isa = PBXFileReference; lastKnownFileType = image.png; path = filledStar.png; sourceTree = "<group>"; };
		3EF52B8E20C0E5E3008BF777 /* defaultPhoto.png */ = {isa = PBXFileReference; lastKnownFileType = image.png; path = defaultPhoto.png; sourceTree = "<group>"; };
/* End PBXFileReference section */

/* Begin PBXFrameworksBuildPhase section */
		3E12950920BC9447000B2DF7 /* Frameworks */ = {
			isa = PBXFrameworksBuildPhase;
			buildActionMask = 2147483647;
			files = (
			);
			runOnlyForDeploymentPostprocessing = 0;
		};
		3E12952020BC9448000B2DF7 /* Frameworks */ = {
			isa = PBXFrameworksBuildPhase;
			buildActionMask = 2147483647;
			files = (
			);
			runOnlyForDeploymentPostprocessing = 0;
		};
		3E12952B20BC9448000B2DF7 /* Frameworks */ = {
			isa = PBXFrameworksBuildPhase;
			buildActionMask = 2147483647;
			files = (
			);
			runOnlyForDeploymentPostprocessing = 0;
		};
/* End PBXFrameworksBuildPhase section */

/* Begin PBXGroup section */
		3E12950320BC9447000B2DF7 = {
			isa = PBXGroup;
			children = (
				3E12950E20BC9447000B2DF7 /* FoodTracker */,
				3E12952620BC9448000B2DF7 /* FoodTrackerTests */,
				3E12953120BC9448000B2DF7 /* FoodTrackerUITests */,
				3E12950D20BC9447000B2DF7 /* Products */,
			);
			sourceTree = "<group>";
		};
		3E12950D20BC9447000B2DF7 /* Products */ = {
			isa = PBXGroup;
			children = (
				3E12950C20BC9447000B2DF7 /* FoodTracker.app */,
				3E12952320BC9448000B2DF7 /* FoodTrackerTests.xctest */,
				3E12952E20BC9448000B2DF7 /* FoodTrackerUITests.xctest */,
			);
			name = Products;
			sourceTree = "<group>";
		};
		3E12950E20BC9447000B2DF7 /* FoodTracker */ = {
			isa = PBXGroup;
			children = (
				3E12950F20BC9447000B2DF7 /* AppDelegate.swift */,
				3E12951120BC9447000B2DF7 /* ViewController.swift */,
				3E19D8BE20C0C543007DF02A /* RatingControl.swift */,
				3E12951320BC9447000B2DF7 /* Main.storyboard */,
				3E12951920BC9448000B2DF7 /* Assets.xcassets */,
				3EF52B8D20C0E5C4008BF777 /* Images */,
				3E12951B20BC9448000B2DF7 /* LaunchScreen.storyboard */,
				3E12951E20BC9448000B2DF7 /* Info.plist */,
				3E12951620BC9447000B2DF7 /* FoodTracker.xcdatamodeld */,
			);
			path = FoodTracker;
			sourceTree = "<group>";
		};
		3E12952620BC9448000B2DF7 /* FoodTrackerTests */ = {
			isa = PBXGroup;
			children = (
				3E12952720BC9448000B2DF7 /* FoodTrackerTests.swift */,
				3E12952920BC9448000B2DF7 /* Info.plist */,
			);
			path = FoodTrackerTests;
			sourceTree = "<group>";
		};
		3E12953120BC9448000B2DF7 /* FoodTrackerUITests */ = {
			isa = PBXGroup;
			children = (
				3E12953220BC9448000B2DF7 /* FoodTrackerUITests.swift */,
				3E12953420BC9448000B2DF7 /* Info.plist */,
			);
			path = FoodTrackerUITests;
			sourceTree = "<group>";
		};
		3EF52B8D20C0E5C4008BF777 /* Images */ = {
			isa = PBXGroup;
			children = (
				3EF52B8720C0E5A1008BF777 /* emptyStar.png */,
				3EF52B8920C0E5A1008BF777 /* filledStar.png */,
				3EF52B8E20C0E5E3008BF777 /* defaultPhoto.png */,
				3EF52B8820C0E5A1008BF777 /* highlightedStar.png */,
			);
			path = Images;
			sourceTree = "<group>";
		};
/* End PBXGroup section */

/* Begin PBXNativeTarget section */
		3E12950B20BC9447000B2DF7 /* FoodTracker */ = {
			isa = PBXNativeTarget;
			buildConfigurationList = 3E12953720BC9448000B2DF7 /* Build configuration list for PBXNativeTarget "FoodTracker" */;
			buildPhases = (
				3E12950820BC9447000B2DF7 /* Sources */,
				3E12950920BC9447000B2DF7 /* Frameworks */,
				3E12950A20BC9447000B2DF7 /* Resources */,
			);
			buildRules = (
			);
			dependencies = (
			);
			name = FoodTracker;
			productName = FoodTracker;
			productReference = 3E12950C20BC9447000B2DF7 /* FoodTracker.app */;
			productType = "com.apple.product-type.application";
		};
		3E12952220BC9448000B2DF7 /* FoodTrackerTests */ = {
			isa = PBXNativeTarget;
			buildConfigurationList = 3E12953A20BC9448000B2DF7 /* Build configuration list for PBXNativeTarget "FoodTrackerTests" */;
			buildPhases = (
				3E12951F20BC9448000B2DF7 /* Sources */,
				3E12952020BC9448000B2DF7 /* Frameworks */,
				3E12952120BC9448000B2DF7 /* Resources */,
			);
			buildRules = (
			);
			dependencies = (
				3E12952520BC9448000B2DF7 /* PBXTargetDependency */,
			);
			name = FoodTrackerTests;
			productName = FoodTrackerTests;
			productReference = 3E12952320BC9448000B2DF7 /* FoodTrackerTests.xctest */;
			productType = "com.apple.product-type.bundle.unit-test";
		};
		3E12952D20BC9448000B2DF7 /* FoodTrackerUITests */ = {
			isa = PBXNativeTarget;
			buildConfigurationList = 3E12953D20BC9448000B2DF7 /* Build configuration list for PBXNativeTarget "FoodTrackerUITests" */;
			buildPhases = (
				3E12952A20BC9448000B2DF7 /* Sources */,
				3E12952B20BC9448000B2DF7 /* Frameworks */,
				3E12952C20BC9448000B2DF7 /* Resources */,
			);
			buildRules = (
			);
			dependencies = (
				3E12953020BC9448000B2DF7 /* PBXTargetDependency */,
			);
			name = FoodTrackerUITests;
			productName = FoodTrackerUITests;
			productReference = 3E12952E20BC9448000B2DF7 /* FoodTrackerUITests.xctest */;
			productType = "com.apple.product-type.bundle.ui-testing";
		};
/* End PBXNativeTarget section */

/* Begin PBXProject section */
		3E12950420BC9447000B2DF7 /* Project object */ = {
			isa = PBXProject;
			attributes = {
				LastSwiftUpdateCheck = 0930;
				LastUpgradeCheck = 0930;
				ORGANIZATIONNAME = "Owen Henley";
				TargetAttributes = {
					3E12950B20BC9447000B2DF7 = {
						CreatedOnToolsVersion = 9.3.1;
					};
					3E12952220BC9448000B2DF7 = {
						CreatedOnToolsVersion = 9.3.1;
						TestTargetID = 3E12950B20BC9447000B2DF7;
					};
					3E12952D20BC9448000B2DF7 = {
						CreatedOnToolsVersion = 9.3.1;
						TestTargetID = 3E12950B20BC9447000B2DF7;
					};
				};
			};
			buildConfigurationList = 3E12950720BC9447000B2DF7 /* Build configuration list for PBXProject "FoodTracker" */;
			compatibilityVersion = "Xcode 9.3";
			developmentRegion = en;
			hasScannedForEncodings = 0;
			knownRegions = (
				en,
				Base,
			);
			mainGroup = 3E12950320BC9447000B2DF7;
			productRefGroup = 3E12950D20BC9447000B2DF7 /* Products */;
			projectDirPath = "";
			projectRoot = "";
			targets = (
				3E12950B20BC9447000B2DF7 /* FoodTracker */,
				3E12952220BC9448000B2DF7 /* FoodTrackerTests */,
				3E12952D20BC9448000B2DF7 /* FoodTrackerUITests */,
			);
		};
/* End PBXProject section */

/* Begin PBXResourcesBuildPhase section */
		3E12950A20BC9447000B2DF7 /* Resources */ = {
			isa = PBXResourcesBuildPhase;
			buildActionMask = 2147483647;
			files = (
				3EF52B8B20C0E5A1008BF777 /* highlightedStar.png in Resources */,
				3E12951D20BC9448000B2DF7 /* LaunchScreen.storyboard in Resources */,
				3EF52B8A20C0E5A1008BF777 /* emptyStar.png in Resources */,
				3EF52B8C20C0E5A1008BF777 /* filledStar.png in Resources */,
				3EF52B8F20C0E5E3008BF777 /* defaultPhoto.png in Resources */,
				3E12951A20BC9448000B2DF7 /* Assets.xcassets in Resources */,
				3E12951520BC9447000B2DF7 /* Main.storyboard in Resources */,
			);
			runOnlyForDeploymentPostprocessing = 0;
		};
		3E12952120BC9448000B2DF7 /* Resources */ = {
			isa = PBXResourcesBuildPhase;
			buildActionMask = 2147483647;
			files = (
			);
			runOnlyForDeploymentPostprocessing = 0;
		};
		3E12952C20BC9448000B2DF7 /* Resources */ = {
			isa = PBXResourcesBuildPhase;
			buildActionMask = 2147483647;
			files = (
			);
			runOnlyForDeploymentPostprocessing = 0;
		};
/* End PBXResourcesBuildPhase section */

/* Begin PBXSourcesBuildPhase section */
		3E12950820BC9447000B2DF7 /* Sources */ = {
			isa = PBXSourcesBuildPhase;
			buildActionMask = 2147483647;
			files = (
				3E19D8BF20C0C543007DF02A /* RatingControl.swift in Sources */,
				3E12951220BC9447000B2DF7 /* ViewController.swift in Sources */,
				3E12951020BC9447000B2DF7 /* AppDelegate.swift in Sources */,
				3E12951820BC9447000B2DF7 /* FoodTracker.xcdatamodeld in Sources */,
			);
			runOnlyForDeploymentPostprocessing = 0;
		};
		3E12951F20BC9448000B2DF7 /* Sources */ = {
			isa = PBXSourcesBuildPhase;
			buildActionMask = 2147483647;
			files = (
				3E12952820BC9448000B2DF7 /* FoodTrackerTests.swift in Sources */,
			);
			runOnlyForDeploymentPostprocessing = 0;
		};
		3E12952A20BC9448000B2DF7 /* Sources */ = {
			isa = PBXSourcesBuildPhase;
			buildActionMask = 2147483647;
			files = (
				3E12953320BC9448000B2DF7 /* FoodTrackerUITests.swift in Sources */,
			);
			runOnlyForDeploymentPostprocessing = 0;
		};
/* End PBXSourcesBuildPhase section */

/* Begin PBXTargetDependency section */
		3E12952520BC9448000B2DF7 /* PBXTargetDependency */ = {
			isa = PBXTargetDependency;
			target = 3E12950B20BC9447000B2DF7 /* FoodTracker */;
			targetProxy = 3E12952420BC9448000B2DF7 /* PBXContainerItemProxy */;
		};
		3E12953020BC9448000B2DF7 /* PBXTargetDependency */ = {
			isa = PBXTargetDependency;
			target = 3E12950B20BC9447000B2DF7 /* FoodTracker */;
			targetProxy = 3E12952F20BC9448000B2DF7 /* PBXContainerItemProxy */;
		};
/* End PBXTargetDependency section */

/* Begin PBXVariantGroup section */
		3E12951320BC9447000B2DF7 /* Main.storyboard */ = {
			isa = PBXVariantGroup;
			children = (
				3E12951420BC9447000B2DF7 /* Base */,
			);
			name = Main.storyboard;
			sourceTree = "<group>";
		};
		3E12951B20BC9448000B2DF7 /* LaunchScreen.storyboard */ = {
			isa = PBXVariantGroup;
			children = (
				3E12951C20BC9448000B2DF7 /* Base */,
			);
			name = LaunchScreen.storyboard;
			sourceTree = "<group>";
		};
/* End PBXVariantGroup section */

/* Begin XCBuildConfiguration section */
		3E12953520BC9448000B2DF7 /* Debug */ = {
			isa = XCBuildConfiguration;
			buildSettings = {
				ALWAYS_SEARCH_USER_PATHS = NO;
				CLANG_ANALYZER_NONNULL = YES;
				CLANG_ANALYZER_NUMBER_OBJECT_CONVERSION = YES_AGGRESSIVE;
				CLANG_CXX_LANGUAGE_STANDARD = "gnu++14";
				CLANG_CXX_LIBRARY = "libc++";
				CLANG_ENABLE_MODULES = YES;
				CLANG_ENABLE_OBJC_ARC = YES;
				CLANG_ENABLE_OBJC_WEAK = YES;
				CLANG_WARN_BLOCK_CAPTURE_AUTORELEASING = YES;
				CLANG_WARN_BOOL_CONVERSION = YES;
				CLANG_WARN_COMMA = YES;
				CLANG_WARN_CONSTANT_CONVERSION = YES;
				CLANG_WARN_DEPRECATED_OBJC_IMPLEMENTATIONS = YES;
				CLANG_WARN_DIRECT_OBJC_ISA_USAGE = YES_ERROR;
				CLANG_WARN_DOCUMENTATION_COMMENTS = YES;
				CLANG_WARN_EMPTY_BODY = YES;
				CLANG_WARN_ENUM_CONVERSION = YES;
				CLANG_WARN_INFINITE_RECURSION = YES;
				CLANG_WARN_INT_CONVERSION = YES;
				CLANG_WARN_NON_LITERAL_NULL_CONVERSION = YES;
				CLANG_WARN_OBJC_IMPLICIT_RETAIN_SELF = YES;
				CLANG_WARN_OBJC_LITERAL_CONVERSION = YES;
				CLANG_WARN_OBJC_ROOT_CLASS = YES_ERROR;
				CLANG_WARN_RANGE_LOOP_ANALYSIS = YES;
				CLANG_WARN_STRICT_PROTOTYPES = YES;
				CLANG_WARN_SUSPICIOUS_MOVE = YES;
				CLANG_WARN_UNGUARDED_AVAILABILITY = YES_AGGRESSIVE;
				CLANG_WARN_UNREACHABLE_CODE = YES;
				CLANG_WARN__DUPLICATE_METHOD_MATCH = YES;
				CODE_SIGN_IDENTITY = "iPhone Developer";
				COPY_PHASE_STRIP = NO;
				DEBUG_INFORMATION_FORMAT = dwarf;
				ENABLE_STRICT_OBJC_MSGSEND = YES;
				ENABLE_TESTABILITY = YES;
				GCC_C_LANGUAGE_STANDARD = gnu11;
				GCC_DYNAMIC_NO_PIC = NO;
				GCC_NO_COMMON_BLOCKS = YES;
				GCC_OPTIMIZATION_LEVEL = 0;
				GCC_PREPROCESSOR_DEFINITIONS = (
					"DEBUG=1",
					"$(inherited)",
				);
				GCC_WARN_64_TO_32_BIT_CONVERSION = YES;
				GCC_WARN_ABOUT_RETURN_TYPE = YES_ERROR;
				GCC_WARN_UNDECLARED_SELECTOR = YES;
				GCC_WARN_UNINITIALIZED_AUTOS = YES_AGGRESSIVE;
				GCC_WARN_UNUSED_FUNCTION = YES;
				GCC_WARN_UNUSED_VARIABLE = YES;
				IPHONEOS_DEPLOYMENT_TARGET = 11.3;
				MTL_ENABLE_DEBUG_INFO = YES;
				ONLY_ACTIVE_ARCH = YES;
				SDKROOT = iphoneos;
				SWIFT_ACTIVE_COMPILATION_CONDITIONS = DEBUG;
				SWIFT_OPTIMIZATION_LEVEL = "-Onone";
			};
			name = Debug;
		};
		3E12953620BC9448000B2DF7 /* Release */ = {
			isa = XCBuildConfiguration;
			buildSettings = {
				ALWAYS_SEARCH_USER_PATHS = NO;
				CLANG_ANALYZER_NONNULL = YES;
				CLANG_ANALYZER_NUMBER_OBJECT_CONVERSION = YES_AGGRESSIVE;
				CLANG_CXX_LANGUAGE_STANDARD = "gnu++14";
				CLANG_CXX_LIBRARY = "libc++";
				CLANG_ENABLE_MODULES = YES;
				CLANG_ENABLE_OBJC_ARC = YES;
				CLANG_ENABLE_OBJC_WEAK = YES;
				CLANG_WARN_BLOCK_CAPTURE_AUTORELEASING = YES;
				CLANG_WARN_BOOL_CONVERSION = YES;
				CLANG_WARN_COMMA = YES;
				CLANG_WARN_CONSTANT_CONVERSION = YES;
				CLANG_WARN_DEPRECATED_OBJC_IMPLEMENTATIONS = YES;
				CLANG_WARN_DIRECT_OBJC_ISA_USAGE = YES_ERROR;
				CLANG_WARN_DOCUMENTATION_COMMENTS = YES;
				CLANG_WARN_EMPTY_BODY = YES;
				CLANG_WARN_ENUM_CONVERSION = YES;
				CLANG_WARN_INFINITE_RECURSION = YES;
				CLANG_WARN_INT_CONVERSION = YES;
				CLANG_WARN_NON_LITERAL_NULL_CONVERSION = YES;
				CLANG_WARN_OBJC_IMPLICIT_RETAIN_SELF = YES;
				CLANG_WARN_OBJC_LITERAL_CONVERSION = YES;
				CLANG_WARN_OBJC_ROOT_CLASS = YES_ERROR;
				CLANG_WARN_RANGE_LOOP_ANALYSIS = YES;
				CLANG_WARN_STRICT_PROTOTYPES = YES;
				CLANG_WARN_SUSPICIOUS_MOVE = YES;
				CLANG_WARN_UNGUARDED_AVAILABILITY = YES_AGGRESSIVE;
				CLANG_WARN_UNREACHABLE_CODE = YES;
				CLANG_WARN__DUPLICATE_METHOD_MATCH = YES;
				CODE_SIGN_IDENTITY = "iPhone Developer";
				COPY_PHASE_STRIP = NO;
				DEBUG_INFORMATION_FORMAT = "dwarf-with-dsym";
				ENABLE_NS_ASSERTIONS = NO;
				ENABLE_STRICT_OBJC_MSGSEND = YES;
				GCC_C_LANGUAGE_STANDARD = gnu11;
				GCC_NO_COMMON_BLOCKS = YES;
				GCC_WARN_64_TO_32_BIT_CONVERSION = YES;
				GCC_WARN_ABOUT_RETURN_TYPE = YES_ERROR;
				GCC_WARN_UNDECLARED_SELECTOR = YES;
				GCC_WARN_UNINITIALIZED_AUTOS = YES_AGGRESSIVE;
				GCC_WARN_UNUSED_FUNCTION = YES;
				GCC_WARN_UNUSED_VARIABLE = YES;
				IPHONEOS_DEPLOYMENT_TARGET = 11.3;
				MTL_ENABLE_DEBUG_INFO = NO;
				SDKROOT = iphoneos;
				SWIFT_COMPILATION_MODE = wholemodule;
				SWIFT_OPTIMIZATION_LEVEL = "-O";
				VALIDATE_PRODUCT = YES;
			};
			name = Release;
		};
		3E12953820BC9448000B2DF7 /* Debug */ = {
			isa = XCBuildConfiguration;
			buildSettings = {
				ASSETCATALOG_COMPILER_APPICON_NAME = AppIcon;
				CODE_SIGN_STYLE = Automatic;
				DEVELOPMENT_TEAM = "";
				INFOPLIST_FILE = FoodTracker/Info.plist;
				LD_RUNPATH_SEARCH_PATHS = (
					"$(inherited)",
					"@executable_path/Frameworks",
				);
				PRODUCT_BUNDLE_IDENTIFIER = com.owenhenley.FoodTracker;
				PRODUCT_NAME = "$(TARGET_NAME)";
				SWIFT_VERSION = 4.0;
				TARGETED_DEVICE_FAMILY = "1,2";
			};
			name = Debug;
		};
		3E12953920BC9448000B2DF7 /* Release */ = {
			isa = XCBuildConfiguration;
			buildSettings = {
				ASSETCATALOG_COMPILER_APPICON_NAME = AppIcon;
				CODE_SIGN_STYLE = Automatic;
				DEVELOPMENT_TEAM = "";
				INFOPLIST_FILE = FoodTracker/Info.plist;
				LD_RUNPATH_SEARCH_PATHS = (
					"$(inherited)",
					"@executable_path/Frameworks",
				);
				PRODUCT_BUNDLE_IDENTIFIER = com.owenhenley.FoodTracker;
				PRODUCT_NAME = "$(TARGET_NAME)";
				SWIFT_VERSION = 4.0;
				TARGETED_DEVICE_FAMILY = "1,2";
			};
			name = Release;
		};
		3E12953B20BC9448000B2DF7 /* Debug */ = {
			isa = XCBuildConfiguration;
			buildSettings = {
				ALWAYS_EMBED_SWIFT_STANDARD_LIBRARIES = YES;
				BUNDLE_LOADER = "$(TEST_HOST)";
				CODE_SIGN_STYLE = Automatic;
				DEVELOPMENT_TEAM = CYZA2EE6W8;
				INFOPLIST_FILE = FoodTrackerTests/Info.plist;
				LD_RUNPATH_SEARCH_PATHS = (
					"$(inherited)",
					"@executable_path/Frameworks",
					"@loader_path/Frameworks",
				);
				PRODUCT_BUNDLE_IDENTIFIER = com.owenhenley.FoodTrackerTests;
				PRODUCT_NAME = "$(TARGET_NAME)";
				SWIFT_VERSION = 4.0;
				TARGETED_DEVICE_FAMILY = "1,2";
				TEST_HOST = "$(BUILT_PRODUCTS_DIR)/FoodTracker.app/FoodTracker";
			};
			name = Debug;
		};
		3E12953C20BC9448000B2DF7 /* Release */ = {
			isa = XCBuildConfiguration;
			buildSettings = {
				ALWAYS_EMBED_SWIFT_STANDARD_LIBRARIES = YES;
				BUNDLE_LOADER = "$(TEST_HOST)";
				CODE_SIGN_STYLE = Automatic;
				DEVELOPMENT_TEAM = CYZA2EE6W8;
				INFOPLIST_FILE = FoodTrackerTests/Info.plist;
				LD_RUNPATH_SEARCH_PATHS = (
					"$(inherited)",
					"@executable_path/Frameworks",
					"@loader_path/Frameworks",
				);
				PRODUCT_BUNDLE_IDENTIFIER = com.owenhenley.FoodTrackerTests;
				PRODUCT_NAME = "$(TARGET_NAME)";
				SWIFT_VERSION = 4.0;
				TARGETED_DEVICE_FAMILY = "1,2";
				TEST_HOST = "$(BUILT_PRODUCTS_DIR)/FoodTracker.app/FoodTracker";
			};
			name = Release;
		};
		3E12953E20BC9448000B2DF7 /* Debug */ = {
			isa = XCBuildConfiguration;
			buildSettings = {
				ALWAYS_EMBED_SWIFT_STANDARD_LIBRARIES = YES;
				CODE_SIGN_STYLE = Automatic;
				DEVELOPMENT_TEAM = CYZA2EE6W8;
				INFOPLIST_FILE = FoodTrackerUITests/Info.plist;
				LD_RUNPATH_SEARCH_PATHS = (
					"$(inherited)",
					"@executable_path/Frameworks",
					"@loader_path/Frameworks",
				);
				PRODUCT_BUNDLE_IDENTIFIER = com.owenhenley.FoodTrackerUITests;
				PRODUCT_NAME = "$(TARGET_NAME)";
				SWIFT_VERSION = 4.0;
				TARGETED_DEVICE_FAMILY = "1,2";
				TEST_TARGET_NAME = FoodTracker;
			};
			name = Debug;
		};
		3E12953F20BC9448000B2DF7 /* Release */ = {
			isa = XCBuildConfiguration;
			buildSettings = {
				ALWAYS_EMBED_SWIFT_STANDARD_LIBRARIES = YES;
				CODE_SIGN_STYLE = Automatic;
				DEVELOPMENT_TEAM = CYZA2EE6W8;
				INFOPLIST_FILE = FoodTrackerUITests/Info.plist;
				LD_RUNPATH_SEARCH_PATHS = (
					"$(inherited)",
					"@executable_path/Frameworks",
					"@loader_path/Frameworks",
				);
				PRODUCT_BUNDLE_IDENTIFIER = com.owenhenley.FoodTrackerUITests;
				PRODUCT_NAME = "$(TARGET_NAME)";
				SWIFT_VERSION = 4.0;
				TARGETED_DEVICE_FAMILY = "1,2";
				TEST_TARGET_NAME = FoodTracker;
			};
			name = Release;
		};
/* End XCBuildConfiguration section */

/* Begin XCConfigurationList section */
		3E12950720BC9447000B2DF7 /* Build configuration list for PBXProject "FoodTracker" */ = {
			isa = XCConfigurationList;
			buildConfigurations = (
				3E12953520BC9448000B2DF7 /* Debug */,
				3E12953620BC9448000B2DF7 /* Release */,
			);
			defaultConfigurationIsVisible = 0;
			defaultConfigurationName = Release;
		};
		3E12953720BC9448000B2DF7 /* Build configuration list for PBXNativeTarget "FoodTracker" */ = {
			isa = XCConfigurationList;
			buildConfigurations = (
				3E12953820BC9448000B2DF7 /* Debug */,
				3E12953920BC9448000B2DF7 /* Release */,
			);
			defaultConfigurationIsVisible = 0;
			defaultConfigurationName = Release;
		};
		3E12953A20BC9448000B2DF7 /* Build configuration list for PBXNativeTarget "FoodTrackerTests" */ = {
			isa = XCConfigurationList;
			buildConfigurations = (
				3E12953B20BC9448000B2DF7 /* Debug */,
				3E12953C20BC9448000B2DF7 /* Release */,
			);
			defaultConfigurationIsVisible = 0;
			defaultConfigurationName = Release;
		};
		3E12953D20BC9448000B2DF7 /* Build configuration list for PBXNativeTarget "FoodTrackerUITests" */ = {
			isa = XCConfigurationList;
			buildConfigurations = (
				3E12953E20BC9448000B2DF7 /* Debug */,
				3E12953F20BC9448000B2DF7 /* Release */,
			);
			defaultConfigurationIsVisible = 0;
			defaultConfigurationName = Release;
		};
/* End XCConfigurationList section */

/* Begin XCVersionGroup section */
		3E12951620BC9447000B2DF7 /* FoodTracker.xcdatamodeld */ = {
			isa = XCVersionGroup;
			children = (
				3E12951720BC9447000B2DF7 /* FoodTracker.xcdatamodel */,
			);
			currentVersion = 3E12951720BC9447000B2DF7 /* FoodTracker.xcdatamodel */;
			path = FoodTracker.xcdatamodeld;
			sourceTree = "<group>";
			versionGroupType = wrapper.xcdatamodel;
		};
/* End XCVersionGroup section */
	};
	rootObject = 3E12950420BC9447000B2DF7 /* Project object */;
}
