// !$*UTF8*$!
{
	archiveVersion = 1;
	classes = {
	};
	objectVersion = 50;
	objects = {

/* Begin PBXBuildFile section */
		3E9F3DA220B4CFA0008500CE /* AppDelegate.swift in Sources */ = {isa = PBXBuildFile; fileRef = 3E9F3DA120B4CFA0008500CE /* AppDelegate.swift */; };
		3E9F3DA420B4CFA0008500CE /* ViewController.swift in Sources */ = {isa = PBXBuildFile; fileRef = 3E9F3DA320B4CFA0008500CE /* ViewController.swift */; };
		3E9F3DA720B4CFA0008500CE /* Main.storyboard in Resources */ = {isa = PBXBuildFile; fileRef = 3E9F3DA520B4CFA0008500CE /* Main.storyboard */; };
		3E9F3DA920B4CFA2008500CE /* Assets.xcassets in Resources */ = {isa = PBXBuildFile; fileRef = 3E9F3DA820B4CFA2008500CE /* Assets.xcassets */; };
		3E9F3DAC20B4CFA2008500CE /* LaunchScreen.storyboard in Resources */ = {isa = PBXBuildFile; fileRef = 3E9F3DAA20B4CFA2008500CE /* LaunchScreen.storyboard */; };
		3E9F3DDD20B50F1D008500CE /* DetailViewController.swift in Sources */ = {isa = PBXBuildFile; fileRef = 3E9F3DDC20B50F1D008500CE /* DetailViewController.swift */; };
		3E9F3E0520B52A9E008500CE /* mtn-kimon-maritz-179718-unsplash.jpg in Resources */ = {isa = PBXBuildFile; fileRef = 3E9F3DF220B52A8C008500CE /* mtn-kimon-maritz-179718-unsplash.jpg */; };
		3E9F3E0620B52A9E008500CE /* mtn-dino-reichmuth-53350-unsplash.jpg in Resources */ = {isa = PBXBuildFile; fileRef = 3E9F3DF320B52A8C008500CE /* mtn-dino-reichmuth-53350-unsplash.jpg */; };
		3E9F3E0720B52A9E008500CE /* mtn-dino-reichmuth-118038-unsplash.jpg in Resources */ = {isa = PBXBuildFile; fileRef = 3E9F3DF420B52A8D008500CE /* mtn-dino-reichmuth-118038-unsplash.jpg */; };
		3E9F3E0820B52A9E008500CE /* mtn-eberhard-grossgasteiger-421042-unsplash.jpg in Resources */ = {isa = PBXBuildFile; fileRef = 3E9F3DF520B52A8E008500CE /* mtn-eberhard-grossgasteiger-421042-unsplash.jpg */; };
		3E9F3E0920B52A9E008500CE /* mtn-luca-bravo-224565-unsplash.jpg in Resources */ = {isa = PBXBuildFile; fileRef = 3E9F3DF620B52A8F008500CE /* mtn-luca-bravo-224565-unsplash.jpg */; };
		3E9F3E0A20B52A9E008500CE /* mtn-samsommer-72299-unsplash.jpg in Resources */ = {isa = PBXBuildFile; fileRef = 3E9F3DF720B52A8F008500CE /* mtn-samsommer-72299-unsplash.jpg */; };
		3E9F3E0B20B52A9E008500CE /* mtn-caleb-lucas-538167-unsplash.jpg in Resources */ = {isa = PBXBuildFile; fileRef = 3E9F3DF820B52A91008500CE /* mtn-caleb-lucas-538167-unsplash.jpg */; };
		3E9F3E0C20B52A9E008500CE /* mtn-nathan-dumlao-573082-unsplash.jpg in Resources */ = {isa = PBXBuildFile; fileRef = 3E9F3DF920B52A92008500CE /* mtn-nathan-dumlao-573082-unsplash.jpg */; };
		3E9F3E0D20B52A9E008500CE /* mtn-jordan-steranka-527412-unsplash.jpg in Resources */ = {isa = PBXBuildFile; fileRef = 3E9F3DFA20B52A93008500CE /* mtn-jordan-steranka-527412-unsplash.jpg */; };
		3E9F3E0E20B52A9E008500CE /* mtn-clarisse-meyer-265651-unsplash.jpg in Resources */ = {isa = PBXBuildFile; fileRef = 3E9F3DFB20B52A94008500CE /* mtn-clarisse-meyer-265651-unsplash.jpg */; };
		3E9F3E0F20B52A9E008500CE /* mtn-stefan-stefancik-105587-unsplash.jpg in Resources */ = {isa = PBXBuildFile; fileRef = 3E9F3DFC20B52A95008500CE /* mtn-stefan-stefancik-105587-unsplash.jpg */; };
		3E9F3E1020B52A9E008500CE /* mtn-kyle-johnson-383916-unsplash.jpg in Resources */ = {isa = PBXBuildFile; fileRef = 3E9F3DFD20B52A96008500CE /* mtn-kyle-johnson-383916-unsplash.jpg */; };
		3E9F3E1120B52A9E008500CE /* mtn-breanna-galley-64625-unsplash.jpg in Resources */ = {isa = PBXBuildFile; fileRef = 3E9F3DFE20B52A97008500CE /* mtn-breanna-galley-64625-unsplash.jpg */; };
		3E9F3E1220B52A9E008500CE /* mtn-jackman-chiu-395254-unsplash.jpg in Resources */ = {isa = PBXBuildFile; fileRef = 3E9F3DFF20B52A98008500CE /* mtn-jackman-chiu-395254-unsplash.jpg */; };
		3E9F3E1320B52A9E008500CE /* mtn-eberhard-grossgasteiger-424816-unsplash.jpg in Resources */ = {isa = PBXBuildFile; fileRef = 3E9F3E0020B52A99008500CE /* mtn-eberhard-grossgasteiger-424816-unsplash.jpg */; };
		3E9F3E1420B52A9E008500CE /* mtn-eberhard-grossgasteiger-408093-unsplash.jpg in Resources */ = {isa = PBXBuildFile; fileRef = 3E9F3E0120B52A9B008500CE /* mtn-eberhard-grossgasteiger-408093-unsplash.jpg */; };
		3E9F3E1520B52A9E008500CE /* mtn-eberhard-grossgasteiger-421475-unsplash.jpg in Resources */ = {isa = PBXBuildFile; fileRef = 3E9F3E0220B52A9C008500CE /* mtn-eberhard-grossgasteiger-421475-unsplash.jpg */; };
		3E9F3E1620B52A9E008500CE /* mtn-karl-magnuson-396823-unsplash.jpg in Resources */ = {isa = PBXBuildFile; fileRef = 3E9F3E0320B52A9D008500CE /* mtn-karl-magnuson-396823-unsplash.jpg */; };
		3E9F3E1720B52A9E008500CE /* mtn-idan-arad-236794-unsplash.jpg in Resources */ = {isa = PBXBuildFile; fileRef = 3E9F3E0420B52A9E008500CE /* mtn-idan-arad-236794-unsplash.jpg */; };
/* End PBXBuildFile section */

/* Begin PBXFileReference section */
		3E9F3D9E20B4CFA0008500CE /* StormViewer.app */ = {isa = PBXFileReference; explicitFileType = wrapper.application; includeInIndex = 0; path = StormViewer.app; sourceTree = BUILT_PRODUCTS_DIR; };
		3E9F3DA120B4CFA0008500CE /* AppDelegate.swift */ = {isa = PBXFileReference; lastKnownFileType = sourcecode.swift; path = AppDelegate.swift; sourceTree = "<group>"; };
		3E9F3DA320B4CFA0008500CE /* ViewController.swift */ = {isa = PBXFileReference; lastKnownFileType = sourcecode.swift; path = ViewController.swift; sourceTree = "<group>"; };
		3E9F3DA620B4CFA0008500CE /* Base */ = {isa = PBXFileReference; lastKnownFileType = file.storyboard; name = Base; path = Base.lproj/Main.storyboard; sourceTree = "<group>"; };
		3E9F3DA820B4CFA2008500CE /* Assets.xcassets */ = {isa = PBXFileReference; lastKnownFileType = folder.assetcatalog; path = Assets.xcassets; sourceTree = "<group>"; };
		3E9F3DAB20B4CFA2008500CE /* Base */ = {isa = PBXFileReference; lastKnownFileType = file.storyboard; name = Base; path = Base.lproj/LaunchScreen.storyboard; sourceTree = "<group>"; };
		3E9F3DAD20B4CFA2008500CE /* Info.plist */ = {isa = PBXFileReference; lastKnownFileType = text.plist.xml; path = Info.plist; sourceTree = "<group>"; };
		3E9F3DDC20B50F1D008500CE /* DetailViewController.swift */ = {isa = PBXFileReference; lastKnownFileType = sourcecode.swift; path = DetailViewController.swift; sourceTree = "<group>"; };
		3E9F3DF220B52A8C008500CE /* mtn-kimon-maritz-179718-unsplash.jpg */ = {isa = PBXFileReference; lastKnownFileType = image.jpeg; path = "mtn-kimon-maritz-179718-unsplash.jpg"; sourceTree = "<group>"; };
		3E9F3DF320B52A8C008500CE /* mtn-dino-reichmuth-53350-unsplash.jpg */ = {isa = PBXFileReference; lastKnownFileType = image.jpeg; path = "mtn-dino-reichmuth-53350-unsplash.jpg"; sourceTree = "<group>"; };
		3E9F3DF420B52A8D008500CE /* mtn-dino-reichmuth-118038-unsplash.jpg */ = {isa = PBXFileReference; lastKnownFileType = image.jpeg; path = "mtn-dino-reichmuth-118038-unsplash.jpg"; sourceTree = "<group>"; };
		3E9F3DF520B52A8E008500CE /* mtn-eberhard-grossgasteiger-421042-unsplash.jpg */ = {isa = PBXFileReference; lastKnownFileType = image.jpeg; path = "mtn-eberhard-grossgasteiger-421042-unsplash.jpg"; sourceTree = "<group>"; };
		3E9F3DF620B52A8F008500CE /* mtn-luca-bravo-224565-unsplash.jpg */ = {isa = PBXFileReference; lastKnownFileType = image.jpeg; path = "mtn-luca-bravo-224565-unsplash.jpg"; sourceTree = "<group>"; };
		3E9F3DF720B52A8F008500CE /* mtn-samsommer-72299-unsplash.jpg */ = {isa = PBXFileReference; lastKnownFileType = image.jpeg; path = "mtn-samsommer-72299-unsplash.jpg"; sourceTree = "<group>"; };
		3E9F3DF820B52A91008500CE /* mtn-caleb-lucas-538167-unsplash.jpg */ = {isa = PBXFileReference; lastKnownFileType = image.jpeg; path = "mtn-caleb-lucas-538167-unsplash.jpg"; sourceTree = "<group>"; };
		3E9F3DF920B52A92008500CE /* mtn-nathan-dumlao-573082-unsplash.jpg */ = {isa = PBXFileReference; lastKnownFileType = image.jpeg; path = "mtn-nathan-dumlao-573082-unsplash.jpg"; sourceTree = "<group>"; };
		3E9F3DFA20B52A93008500CE /* mtn-jordan-steranka-527412-unsplash.jpg */ = {isa = PBXFileReference; lastKnownFileType = image.jpeg; path = "mtn-jordan-steranka-527412-unsplash.jpg"; sourceTree = "<group>"; };
		3E9F3DFB20B52A94008500CE /* mtn-clarisse-meyer-265651-unsplash.jpg */ = {isa = PBXFileReference; lastKnownFileType = image.jpeg; path = "mtn-clarisse-meyer-265651-unsplash.jpg"; sourceTree = "<group>"; };
		3E9F3DFC20B52A95008500CE /* mtn-stefan-stefancik-105587-unsplash.jpg */ = {isa = PBXFileReference; lastKnownFileType = image.jpeg; path = "mtn-stefan-stefancik-105587-unsplash.jpg"; sourceTree = "<group>"; };
		3E9F3DFD20B52A96008500CE /* mtn-kyle-johnson-383916-unsplash.jpg */ = {isa = PBXFileReference; lastKnownFileType = image.jpeg; path = "mtn-kyle-johnson-383916-unsplash.jpg"; sourceTree = "<group>"; };
		3E9F3DFE20B52A97008500CE /* mtn-breanna-galley-64625-unsplash.jpg */ = {isa = PBXFileReference; lastKnownFileType = image.jpeg; path = "mtn-breanna-galley-64625-unsplash.jpg"; sourceTree = "<group>"; };
		3E9F3DFF20B52A98008500CE /* mtn-jackman-chiu-395254-unsplash.jpg */ = {isa = PBXFileReference; lastKnownFileType = image.jpeg; path = "mtn-jackman-chiu-395254-unsplash.jpg"; sourceTree = "<group>"; };
		3E9F3E0020B52A99008500CE /* mtn-eberhard-grossgasteiger-424816-unsplash.jpg */ = {isa = PBXFileReference; lastKnownFileType = image.jpeg; path = "mtn-eberhard-grossgasteiger-424816-unsplash.jpg"; sourceTree = "<group>"; };
		3E9F3E0120B52A9B008500CE /* mtn-eberhard-grossgasteiger-408093-unsplash.jpg */ = {isa = PBXFileReference; lastKnownFileType = image.jpeg; path = "mtn-eberhard-grossgasteiger-408093-unsplash.jpg"; sourceTree = "<group>"; };
		3E9F3E0220B52A9C008500CE /* mtn-eberhard-grossgasteiger-421475-unsplash.jpg */ = {isa = PBXFileReference; lastKnownFileType = image.jpeg; path = "mtn-eberhard-grossgasteiger-421475-unsplash.jpg"; sourceTree = "<group>"; };
		3E9F3E0320B52A9D008500CE /* mtn-karl-magnuson-396823-unsplash.jpg */ = {isa = PBXFileReference; lastKnownFileType = image.jpeg; path = "mtn-karl-magnuson-396823-unsplash.jpg"; sourceTree = "<group>"; };
		3E9F3E0420B52A9E008500CE /* mtn-idan-arad-236794-unsplash.jpg */ = {isa = PBXFileReference; lastKnownFileType = image.jpeg; path = "mtn-idan-arad-236794-unsplash.jpg"; sourceTree = "<group>"; };
/* End PBXFileReference section */

/* Begin PBXFrameworksBuildPhase section */
		3E9F3D9B20B4CFA0008500CE /* Frameworks */ = {
			isa = PBXFrameworksBuildPhase;
			buildActionMask = 2147483647;
			files = (
			);
			runOnlyForDeploymentPostprocessing = 0;
		};
/* End PBXFrameworksBuildPhase section */

/* Begin PBXGroup section */
		3E9F3D9520B4CFA0008500CE = {
			isa = PBXGroup;
			children = (
				3E9F3DA020B4CFA0008500CE /* StormViewer */,
				3E9F3D9F20B4CFA0008500CE /* Products */,
			);
			sourceTree = "<group>";
		};
		3E9F3D9F20B4CFA0008500CE /* Products */ = {
			isa = PBXGroup;
			children = (
				3E9F3D9E20B4CFA0008500CE /* StormViewer.app */,
			);
			name = Products;
			sourceTree = "<group>";
		};
		3E9F3DA020B4CFA0008500CE /* StormViewer */ = {
			isa = PBXGroup;
			children = (
				3E9F3DA120B4CFA0008500CE /* AppDelegate.swift */,
				3E9F3DA320B4CFA0008500CE /* ViewController.swift */,
				3E9F3DDC20B50F1D008500CE /* DetailViewController.swift */,
				3E9F3DA520B4CFA0008500CE /* Main.storyboard */,
				3E9F3DAA20B4CFA2008500CE /* LaunchScreen.storyboard */,
				3E9F3DA820B4CFA2008500CE /* Assets.xcassets */,
				3E9F3DC720B4F581008500CE /* Content */,
				3E9F3DAD20B4CFA2008500CE /* Info.plist */,
			);
			path = StormViewer;
			sourceTree = "<group>";
		};
		3E9F3DC720B4F581008500CE /* Content */ = {
			isa = PBXGroup;
			children = (
				3E9F3DFE20B52A97008500CE /* mtn-breanna-galley-64625-unsplash.jpg */,
				3E9F3DF820B52A91008500CE /* mtn-caleb-lucas-538167-unsplash.jpg */,
				3E9F3DFB20B52A94008500CE /* mtn-clarisse-meyer-265651-unsplash.jpg */,
				3E9F3DF320B52A8C008500CE /* mtn-dino-reichmuth-53350-unsplash.jpg */,
				3E9F3DF420B52A8D008500CE /* mtn-dino-reichmuth-118038-unsplash.jpg */,
				3E9F3E0120B52A9B008500CE /* mtn-eberhard-grossgasteiger-408093-unsplash.jpg */,
				3E9F3DF520B52A8E008500CE /* mtn-eberhard-grossgasteiger-421042-unsplash.jpg */,
				3E9F3E0220B52A9C008500CE /* mtn-eberhard-grossgasteiger-421475-unsplash.jpg */,
				3E9F3E0020B52A99008500CE /* mtn-eberhard-grossgasteiger-424816-unsplash.jpg */,
				3E9F3E0420B52A9E008500CE /* mtn-idan-arad-236794-unsplash.jpg */,
				3E9F3DFF20B52A98008500CE /* mtn-jackman-chiu-395254-unsplash.jpg */,
				3E9F3DFA20B52A93008500CE /* mtn-jordan-steranka-527412-unsplash.jpg */,
				3E9F3E0320B52A9D008500CE /* mtn-karl-magnuson-396823-unsplash.jpg */,
				3E9F3DF220B52A8C008500CE /* mtn-kimon-maritz-179718-unsplash.jpg */,
				3E9F3DFD20B52A96008500CE /* mtn-kyle-johnson-383916-unsplash.jpg */,
				3E9F3DF620B52A8F008500CE /* mtn-luca-bravo-224565-unsplash.jpg */,
				3E9F3DF920B52A92008500CE /* mtn-nathan-dumlao-573082-unsplash.jpg */,
				3E9F3DF720B52A8F008500CE /* mtn-samsommer-72299-unsplash.jpg */,
				3E9F3DFC20B52A95008500CE /* mtn-stefan-stefancik-105587-unsplash.jpg */,
			);
			path = Content;
			sourceTree = "<group>";
		};
/* End PBXGroup section */

/* Begin PBXNativeTarget section */
		3E9F3D9D20B4CFA0008500CE /* StormViewer */ = {
			isa = PBXNativeTarget;
			buildConfigurationList = 3E9F3DB020B4CFA2008500CE /* Build configuration list for PBXNativeTarget "StormViewer" */;
			buildPhases = (
				3E9F3D9A20B4CFA0008500CE /* Sources */,
				3E9F3D9B20B4CFA0008500CE /* Frameworks */,
				3E9F3D9C20B4CFA0008500CE /* Resources */,
			);
			buildRules = (
			);
			dependencies = (
			);
			name = StormViewer;
			productName = StormViewer;
			productReference = 3E9F3D9E20B4CFA0008500CE /* StormViewer.app */;
			productType = "com.apple.product-type.application";
		};
/* End PBXNativeTarget section */

/* Begin PBXProject section */
		3E9F3D9620B4CFA0008500CE /* Project object */ = {
			isa = PBXProject;
			attributes = {
				LastSwiftUpdateCheck = 0930;
				LastUpgradeCheck = 0930;
				ORGANIZATIONNAME = "Owen Henley";
				TargetAttributes = {
					3E9F3D9D20B4CFA0008500CE = {
						CreatedOnToolsVersion = 9.3.1;
					};
				};
			};
			buildConfigurationList = 3E9F3D9920B4CFA0008500CE /* Build configuration list for PBXProject "StormViewer" */;
			compatibilityVersion = "Xcode 9.3";
			developmentRegion = en;
			hasScannedForEncodings = 0;
			knownRegions = (
				en,
				Base,
			);
			mainGroup = 3E9F3D9520B4CFA0008500CE;
			productRefGroup = 3E9F3D9F20B4CFA0008500CE /* Products */;
			projectDirPath = "";
			projectRoot = "";
			targets = (
				3E9F3D9D20B4CFA0008500CE /* StormViewer */,
			);
		};
/* End PBXProject section */

/* Begin PBXResourcesBuildPhase section */
		3E9F3D9C20B4CFA0008500CE /* Resources */ = {
			isa = PBXResourcesBuildPhase;
			buildActionMask = 2147483647;
			files = (
				3E9F3E0720B52A9E008500CE /* mtn-dino-reichmuth-118038-unsplash.jpg in Resources */,
				3E9F3E1120B52A9E008500CE /* mtn-breanna-galley-64625-unsplash.jpg in Resources */,
				3E9F3E1420B52A9E008500CE /* mtn-eberhard-grossgasteiger-408093-unsplash.jpg in Resources */,
				3E9F3E0820B52A9E008500CE /* mtn-eberhard-grossgasteiger-421042-unsplash.jpg in Resources */,
				3E9F3DAC20B4CFA2008500CE /* LaunchScreen.storyboard in Resources */,
				3E9F3E0D20B52A9E008500CE /* mtn-jordan-steranka-527412-unsplash.jpg in Resources */,
				3E9F3E0620B52A9E008500CE /* mtn-dino-reichmuth-53350-unsplash.jpg in Resources */,
				3E9F3E0A20B52A9E008500CE /* mtn-samsommer-72299-unsplash.jpg in Resources */,
				3E9F3E1220B52A9E008500CE /* mtn-jackman-chiu-395254-unsplash.jpg in Resources */,
				3E9F3E1020B52A9E008500CE /* mtn-kyle-johnson-383916-unsplash.jpg in Resources */,
				3E9F3DA920B4CFA2008500CE /* Assets.xcassets in Resources */,
				3E9F3E0B20B52A9E008500CE /* mtn-caleb-lucas-538167-unsplash.jpg in Resources */,
				3E9F3E0920B52A9E008500CE /* mtn-luca-bravo-224565-unsplash.jpg in Resources */,
				3E9F3E1320B52A9E008500CE /* mtn-eberhard-grossgasteiger-424816-unsplash.jpg in Resources */,
				3E9F3E0520B52A9E008500CE /* mtn-kimon-maritz-179718-unsplash.jpg in Resources */,
				3E9F3DA720B4CFA0008500CE /* Main.storyboard in Resources */,
				3E9F3E1520B52A9E008500CE /* mtn-eberhard-grossgasteiger-421475-unsplash.jpg in Resources */,
				3E9F3E0F20B52A9E008500CE /* mtn-stefan-stefancik-105587-unsplash.jpg in Resources */,
				3E9F3E0C20B52A9E008500CE /* mtn-nathan-dumlao-573082-unsplash.jpg in Resources */,
				3E9F3E1620B52A9E008500CE /* mtn-karl-magnuson-396823-unsplash.jpg in Resources */,
				3E9F3E1720B52A9E008500CE /* mtn-idan-arad-236794-unsplash.jpg in Resources */,
				3E9F3E0E20B52A9E008500CE /* mtn-clarisse-meyer-265651-unsplash.jpg in Resources */,
			);
			runOnlyForDeploymentPostprocessing = 0;
		};
/* End PBXResourcesBuildPhase section */

/* Begin PBXSourcesBuildPhase section */
		3E9F3D9A20B4CFA0008500CE /* Sources */ = {
			isa = PBXSourcesBuildPhase;
			buildActionMask = 2147483647;
			files = (
				3E9F3DDD20B50F1D008500CE /* DetailViewController.swift in Sources */,
				3E9F3DA420B4CFA0008500CE /* ViewController.swift in Sources */,
				3E9F3DA220B4CFA0008500CE /* AppDelegate.swift in Sources */,
			);
			runOnlyForDeploymentPostprocessing = 0;
		};
/* End PBXSourcesBuildPhase section */

/* Begin PBXVariantGroup section */
		3E9F3DA520B4CFA0008500CE /* Main.storyboard */ = {
			isa = PBXVariantGroup;
			children = (
				3E9F3DA620B4CFA0008500CE /* Base */,
			);
			name = Main.storyboard;
			sourceTree = "<group>";
		};
		3E9F3DAA20B4CFA2008500CE /* LaunchScreen.storyboard */ = {
			isa = PBXVariantGroup;
			children = (
				3E9F3DAB20B4CFA2008500CE /* Base */,
			);
			name = LaunchScreen.storyboard;
			sourceTree = "<group>";
		};
/* End PBXVariantGroup section */

/* Begin XCBuildConfiguration section */
		3E9F3DAE20B4CFA2008500CE /* Debug */ = {
			isa = XCBuildConfiguration;
			buildSettings = {
				ALWAYS_SEARCH_USER_PATHS = NO;
				CLANG_ANALYZER_NONNULL = YES;
				CLANG_ANALYZER_NUMBER_OBJECT_CONVERSION = YES_AGGRESSIVE;
				CLANG_CXX_LANGUAGE_STANDARD = "gnu++14";
				CLANG_CXX_LIBRARY = "libc++";
				CLANG_ENABLE_MODULES = YES;
				CLANG_ENABLE_OBJC_ARC = YES;
				CLANG_ENABLE_OBJC_WEAK = YES;
				CLANG_WARN_BLOCK_CAPTURE_AUTORELEASING = YES;
				CLANG_WARN_BOOL_CONVERSION = YES;
				CLANG_WARN_COMMA = YES;
				CLANG_WARN_CONSTANT_CONVERSION = YES;
				CLANG_WARN_DEPRECATED_OBJC_IMPLEMENTATIONS = YES;
				CLANG_WARN_DIRECT_OBJC_ISA_USAGE = YES_ERROR;
				CLANG_WARN_DOCUMENTATION_COMMENTS = YES;
				CLANG_WARN_EMPTY_BODY = YES;
				CLANG_WARN_ENUM_CONVERSION = YES;
				CLANG_WARN_INFINITE_RECURSION = YES;
				CLANG_WARN_INT_CONVERSION = YES;
				CLANG_WARN_NON_LITERAL_NULL_CONVERSION = YES;
				CLANG_WARN_OBJC_IMPLICIT_RETAIN_SELF = YES;
				CLANG_WARN_OBJC_LITERAL_CONVERSION = YES;
				CLANG_WARN_OBJC_ROOT_CLASS = YES_ERROR;
				CLANG_WARN_RANGE_LOOP_ANALYSIS = YES;
				CLANG_WARN_STRICT_PROTOTYPES = YES;
				CLANG_WARN_SUSPICIOUS_MOVE = YES;
				CLANG_WARN_UNGUARDED_AVAILABILITY = YES_AGGRESSIVE;
				CLANG_WARN_UNREACHABLE_CODE = YES;
				CLANG_WARN__DUPLICATE_METHOD_MATCH = YES;
				CODE_SIGN_IDENTITY = "iPhone Developer";
				COPY_PHASE_STRIP = NO;
				DEBUG_INFORMATION_FORMAT = dwarf;
				ENABLE_STRICT_OBJC_MSGSEND = YES;
				ENABLE_TESTABILITY = YES;
				GCC_C_LANGUAGE_STANDARD = gnu11;
				GCC_DYNAMIC_NO_PIC = NO;
				GCC_NO_COMMON_BLOCKS = YES;
				GCC_OPTIMIZATION_LEVEL = 0;
				GCC_PREPROCESSOR_DEFINITIONS = (
					"DEBUG=1",
					"$(inherited)",
				);
				GCC_WARN_64_TO_32_BIT_CONVERSION = YES;
				GCC_WARN_ABOUT_RETURN_TYPE = YES_ERROR;
				GCC_WARN_UNDECLARED_SELECTOR = YES;
				GCC_WARN_UNINITIALIZED_AUTOS = YES_AGGRESSIVE;
				GCC_WARN_UNUSED_FUNCTION = YES;
				GCC_WARN_UNUSED_VARIABLE = YES;
				IPHONEOS_DEPLOYMENT_TARGET = 11.3;
				MTL_ENABLE_DEBUG_INFO = YES;
				ONLY_ACTIVE_ARCH = YES;
				SDKROOT = iphoneos;
				SWIFT_ACTIVE_COMPILATION_CONDITIONS = DEBUG;
				SWIFT_OPTIMIZATION_LEVEL = "-Onone";
			};
			name = Debug;
		};
		3E9F3DAF20B4CFA2008500CE /* Release */ = {
			isa = XCBuildConfiguration;
			buildSettings = {
				ALWAYS_SEARCH_USER_PATHS = NO;
				CLANG_ANALYZER_NONNULL = YES;
				CLANG_ANALYZER_NUMBER_OBJECT_CONVERSION = YES_AGGRESSIVE;
				CLANG_CXX_LANGUAGE_STANDARD = "gnu++14";
				CLANG_CXX_LIBRARY = "libc++";
				CLANG_ENABLE_MODULES = YES;
				CLANG_ENABLE_OBJC_ARC = YES;
				CLANG_ENABLE_OBJC_WEAK = YES;
				CLANG_WARN_BLOCK_CAPTURE_AUTORELEASING = YES;
				CLANG_WARN_BOOL_CONVERSION = YES;
				CLANG_WARN_COMMA = YES;
				CLANG_WARN_CONSTANT_CONVERSION = YES;
				CLANG_WARN_DEPRECATED_OBJC_IMPLEMENTATIONS = YES;
				CLANG_WARN_DIRECT_OBJC_ISA_USAGE = YES_ERROR;
				CLANG_WARN_DOCUMENTATION_COMMENTS = YES;
				CLANG_WARN_EMPTY_BODY = YES;
				CLANG_WARN_ENUM_CONVERSION = YES;
				CLANG_WARN_INFINITE_RECURSION = YES;
				CLANG_WARN_INT_CONVERSION = YES;
				CLANG_WARN_NON_LITERAL_NULL_CONVERSION = YES;
				CLANG_WARN_OBJC_IMPLICIT_RETAIN_SELF = YES;
				CLANG_WARN_OBJC_LITERAL_CONVERSION = YES;
				CLANG_WARN_OBJC_ROOT_CLASS = YES_ERROR;
				CLANG_WARN_RANGE_LOOP_ANALYSIS = YES;
				CLANG_WARN_STRICT_PROTOTYPES = YES;
				CLANG_WARN_SUSPICIOUS_MOVE = YES;
				CLANG_WARN_UNGUARDED_AVAILABILITY = YES_AGGRESSIVE;
				CLANG_WARN_UNREACHABLE_CODE = YES;
				CLANG_WARN__DUPLICATE_METHOD_MATCH = YES;
				CODE_SIGN_IDENTITY = "iPhone Developer";
				COPY_PHASE_STRIP = NO;
				DEBUG_INFORMATION_FORMAT = "dwarf-with-dsym";
				ENABLE_NS_ASSERTIONS = NO;
				ENABLE_STRICT_OBJC_MSGSEND = YES;
				GCC_C_LANGUAGE_STANDARD = gnu11;
				GCC_NO_COMMON_BLOCKS = YES;
				GCC_WARN_64_TO_32_BIT_CONVERSION = YES;
				GCC_WARN_ABOUT_RETURN_TYPE = YES_ERROR;
				GCC_WARN_UNDECLARED_SELECTOR = YES;
				GCC_WARN_UNINITIALIZED_AUTOS = YES_AGGRESSIVE;
				GCC_WARN_UNUSED_FUNCTION = YES;
				GCC_WARN_UNUSED_VARIABLE = YES;
				IPHONEOS_DEPLOYMENT_TARGET = 11.3;
				MTL_ENABLE_DEBUG_INFO = NO;
				SDKROOT = iphoneos;
				SWIFT_COMPILATION_MODE = wholemodule;
				SWIFT_OPTIMIZATION_LEVEL = "-O";
				VALIDATE_PRODUCT = YES;
			};
			name = Release;
		};
		3E9F3DB120B4CFA2008500CE /* Debug */ = {
			isa = XCBuildConfiguration;
			buildSettings = {
				ASSETCATALOG_COMPILER_APPICON_NAME = AppIcon;
				CODE_SIGN_STYLE = Automatic;
				DEVELOPMENT_TEAM = CYZA2EE6W8;
				INFOPLIST_FILE = StormViewer/Info.plist;
				LD_RUNPATH_SEARCH_PATHS = (
					"$(inherited)",
					"@executable_path/Frameworks",
				);
				PRODUCT_BUNDLE_IDENTIFIER = com.owenhenley.StormViewer;
				PRODUCT_NAME = "$(TARGET_NAME)";
				SWIFT_VERSION = 4.0;
				TARGETED_DEVICE_FAMILY = "1,2";
			};
			name = Debug;
		};
		3E9F3DB220B4CFA2008500CE /* Release */ = {
			isa = XCBuildConfiguration;
			buildSettings = {
				ASSETCATALOG_COMPILER_APPICON_NAME = AppIcon;
				CODE_SIGN_STYLE = Automatic;
				DEVELOPMENT_TEAM = CYZA2EE6W8;
				INFOPLIST_FILE = StormViewer/Info.plist;
				LD_RUNPATH_SEARCH_PATHS = (
					"$(inherited)",
					"@executable_path/Frameworks",
				);
				PRODUCT_BUNDLE_IDENTIFIER = com.owenhenley.StormViewer;
				PRODUCT_NAME = "$(TARGET_NAME)";
				SWIFT_VERSION = 4.0;
				TARGETED_DEVICE_FAMILY = "1,2";
			};
			name = Release;
		};
/* End XCBuildConfiguration section */

/* Begin XCConfigurationList section */
		3E9F3D9920B4CFA0008500CE /* Build configuration list for PBXProject "StormViewer" */ = {
			isa = XCConfigurationList;
			buildConfigurations = (
				3E9F3DAE20B4CFA2008500CE /* Debug */,
				3E9F3DAF20B4CFA2008500CE /* Release */,
			);
			defaultConfigurationIsVisible = 0;
			defaultConfigurationName = Release;
		};
		3E9F3DB020B4CFA2008500CE /* Build configuration list for PBXNativeTarget "StormViewer" */ = {
			isa = XCConfigurationList;
			buildConfigurations = (
				3E9F3DB120B4CFA2008500CE /* Debug */,
				3E9F3DB220B4CFA2008500CE /* Release */,
			);
			defaultConfigurationIsVisible = 0;
			defaultConfigurationName = Release;
		};
/* End XCConfigurationList section */
	};
	rootObject = 3E9F3D9620B4CFA0008500CE /* Project object */;
}
