// !$*UTF8*$!
{
	archiveVersion = 1;
	classes = {
	};
	objectVersion = 50;
	objects = {

/* Begin PBXBuildFile section */
		3E0BC41C20C9FB8C00FB4E79 /* AppDelegate.swift in Sources */ = {isa = PBXBuildFile; fileRef = 3E0BC41B20C9FB8C00FB4E79 /* AppDelegate.swift */; };
		3E0BC41E20C9FB8C00FB4E79 /* ViewController.swift in Sources */ = {isa = PBXBuildFile; fileRef = 3E0BC41D20C9FB8C00FB4E79 /* ViewController.swift */; };
		3E0BC42120C9FB8C00FB4E79 /* Main.storyboard in Resources */ = {isa = PBXBuildFile; fileRef = 3E0BC41F20C9FB8C00FB4E79 /* Main.storyboard */; };
		3E0BC42320C9FB9200FB4E79 /* Assets.xcassets in Resources */ = {isa = PBXBuildFile; fileRef = 3E0BC42220C9FB9200FB4E79 /* Assets.xcassets */; };
		3E0BC42620C9FB9200FB4E79 /* LaunchScreen.storyboard in Resources */ = {isa = PBXBuildFile; fileRef = 3E0BC42420C9FB9200FB4E79 /* LaunchScreen.storyboard */; };
		3E0BC43120C9FB9200FB4E79 /* WordScrambleTests.swift in Sources */ = {isa = PBXBuildFile; fileRef = 3E0BC43020C9FB9200FB4E79 /* WordScrambleTests.swift */; };
		3E0BC43C20C9FB9300FB4E79 /* WordScrambleUITests.swift in Sources */ = {isa = PBXBuildFile; fileRef = 3E0BC43B20C9FB9300FB4E79 /* WordScrambleUITests.swift */; };
		3ECAA48C20CA0EB90048074F /* start.txt in Resources */ = {isa = PBXBuildFile; fileRef = 3ECAA48B20CA0EB90048074F /* start.txt */; };
/* End PBXBuildFile section */

/* Begin PBXContainerItemProxy section */
		3E0BC42D20C9FB9200FB4E79 /* PBXContainerItemProxy */ = {
			isa = PBXContainerItemProxy;
			containerPortal = 3E0BC41020C9FB8B00FB4E79 /* Project object */;
			proxyType = 1;
			remoteGlobalIDString = 3E0BC41720C9FB8B00FB4E79;
			remoteInfo = WordScramble;
		};
		3E0BC43820C9FB9300FB4E79 /* PBXContainerItemProxy */ = {
			isa = PBXContainerItemProxy;
			containerPortal = 3E0BC41020C9FB8B00FB4E79 /* Project object */;
			proxyType = 1;
			remoteGlobalIDString = 3E0BC41720C9FB8B00FB4E79;
			remoteInfo = WordScramble;
		};
/* End PBXContainerItemProxy section */

/* Begin PBXFileReference section */
		3E0BC41820C9FB8C00FB4E79 /* WordScramble.app */ = {isa = PBXFileReference; explicitFileType = wrapper.application; includeInIndex = 0; path = WordScramble.app; sourceTree = BUILT_PRODUCTS_DIR; };
		3E0BC41B20C9FB8C00FB4E79 /* AppDelegate.swift */ = {isa = PBXFileReference; lastKnownFileType = sourcecode.swift; path = AppDelegate.swift; sourceTree = "<group>"; };
		3E0BC41D20C9FB8C00FB4E79 /* ViewController.swift */ = {isa = PBXFileReference; lastKnownFileType = sourcecode.swift; path = ViewController.swift; sourceTree = "<group>"; };
		3E0BC42020C9FB8C00FB4E79 /* Base */ = {isa = PBXFileReference; lastKnownFileType = file.storyboard; name = Base; path = Base.lproj/Main.storyboard; sourceTree = "<group>"; };
		3E0BC42220C9FB9200FB4E79 /* Assets.xcassets */ = {isa = PBXFileReference; lastKnownFileType = folder.assetcatalog; path = Assets.xcassets; sourceTree = "<group>"; };
		3E0BC42520C9FB9200FB4E79 /* Base */ = {isa = PBXFileReference; lastKnownFileType = file.storyboard; name = Base; path = Base.lproj/LaunchScreen.storyboard; sourceTree = "<group>"; };
		3E0BC42720C9FB9200FB4E79 /* Info.plist */ = {isa = PBXFileReference; lastKnownFileType = text.plist.xml; path = Info.plist; sourceTree = "<group>"; };
		3E0BC42C20C9FB9200FB4E79 /* WordScrambleTests.xctest */ = {isa = PBXFileReference; explicitFileType = wrapper.cfbundle; includeInIndex = 0; path = WordScrambleTests.xctest; sourceTree = BUILT_PRODUCTS_DIR; };
		3E0BC43020C9FB9200FB4E79 /* WordScrambleTests.swift */ = {isa = PBXFileReference; lastKnownFileType = sourcecode.swift; path = WordScrambleTests.swift; sourceTree = "<group>"; };
		3E0BC43220C9FB9300FB4E79 /* Info.plist */ = {isa = PBXFileReference; lastKnownFileType = text.plist.xml; path = Info.plist; sourceTree = "<group>"; };
		3E0BC43720C9FB9300FB4E79 /* WordScrambleUITests.xctest */ = {isa = PBXFileReference; explicitFileType = wrapper.cfbundle; includeInIndex = 0; path = WordScrambleUITests.xctest; sourceTree = BUILT_PRODUCTS_DIR; };
		3E0BC43B20C9FB9300FB4E79 /* WordScrambleUITests.swift */ = {isa = PBXFileReference; lastKnownFileType = sourcecode.swift; path = WordScrambleUITests.swift; sourceTree = "<group>"; };
		3E0BC43D20C9FB9300FB4E79 /* Info.plist */ = {isa = PBXFileReference; lastKnownFileType = text.plist.xml; path = Info.plist; sourceTree = "<group>"; };
		3ECAA48B20CA0EB90048074F /* start.txt */ = {isa = PBXFileReference; fileEncoding = 4; lastKnownFileType = text; path = start.txt; sourceTree = "<group>"; };
/* End PBXFileReference section */

/* Begin PBXFrameworksBuildPhase section */
		3E0BC41520C9FB8B00FB4E79 /* Frameworks */ = {
			isa = PBXFrameworksBuildPhase;
			buildActionMask = 2147483647;
			files = (
			);
			runOnlyForDeploymentPostprocessing = 0;
		};
		3E0BC42920C9FB9200FB4E79 /* Frameworks */ = {
			isa = PBXFrameworksBuildPhase;
			buildActionMask = 2147483647;
			files = (
			);
			runOnlyForDeploymentPostprocessing = 0;
		};
		3E0BC43420C9FB9300FB4E79 /* Frameworks */ = {
			isa = PBXFrameworksBuildPhase;
			buildActionMask = 2147483647;
			files = (
			);
			runOnlyForDeploymentPostprocessing = 0;
		};
/* End PBXFrameworksBuildPhase section */

/* Begin PBXGroup section */
		3E0BC40F20C9FB8B00FB4E79 = {
			isa = PBXGroup;
			children = (
				3E0BC41A20C9FB8C00FB4E79 /* WordScramble */,
				3E0BC42F20C9FB9200FB4E79 /* WordScrambleTests */,
				3E0BC43A20C9FB9300FB4E79 /* WordScrambleUITests */,
				3E0BC41920C9FB8C00FB4E79 /* Products */,
			);
			sourceTree = "<group>";
		};
		3E0BC41920C9FB8C00FB4E79 /* Products */ = {
			isa = PBXGroup;
			children = (
				3E0BC41820C9FB8C00FB4E79 /* WordScramble.app */,
				3E0BC42C20C9FB9200FB4E79 /* WordScrambleTests.xctest */,
				3E0BC43720C9FB9300FB4E79 /* WordScrambleUITests.xctest */,
			);
			name = Products;
			sourceTree = "<group>";
		};
		3E0BC41A20C9FB8C00FB4E79 /* WordScramble */ = {
			isa = PBXGroup;
			children = (
				3E0BC41B20C9FB8C00FB4E79 /* AppDelegate.swift */,
				3E0BC41D20C9FB8C00FB4E79 /* ViewController.swift */,
				3E0BC41F20C9FB8C00FB4E79 /* Main.storyboard */,
				3E0BC42220C9FB9200FB4E79 /* Assets.xcassets */,
				3ECAA48B20CA0EB90048074F /* start.txt */,
				3E0BC42420C9FB9200FB4E79 /* LaunchScreen.storyboard */,
				3E0BC42720C9FB9200FB4E79 /* Info.plist */,
			);
			path = WordScramble;
			sourceTree = "<group>";
		};
		3E0BC42F20C9FB9200FB4E79 /* WordScrambleTests */ = {
			isa = PBXGroup;
			children = (
				3E0BC43020C9FB9200FB4E79 /* WordScrambleTests.swift */,
				3E0BC43220C9FB9300FB4E79 /* Info.plist */,
			);
			path = WordScrambleTests;
			sourceTree = "<group>";
		};
		3E0BC43A20C9FB9300FB4E79 /* WordScrambleUITests */ = {
			isa = PBXGroup;
			children = (
				3E0BC43B20C9FB9300FB4E79 /* WordScrambleUITests.swift */,
				3E0BC43D20C9FB9300FB4E79 /* Info.plist */,
			);
			path = WordScrambleUITests;
			sourceTree = "<group>";
		};
/* End PBXGroup section */

/* Begin PBXNativeTarget section */
		3E0BC41720C9FB8B00FB4E79 /* WordScramble */ = {
			isa = PBXNativeTarget;
			buildConfigurationList = 3E0BC44020C9FB9300FB4E79 /* Build configuration list for PBXNativeTarget "WordScramble" */;
			buildPhases = (
				3E0BC41420C9FB8B00FB4E79 /* Sources */,
				3E0BC41520C9FB8B00FB4E79 /* Frameworks */,
				3E0BC41620C9FB8B00FB4E79 /* Resources */,
			);
			buildRules = (
			);
			dependencies = (
			);
			name = WordScramble;
			productName = WordScramble;
			productReference = 3E0BC41820C9FB8C00FB4E79 /* WordScramble.app */;
			productType = "com.apple.product-type.application";
		};
		3E0BC42B20C9FB9200FB4E79 /* WordScrambleTests */ = {
			isa = PBXNativeTarget;
			buildConfigurationList = 3E0BC44320C9FB9300FB4E79 /* Build configuration list for PBXNativeTarget "WordScrambleTests" */;
			buildPhases = (
				3E0BC42820C9FB9200FB4E79 /* Sources */,
				3E0BC42920C9FB9200FB4E79 /* Frameworks */,
				3E0BC42A20C9FB9200FB4E79 /* Resources */,
			);
			buildRules = (
			);
			dependencies = (
				3E0BC42E20C9FB9200FB4E79 /* PBXTargetDependency */,
			);
			name = WordScrambleTests;
			productName = WordScrambleTests;
			productReference = 3E0BC42C20C9FB9200FB4E79 /* WordScrambleTests.xctest */;
			productType = "com.apple.product-type.bundle.unit-test";
		};
		3E0BC43620C9FB9300FB4E79 /* WordScrambleUITests */ = {
			isa = PBXNativeTarget;
			buildConfigurationList = 3E0BC44620C9FB9300FB4E79 /* Build configuration list for PBXNativeTarget "WordScrambleUITests" */;
			buildPhases = (
				3E0BC43320C9FB9300FB4E79 /* Sources */,
				3E0BC43420C9FB9300FB4E79 /* Frameworks */,
				3E0BC43520C9FB9300FB4E79 /* Resources */,
			);
			buildRules = (
			);
			dependencies = (
				3E0BC43920C9FB9300FB4E79 /* PBXTargetDependency */,
			);
			name = WordScrambleUITests;
			productName = WordScrambleUITests;
			productReference = 3E0BC43720C9FB9300FB4E79 /* WordScrambleUITests.xctest */;
			productType = "com.apple.product-type.bundle.ui-testing";
		};
/* End PBXNativeTarget section */

/* Begin PBXProject section */
		3E0BC41020C9FB8B00FB4E79 /* Project object */ = {
			isa = PBXProject;
			attributes = {
				LastSwiftUpdateCheck = 1000;
				LastUpgradeCheck = 1000;
				ORGANIZATIONNAME = "Owen Henley";
				TargetAttributes = {
					3E0BC41720C9FB8B00FB4E79 = {
						CreatedOnToolsVersion = 10.0;
					};
					3E0BC42B20C9FB9200FB4E79 = {
						CreatedOnToolsVersion = 10.0;
						TestTargetID = 3E0BC41720C9FB8B00FB4E79;
					};
					3E0BC43620C9FB9300FB4E79 = {
						CreatedOnToolsVersion = 10.0;
						TestTargetID = 3E0BC41720C9FB8B00FB4E79;
					};
				};
			};
			buildConfigurationList = 3E0BC41320C9FB8B00FB4E79 /* Build configuration list for PBXProject "WordScramble" */;
			compatibilityVersion = "Xcode 9.3";
			developmentRegion = en;
			hasScannedForEncodings = 0;
			knownRegions = (
				en,
				Base,
			);
			mainGroup = 3E0BC40F20C9FB8B00FB4E79;
			productRefGroup = 3E0BC41920C9FB8C00FB4E79 /* Products */;
			projectDirPath = "";
			projectRoot = "";
			targets = (
				3E0BC41720C9FB8B00FB4E79 /* WordScramble */,
				3E0BC42B20C9FB9200FB4E79 /* WordScrambleTests */,
				3E0BC43620C9FB9300FB4E79 /* WordScrambleUITests */,
			);
		};
/* End PBXProject section */

/* Begin PBXResourcesBuildPhase section */
		3E0BC41620C9FB8B00FB4E79 /* Resources */ = {
			isa = PBXResourcesBuildPhase;
			buildActionMask = 2147483647;
			files = (
				3E0BC42620C9FB9200FB4E79 /* LaunchScreen.storyboard in Resources */,
				3ECAA48C20CA0EB90048074F /* start.txt in Resources */,
				3E0BC42320C9FB9200FB4E79 /* Assets.xcassets in Resources */,
				3E0BC42120C9FB8C00FB4E79 /* Main.storyboard in Resources */,
			);
			runOnlyForDeploymentPostprocessing = 0;
		};
		3E0BC42A20C9FB9200FB4E79 /* Resources */ = {
			isa = PBXResourcesBuildPhase;
			buildActionMask = 2147483647;
			files = (
			);
			runOnlyForDeploymentPostprocessing = 0;
		};
		3E0BC43520C9FB9300FB4E79 /* Resources */ = {
			isa = PBXResourcesBuildPhase;
			buildActionMask = 2147483647;
			files = (
			);
			runOnlyForDeploymentPostprocessing = 0;
		};
/* End PBXResourcesBuildPhase section */

/* Begin PBXSourcesBuildPhase section */
		3E0BC41420C9FB8B00FB4E79 /* Sources */ = {
			isa = PBXSourcesBuildPhase;
			buildActionMask = 2147483647;
			files = (
				3E0BC41E20C9FB8C00FB4E79 /* ViewController.swift in Sources */,
				3E0BC41C20C9FB8C00FB4E79 /* AppDelegate.swift in Sources */,
			);
			runOnlyForDeploymentPostprocessing = 0;
		};
		3E0BC42820C9FB9200FB4E79 /* Sources */ = {
			isa = PBXSourcesBuildPhase;
			buildActionMask = 2147483647;
			files = (
				3E0BC43120C9FB9200FB4E79 /* WordScrambleTests.swift in Sources */,
			);
			runOnlyForDeploymentPostprocessing = 0;
		};
		3E0BC43320C9FB9300FB4E79 /* Sources */ = {
			isa = PBXSourcesBuildPhase;
			buildActionMask = 2147483647;
			files = (
				3E0BC43C20C9FB9300FB4E79 /* WordScrambleUITests.swift in Sources */,
			);
			runOnlyForDeploymentPostprocessing = 0;
		};
/* End PBXSourcesBuildPhase section */

/* Begin PBXTargetDependency section */
		3E0BC42E20C9FB9200FB4E79 /* PBXTargetDependency */ = {
			isa = PBXTargetDependency;
			target = 3E0BC41720C9FB8B00FB4E79 /* WordScramble */;
			targetProxy = 3E0BC42D20C9FB9200FB4E79 /* PBXContainerItemProxy */;
		};
		3E0BC43920C9FB9300FB4E79 /* PBXTargetDependency */ = {
			isa = PBXTargetDependency;
			target = 3E0BC41720C9FB8B00FB4E79 /* WordScramble */;
			targetProxy = 3E0BC43820C9FB9300FB4E79 /* PBXContainerItemProxy */;
		};
/* End PBXTargetDependency section */

/* Begin PBXVariantGroup section */
		3E0BC41F20C9FB8C00FB4E79 /* Main.storyboard */ = {
			isa = PBXVariantGroup;
			children = (
				3E0BC42020C9FB8C00FB4E79 /* Base */,
			);
			name = Main.storyboard;
			sourceTree = "<group>";
		};
		3E0BC42420C9FB9200FB4E79 /* LaunchScreen.storyboard */ = {
			isa = PBXVariantGroup;
			children = (
				3E0BC42520C9FB9200FB4E79 /* Base */,
			);
			name = LaunchScreen.storyboard;
			sourceTree = "<group>";
		};
/* End PBXVariantGroup section */

/* Begin XCBuildConfiguration section */
		3E0BC43E20C9FB9300FB4E79 /* Debug */ = {
			isa = XCBuildConfiguration;
			buildSettings = {
				ALWAYS_SEARCH_USER_PATHS = NO;
				CLANG_ANALYZER_NONNULL = YES;
				CLANG_ANALYZER_NUMBER_OBJECT_CONVERSION = YES_AGGRESSIVE;
				CLANG_CXX_LANGUAGE_STANDARD = "gnu++14";
				CLANG_CXX_LIBRARY = "libc++";
				CLANG_ENABLE_MODULES = YES;
				CLANG_ENABLE_OBJC_ARC = YES;
				CLANG_ENABLE_OBJC_WEAK = YES;
				CLANG_WARN_BLOCK_CAPTURE_AUTORELEASING = YES;
				CLANG_WARN_BOOL_CONVERSION = YES;
				CLANG_WARN_COMMA = YES;
				CLANG_WARN_CONSTANT_CONVERSION = YES;
				CLANG_WARN_DEPRECATED_OBJC_IMPLEMENTATIONS = YES;
				CLANG_WARN_DIRECT_OBJC_ISA_USAGE = YES_ERROR;
				CLANG_WARN_DOCUMENTATION_COMMENTS = YES;
				CLANG_WARN_EMPTY_BODY = YES;
				CLANG_WARN_ENUM_CONVERSION = YES;
				CLANG_WARN_INFINITE_RECURSION = YES;
				CLANG_WARN_INT_CONVERSION = YES;
				CLANG_WARN_NON_LITERAL_NULL_CONVERSION = YES;
				CLANG_WARN_OBJC_IMPLICIT_RETAIN_SELF = YES;
				CLANG_WARN_OBJC_LITERAL_CONVERSION = YES;
				CLANG_WARN_OBJC_ROOT_CLASS = YES_ERROR;
				CLANG_WARN_RANGE_LOOP_ANALYSIS = YES;
				CLANG_WARN_STRICT_PROTOTYPES = YES;
				CLANG_WARN_SUSPICIOUS_MOVE = YES;
				CLANG_WARN_UNGUARDED_AVAILABILITY = YES_AGGRESSIVE;
				CLANG_WARN_UNREACHABLE_CODE = YES;
				CLANG_WARN__DUPLICATE_METHOD_MATCH = YES;
				CODE_SIGN_IDENTITY = "iPhone Developer";
				COPY_PHASE_STRIP = NO;
				DEBUG_INFORMATION_FORMAT = dwarf;
				ENABLE_STRICT_OBJC_MSGSEND = YES;
				ENABLE_TESTABILITY = YES;
				GCC_C_LANGUAGE_STANDARD = gnu11;
				GCC_DYNAMIC_NO_PIC = NO;
				GCC_NO_COMMON_BLOCKS = YES;
				GCC_OPTIMIZATION_LEVEL = 0;
				GCC_PREPROCESSOR_DEFINITIONS = (
					"DEBUG=1",
					"$(inherited)",
				);
				GCC_WARN_64_TO_32_BIT_CONVERSION = YES;
				GCC_WARN_ABOUT_RETURN_TYPE = YES_ERROR;
				GCC_WARN_UNDECLARED_SELECTOR = YES;
				GCC_WARN_UNINITIALIZED_AUTOS = YES_AGGRESSIVE;
				GCC_WARN_UNUSED_FUNCTION = YES;
				GCC_WARN_UNUSED_VARIABLE = YES;
				IPHONEOS_DEPLOYMENT_TARGET = 12.0;
				MTL_ENABLE_DEBUG_INFO = INCLUDE_SOURCE;
				ONLY_ACTIVE_ARCH = YES;
				SDKROOT = iphoneos;
				SWIFT_ACTIVE_COMPILATION_CONDITIONS = DEBUG;
				SWIFT_OPTIMIZATION_LEVEL = "-Onone";
			};
			name = Debug;
		};
		3E0BC43F20C9FB9300FB4E79 /* Release */ = {
			isa = XCBuildConfiguration;
			buildSettings = {
				ALWAYS_SEARCH_USER_PATHS = NO;
				CLANG_ANALYZER_NONNULL = YES;
				CLANG_ANALYZER_NUMBER_OBJECT_CONVERSION = YES_AGGRESSIVE;
				CLANG_CXX_LANGUAGE_STANDARD = "gnu++14";
				CLANG_CXX_LIBRARY = "libc++";
				CLANG_ENABLE_MODULES = YES;
				CLANG_ENABLE_OBJC_ARC = YES;
				CLANG_ENABLE_OBJC_WEAK = YES;
				CLANG_WARN_BLOCK_CAPTURE_AUTORELEASING = YES;
				CLANG_WARN_BOOL_CONVERSION = YES;
				CLANG_WARN_COMMA = YES;
				CLANG_WARN_CONSTANT_CONVERSION = YES;
				CLANG_WARN_DEPRECATED_OBJC_IMPLEMENTATIONS = YES;
				CLANG_WARN_DIRECT_OBJC_ISA_USAGE = YES_ERROR;
				CLANG_WARN_DOCUMENTATION_COMMENTS = YES;
				CLANG_WARN_EMPTY_BODY = YES;
				CLANG_WARN_ENUM_CONVERSION = YES;
				CLANG_WARN_INFINITE_RECURSION = YES;
				CLANG_WARN_INT_CONVERSION = YES;
				CLANG_WARN_NON_LITERAL_NULL_CONVERSION = YES;
				CLANG_WARN_OBJC_IMPLICIT_RETAIN_SELF = YES;
				CLANG_WARN_OBJC_LITERAL_CONVERSION = YES;
				CLANG_WARN_OBJC_ROOT_CLASS = YES_ERROR;
				CLANG_WARN_RANGE_LOOP_ANALYSIS = YES;
				CLANG_WARN_STRICT_PROTOTYPES = YES;
				CLANG_WARN_SUSPICIOUS_MOVE = YES;
				CLANG_WARN_UNGUARDED_AVAILABILITY = YES_AGGRESSIVE;
				CLANG_WARN_UNREACHABLE_CODE = YES;
				CLANG_WARN__DUPLICATE_METHOD_MATCH = YES;
				CODE_SIGN_IDENTITY = "iPhone Developer";
				COPY_PHASE_STRIP = NO;
				DEBUG_INFORMATION_FORMAT = "dwarf-with-dsym";
				ENABLE_NS_ASSERTIONS = NO;
				ENABLE_STRICT_OBJC_MSGSEND = YES;
				GCC_C_LANGUAGE_STANDARD = gnu11;
				GCC_NO_COMMON_BLOCKS = YES;
				GCC_WARN_64_TO_32_BIT_CONVERSION = YES;
				GCC_WARN_ABOUT_RETURN_TYPE = YES_ERROR;
				GCC_WARN_UNDECLARED_SELECTOR = YES;
				GCC_WARN_UNINITIALIZED_AUTOS = YES_AGGRESSIVE;
				GCC_WARN_UNUSED_FUNCTION = YES;
				GCC_WARN_UNUSED_VARIABLE = YES;
				IPHONEOS_DEPLOYMENT_TARGET = 12.0;
				MTL_ENABLE_DEBUG_INFO = NO;
				SDKROOT = iphoneos;
				SWIFT_COMPILATION_MODE = wholemodule;
				SWIFT_OPTIMIZATION_LEVEL = "-O";
				VALIDATE_PRODUCT = YES;
			};
			name = Release;
		};
		3E0BC44120C9FB9300FB4E79 /* Debug */ = {
			isa = XCBuildConfiguration;
			buildSettings = {
				ASSETCATALOG_COMPILER_APPICON_NAME = AppIcon;
				CODE_SIGN_STYLE = Automatic;
				DEVELOPMENT_TEAM = CYZA2EE6W8;
				INFOPLIST_FILE = WordScramble/Info.plist;
				LD_RUNPATH_SEARCH_PATHS = (
					"$(inherited)",
					"@executable_path/Frameworks",
				);
				PRODUCT_BUNDLE_IDENTIFIER = com.owenhenley.WordScramble;
				PRODUCT_NAME = "$(TARGET_NAME)";
				SWIFT_VERSION = 4.2;
				TARGETED_DEVICE_FAMILY = "1,2";
			};
			name = Debug;
		};
		3E0BC44220C9FB9300FB4E79 /* Release */ = {
			isa = XCBuildConfiguration;
			buildSettings = {
				ASSETCATALOG_COMPILER_APPICON_NAME = AppIcon;
				CODE_SIGN_STYLE = Automatic;
				DEVELOPMENT_TEAM = CYZA2EE6W8;
				INFOPLIST_FILE = WordScramble/Info.plist;
				LD_RUNPATH_SEARCH_PATHS = (
					"$(inherited)",
					"@executable_path/Frameworks",
				);
				PRODUCT_BUNDLE_IDENTIFIER = com.owenhenley.WordScramble;
				PRODUCT_NAME = "$(TARGET_NAME)";
				SWIFT_VERSION = 4.2;
				TARGETED_DEVICE_FAMILY = "1,2";
			};
			name = Release;
		};
		3E0BC44420C9FB9300FB4E79 /* Debug */ = {
			isa = XCBuildConfiguration;
			buildSettings = {
				ALWAYS_EMBED_SWIFT_STANDARD_LIBRARIES = YES;
				BUNDLE_LOADER = "$(TEST_HOST)";
				CODE_SIGN_STYLE = Automatic;
				INFOPLIST_FILE = WordScrambleTests/Info.plist;
				LD_RUNPATH_SEARCH_PATHS = (
					"$(inherited)",
					"@executable_path/Frameworks",
					"@loader_path/Frameworks",
				);
				PRODUCT_BUNDLE_IDENTIFIER = com.owenhenley.WordScrambleTests;
				PRODUCT_NAME = "$(TARGET_NAME)";
				SWIFT_VERSION = 4.2;
				TARGETED_DEVICE_FAMILY = "1,2";
				TEST_HOST = "$(BUILT_PRODUCTS_DIR)/WordScramble.app/WordScramble";
			};
			name = Debug;
		};
		3E0BC44520C9FB9300FB4E79 /* Release */ = {
			isa = XCBuildConfiguration;
			buildSettings = {
				ALWAYS_EMBED_SWIFT_STANDARD_LIBRARIES = YES;
				BUNDLE_LOADER = "$(TEST_HOST)";
				CODE_SIGN_STYLE = Automatic;
				INFOPLIST_FILE = WordScrambleTests/Info.plist;
				LD_RUNPATH_SEARCH_PATHS = (
					"$(inherited)",
					"@executable_path/Frameworks",
					"@loader_path/Frameworks",
				);
				PRODUCT_BUNDLE_IDENTIFIER = com.owenhenley.WordScrambleTests;
				PRODUCT_NAME = "$(TARGET_NAME)";
				SWIFT_VERSION = 4.2;
				TARGETED_DEVICE_FAMILY = "1,2";
				TEST_HOST = "$(BUILT_PRODUCTS_DIR)/WordScramble.app/WordScramble";
			};
			name = Release;
		};
		3E0BC44720C9FB9300FB4E79 /* Debug */ = {
			isa = XCBuildConfiguration;
			buildSettings = {
				ALWAYS_EMBED_SWIFT_STANDARD_LIBRARIES = YES;
				CODE_SIGN_STYLE = Automatic;
				INFOPLIST_FILE = WordScrambleUITests/Info.plist;
				LD_RUNPATH_SEARCH_PATHS = (
					"$(inherited)",
					"@executable_path/Frameworks",
					"@loader_path/Frameworks",
				);
				PRODUCT_BUNDLE_IDENTIFIER = com.owenhenley.WordScrambleUITests;
				PRODUCT_NAME = "$(TARGET_NAME)";
				SWIFT_VERSION = 4.2;
				TARGETED_DEVICE_FAMILY = "1,2";
				TEST_TARGET_NAME = WordScramble;
			};
			name = Debug;
		};
		3E0BC44820C9FB9300FB4E79 /* Release */ = {
			isa = XCBuildConfiguration;
			buildSettings = {
				ALWAYS_EMBED_SWIFT_STANDARD_LIBRARIES = YES;
				CODE_SIGN_STYLE = Automatic;
				INFOPLIST_FILE = WordScrambleUITests/Info.plist;
				LD_RUNPATH_SEARCH_PATHS = (
					"$(inherited)",
					"@executable_path/Frameworks",
					"@loader_path/Frameworks",
				);
				PRODUCT_BUNDLE_IDENTIFIER = com.owenhenley.WordScrambleUITests;
				PRODUCT_NAME = "$(TARGET_NAME)";
				SWIFT_VERSION = 4.2;
				TARGETED_DEVICE_FAMILY = "1,2";
				TEST_TARGET_NAME = WordScramble;
			};
			name = Release;
		};
/* End XCBuildConfiguration section */

/* Begin XCConfigurationList section */
		3E0BC41320C9FB8B00FB4E79 /* Build configuration list for PBXProject "WordScramble" */ = {
			isa = XCConfigurationList;
			buildConfigurations = (
				3E0BC43E20C9FB9300FB4E79 /* Debug */,
				3E0BC43F20C9FB9300FB4E79 /* Release */,
			);
			defaultConfigurationIsVisible = 0;
			defaultConfigurationName = Release;
		};
		3E0BC44020C9FB9300FB4E79 /* Build configuration list for PBXNativeTarget "WordScramble" */ = {
			isa = XCConfigurationList;
			buildConfigurations = (
				3E0BC44120C9FB9300FB4E79 /* Debug */,
				3E0BC44220C9FB9300FB4E79 /* Release */,
			);
			defaultConfigurationIsVisible = 0;
			defaultConfigurationName = Release;
		};
		3E0BC44320C9FB9300FB4E79 /* Build configuration list for PBXNativeTarget "WordScrambleTests" */ = {
			isa = XCConfigurationList;
			buildConfigurations = (
				3E0BC44420C9FB9300FB4E79 /* Debug */,
				3E0BC44520C9FB9300FB4E79 /* Release */,
			);
			defaultConfigurationIsVisible = 0;
			defaultConfigurationName = Release;
		};
		3E0BC44620C9FB9300FB4E79 /* Build configuration list for PBXNativeTarget "WordScrambleUITests" */ = {
			isa = XCConfigurationList;
			buildConfigurations = (
				3E0BC44720C9FB9300FB4E79 /* Debug */,
				3E0BC44820C9FB9300FB4E79 /* Release */,
			);
			defaultConfigurationIsVisible = 0;
			defaultConfigurationName = Release;
		};
/* End XCConfigurationList section */
	};
	rootObject = 3E0BC41020C9FB8B00FB4E79 /* Project object */;
}
