// !$*UTF8*$!
{
	archiveVersion = 1;
	classes = {
	};
	objectVersion = 50;
	objects = {

/* Begin PBXBuildFile section */
		3EE1E6C621C331B50013F46C /* AppDelegate.swift in Sources */ = {isa = PBXBuildFile; fileRef = 3EE1E6C521C331B50013F46C /* AppDelegate.swift */; };
		3EE1E6C821C331B60013F46C /* Assets.xcassets in Resources */ = {isa = PBXBuildFile; fileRef = 3EE1E6C721C331B60013F46C /* Assets.xcassets */; };
		3EE1E6CB21C331B60013F46C /* LaunchScreen.storyboard in Resources */ = {isa = PBXBuildFile; fileRef = 3EE1E6C921C331B60013F46C /* LaunchScreen.storyboard */; };
		3EE1E6D321C3326B0013F46C /* FirstVC.swift in Sources */ = {isa = PBXBuildFile; fileRef = 3EE1E6D221C3326B0013F46C /* FirstVC.swift */; };
		3EE1E6D521C335590013F46C /* SecondVC.swift in Sources */ = {isa = PBXBuildFile; fileRef = 3EE1E6D421C335590013F46C /* SecondVC.swift */; };
/* End PBXBuildFile section */

/* Begin PBXFileReference section */
		3EE1E6B221C331B50013F46C /* PrograUIPractice.app */ = {isa = PBXFileReference; explicitFileType = wrapper.application; includeInIndex = 0; path = PrograUIPractice.app; sourceTree = BUILT_PRODUCTS_DIR; };
		3EE1E6C521C331B50013F46C /* AppDelegate.swift */ = {isa = PBXFileReference; lastKnownFileType = sourcecode.swift; path = AppDelegate.swift; sourceTree = "<group>"; };
		3EE1E6C721C331B60013F46C /* Assets.xcassets */ = {isa = PBXFileReference; lastKnownFileType = folder.assetcatalog; path = Assets.xcassets; sourceTree = "<group>"; };
		3EE1E6CA21C331B60013F46C /* Base */ = {isa = PBXFileReference; lastKnownFileType = file.storyboard; name = Base; path = Base.lproj/LaunchScreen.storyboard; sourceTree = "<group>"; };
		3EE1E6CC21C331B60013F46C /* Info.plist */ = {isa = PBXFileReference; lastKnownFileType = text.plist.xml; path = Info.plist; sourceTree = "<group>"; };
		3EE1E6D221C3326B0013F46C /* FirstVC.swift */ = {isa = PBXFileReference; lastKnownFileType = sourcecode.swift; path = FirstVC.swift; sourceTree = "<group>"; };
		3EE1E6D421C335590013F46C /* SecondVC.swift */ = {isa = PBXFileReference; lastKnownFileType = sourcecode.swift; path = SecondVC.swift; sourceTree = "<group>"; };
/* End PBXFileReference section */

/* Begin PBXFrameworksBuildPhase section */
		3EE1E6AF21C331B50013F46C /* Frameworks */ = {
			isa = PBXFrameworksBuildPhase;
			buildActionMask = 2147483647;
			files = (
			);
			runOnlyForDeploymentPostprocessing = 0;
		};
/* End PBXFrameworksBuildPhase section */

/* Begin PBXGroup section */
		3EE1E6A921C331B50013F46C = {
			isa = PBXGroup;
			children = (
				3EE1E6B421C331B50013F46C /* PrograUIPractice */,
				3EE1E6B321C331B50013F46C /* Products */,
			);
			sourceTree = "<group>";
		};
		3EE1E6B321C331B50013F46C /* Products */ = {
			isa = PBXGroup;
			children = (
				3EE1E6B221C331B50013F46C /* PrograUIPractice.app */,
			);
			name = Products;
			sourceTree = "<group>";
		};
		3EE1E6B421C331B50013F46C /* PrograUIPractice */ = {
			isa = PBXGroup;
			children = (
				3EE1E6B521C331B50013F46C /* Models */,
				3EE1E6B821C331B50013F46C /* Controllers */,
				3EE1E6BF21C331B50013F46C /* Views */,
				3EE1E6C421C331B50013F46C /* Resources */,
			);
			path = PrograUIPractice;
			sourceTree = "<group>";
		};
		3EE1E6B521C331B50013F46C /* Models */ = {
			isa = PBXGroup;
			children = (
			);
			name = Models;
			sourceTree = "<group>";
		};
		3EE1E6B821C331B50013F46C /* Controllers */ = {
			isa = PBXGroup;
			children = (
				3EE1E6B921C331B50013F46C /* Model Controllers */,
				3EE1E6BC21C331B50013F46C /* View Controllers */,
			);
			name = Controllers;
			sourceTree = "<group>";
		};
		3EE1E6B921C331B50013F46C /* Model Controllers */ = {
			isa = PBXGroup;
			children = (
			);
			name = "Model Controllers";
			sourceTree = "<group>";
		};
		3EE1E6BC21C331B50013F46C /* View Controllers */ = {
			isa = PBXGroup;
			children = (
				3EE1E6D221C3326B0013F46C /* FirstVC.swift */,
				3EE1E6D421C335590013F46C /* SecondVC.swift */,
			);
			name = "View Controllers";
			sourceTree = "<group>";
		};
		3EE1E6BF21C331B50013F46C /* Views */ = {
			isa = PBXGroup;
			children = (
				3EE1E6C021C331B50013F46C /* Storyboards */,
			);
			name = Views;
			sourceTree = "<group>";
		};
		3EE1E6C021C331B50013F46C /* Storyboards */ = {
			isa = PBXGroup;
			children = (
				3EE1E6C921C331B60013F46C /* LaunchScreen.storyboard */,
			);
			name = Storyboards;
			sourceTree = "<group>";
		};
		3EE1E6C421C331B50013F46C /* Resources */ = {
			isa = PBXGroup;
			children = (
				3EE1E6CC21C331B60013F46C /* Info.plist */,
				3EE1E6C721C331B60013F46C /* Assets.xcassets */,
				3EE1E6C521C331B50013F46C /* AppDelegate.swift */,
			);
			name = Resources;
			sourceTree = "<group>";
		};
/* End PBXGroup section */

/* Begin PBXNativeTarget section */
		3EE1E6B121C331B50013F46C /* PrograUIPractice */ = {
			isa = PBXNativeTarget;
			buildConfigurationList = 3EE1E6CF21C331B60013F46C /* Build configuration list for PBXNativeTarget "PrograUIPractice" */;
			buildPhases = (
				3EE1E6AE21C331B50013F46C /* Sources */,
				3EE1E6AF21C331B50013F46C /* Frameworks */,
				3EE1E6B021C331B50013F46C /* Resources */,
			);
			buildRules = (
			);
			dependencies = (
			);
			name = PrograUIPractice;
			productName = PrograUIPractice;
			productReference = 3EE1E6B221C331B50013F46C /* PrograUIPractice.app */;
			productType = "com.apple.product-type.application";
		};
/* End PBXNativeTarget section */

/* Begin PBXProject section */
		3EE1E6AA21C331B50013F46C /* Project object */ = {
			isa = PBXProject;
			attributes = {
				LastSwiftUpdateCheck = 1010;
				LastUpgradeCheck = 1010;
				ORGANIZATIONNAME = "Owen Henley";
				TargetAttributes = {
					3EE1E6B121C331B50013F46C = {
						CreatedOnToolsVersion = 10.1;
					};
				};
			};
			buildConfigurationList = 3EE1E6AD21C331B50013F46C /* Build configuration list for PBXProject "PrograUIPractice" */;
			compatibilityVersion = "Xcode 9.3";
			developmentRegion = en;
			hasScannedForEncodings = 0;
			knownRegions = (
				en,
				Base,
			);
			mainGroup = 3EE1E6A921C331B50013F46C;
			productRefGroup = 3EE1E6B321C331B50013F46C /* Products */;
			projectDirPath = "";
			projectRoot = "";
			targets = (
				3EE1E6B121C331B50013F46C /* PrograUIPractice */,
			);
		};
/* End PBXProject section */

/* Begin PBXResourcesBuildPhase section */
		3EE1E6B021C331B50013F46C /* Resources */ = {
			isa = PBXResourcesBuildPhase;
			buildActionMask = 2147483647;
			files = (
				3EE1E6CB21C331B60013F46C /* LaunchScreen.storyboard in Resources */,
				3EE1E6C821C331B60013F46C /* Assets.xcassets in Resources */,
			);
			runOnlyForDeploymentPostprocessing = 0;
		};
/* End PBXResourcesBuildPhase section */

/* Begin PBXSourcesBuildPhase section */
		3EE1E6AE21C331B50013F46C /* Sources */ = {
			isa = PBXSourcesBuildPhase;
			buildActionMask = 2147483647;
			files = (
				3EE1E6C621C331B50013F46C /* AppDelegate.swift in Sources */,
				3EE1E6D521C335590013F46C /* SecondVC.swift in Sources */,
				3EE1E6D321C3326B0013F46C /* FirstVC.swift in Sources */,
			);
			runOnlyForDeploymentPostprocessing = 0;
		};
/* End PBXSourcesBuildPhase section */

/* Begin PBXVariantGroup section */
		3EE1E6C921C331B60013F46C /* LaunchScreen.storyboard */ = {
			isa = PBXVariantGroup;
			children = (
				3EE1E6CA21C331B60013F46C /* Base */,
			);
			name = LaunchScreen.storyboard;
			sourceTree = "<group>";
		};
/* End PBXVariantGroup section */

/* Begin XCBuildConfiguration section */
		3EE1E6CD21C331B60013F46C /* Debug */ = {
			isa = XCBuildConfiguration;
			buildSettings = {
				ALWAYS_SEARCH_USER_PATHS = NO;
				CLANG_ANALYZER_NONNULL = YES;
				CLANG_ANALYZER_NUMBER_OBJECT_CONVERSION = YES_AGGRESSIVE;
				CLANG_CXX_LANGUAGE_STANDARD = "gnu++14";
				CLANG_CXX_LIBRARY = "libc++";
				CLANG_ENABLE_MODULES = YES;
				CLANG_ENABLE_OBJC_ARC = YES;
				CLANG_ENABLE_OBJC_WEAK = YES;
				CLANG_WARN_BLOCK_CAPTURE_AUTORELEASING = YES;
				CLANG_WARN_BOOL_CONVERSION = YES;
				CLANG_WARN_COMMA = YES;
				CLANG_WARN_CONSTANT_CONVERSION = YES;
				CLANG_WARN_DEPRECATED_OBJC_IMPLEMENTATIONS = YES;
				CLANG_WARN_DIRECT_OBJC_ISA_USAGE = YES_ERROR;
				CLANG_WARN_DOCUMENTATION_COMMENTS = YES;
				CLANG_WARN_EMPTY_BODY = YES;
				CLANG_WARN_ENUM_CONVERSION = YES;
				CLANG_WARN_INFINITE_RECURSION = YES;
				CLANG_WARN_INT_CONVERSION = YES;
				CLANG_WARN_NON_LITERAL_NULL_CONVERSION = YES;
				CLANG_WARN_OBJC_IMPLICIT_RETAIN_SELF = YES;
				CLANG_WARN_OBJC_LITERAL_CONVERSION = YES;
				CLANG_WARN_OBJC_ROOT_CLASS = YES_ERROR;
				CLANG_WARN_RANGE_LOOP_ANALYSIS = YES;
				CLANG_WARN_STRICT_PROTOTYPES = YES;
				CLANG_WARN_SUSPICIOUS_MOVE = YES;
				CLANG_WARN_UNGUARDED_AVAILABILITY = YES_AGGRESSIVE;
				CLANG_WARN_UNREACHABLE_CODE = YES;
				CLANG_WARN__DUPLICATE_METHOD_MATCH = YES;
				CODE_SIGN_IDENTITY = "iPhone Developer";
				COPY_PHASE_STRIP = NO;
				DEBUG_INFORMATION_FORMAT = dwarf;
				ENABLE_STRICT_OBJC_MSGSEND = YES;
				ENABLE_TESTABILITY = YES;
				GCC_C_LANGUAGE_STANDARD = gnu11;
				GCC_DYNAMIC_NO_PIC = NO;
				GCC_NO_COMMON_BLOCKS = YES;
				GCC_OPTIMIZATION_LEVEL = 0;
				GCC_PREPROCESSOR_DEFINITIONS = (
					"DEBUG=1",
					"$(inherited)",
				);
				GCC_WARN_64_TO_32_BIT_CONVERSION = YES;
				GCC_WARN_ABOUT_RETURN_TYPE = YES_ERROR;
				GCC_WARN_UNDECLARED_SELECTOR = YES;
				GCC_WARN_UNINITIALIZED_AUTOS = YES_AGGRESSIVE;
				GCC_WARN_UNUSED_FUNCTION = YES;
				GCC_WARN_UNUSED_VARIABLE = YES;
				IPHONEOS_DEPLOYMENT_TARGET = 12.1;
				MTL_ENABLE_DEBUG_INFO = INCLUDE_SOURCE;
				MTL_FAST_MATH = YES;
				ONLY_ACTIVE_ARCH = YES;
				SDKROOT = iphoneos;
				SWIFT_ACTIVE_COMPILATION_CONDITIONS = DEBUG;
				SWIFT_OPTIMIZATION_LEVEL = "-Onone";
			};
			name = Debug;
		};
		3EE1E6CE21C331B60013F46C /* Release */ = {
			isa = XCBuildConfiguration;
			buildSettings = {
				ALWAYS_SEARCH_USER_PATHS = NO;
				CLANG_ANALYZER_NONNULL = YES;
				CLANG_ANALYZER_NUMBER_OBJECT_CONVERSION = YES_AGGRESSIVE;
				CLANG_CXX_LANGUAGE_STANDARD = "gnu++14";
				CLANG_CXX_LIBRARY = "libc++";
				CLANG_ENABLE_MODULES = YES;
				CLANG_ENABLE_OBJC_ARC = YES;
				CLANG_ENABLE_OBJC_WEAK = YES;
				CLANG_WARN_BLOCK_CAPTURE_AUTORELEASING = YES;
				CLANG_WARN_BOOL_CONVERSION = YES;
				CLANG_WARN_COMMA = YES;
				CLANG_WARN_CONSTANT_CONVERSION = YES;
				CLANG_WARN_DEPRECATED_OBJC_IMPLEMENTATIONS = YES;
				CLANG_WARN_DIRECT_OBJC_ISA_USAGE = YES_ERROR;
				CLANG_WARN_DOCUMENTATION_COMMENTS = YES;
				CLANG_WARN_EMPTY_BODY = YES;
				CLANG_WARN_ENUM_CONVERSION = YES;
				CLANG_WARN_INFINITE_RECURSION = YES;
				CLANG_WARN_INT_CONVERSION = YES;
				CLANG_WARN_NON_LITERAL_NULL_CONVERSION = YES;
				CLANG_WARN_OBJC_IMPLICIT_RETAIN_SELF = YES;
				CLANG_WARN_OBJC_LITERAL_CONVERSION = YES;
				CLANG_WARN_OBJC_ROOT_CLASS = YES_ERROR;
				CLANG_WARN_RANGE_LOOP_ANALYSIS = YES;
				CLANG_WARN_STRICT_PROTOTYPES = YES;
				CLANG_WARN_SUSPICIOUS_MOVE = YES;
				CLANG_WARN_UNGUARDED_AVAILABILITY = YES_AGGRESSIVE;
				CLANG_WARN_UNREACHABLE_CODE = YES;
				CLANG_WARN__DUPLICATE_METHOD_MATCH = YES;
				CODE_SIGN_IDENTITY = "iPhone Developer";
				COPY_PHASE_STRIP = NO;
				DEBUG_INFORMATION_FORMAT = "dwarf-with-dsym";
				ENABLE_NS_ASSERTIONS = NO;
				ENABLE_STRICT_OBJC_MSGSEND = YES;
				GCC_C_LANGUAGE_STANDARD = gnu11;
				GCC_NO_COMMON_BLOCKS = YES;
				GCC_WARN_64_TO_32_BIT_CONVERSION = YES;
				GCC_WARN_ABOUT_RETURN_TYPE = YES_ERROR;
				GCC_WARN_UNDECLARED_SELECTOR = YES;
				GCC_WARN_UNINITIALIZED_AUTOS = YES_AGGRESSIVE;
				GCC_WARN_UNUSED_FUNCTION = YES;
				GCC_WARN_UNUSED_VARIABLE = YES;
				IPHONEOS_DEPLOYMENT_TARGET = 12.1;
				MTL_ENABLE_DEBUG_INFO = NO;
				MTL_FAST_MATH = YES;
				SDKROOT = iphoneos;
				SWIFT_COMPILATION_MODE = wholemodule;
				SWIFT_OPTIMIZATION_LEVEL = "-O";
				VALIDATE_PRODUCT = YES;
			};
			name = Release;
		};
		3EE1E6D021C331B60013F46C /* Debug */ = {
			isa = XCBuildConfiguration;
			buildSettings = {
				ASSETCATALOG_COMPILER_APPICON_NAME = AppIcon;
				CODE_SIGN_STYLE = Automatic;
				DEVELOPMENT_TEAM = CYZA2EE6W8;
				INFOPLIST_FILE = PrograUIPractice/Info.plist;
				LD_RUNPATH_SEARCH_PATHS = (
					"$(inherited)",
					"@executable_path/Frameworks",
				);
				PRODUCT_BUNDLE_IDENTIFIER = io.owenhenley.PrograUIPractice;
				PRODUCT_NAME = "$(TARGET_NAME)";
				SWIFT_VERSION = 4.2;
				TARGETED_DEVICE_FAMILY = "1,2";
			};
			name = Debug;
		};
		3EE1E6D121C331B60013F46C /* Release */ = {
			isa = XCBuildConfiguration;
			buildSettings = {
				ASSETCATALOG_COMPILER_APPICON_NAME = AppIcon;
				CODE_SIGN_STYLE = Automatic;
				DEVELOPMENT_TEAM = CYZA2EE6W8;
				INFOPLIST_FILE = PrograUIPractice/Info.plist;
				LD_RUNPATH_SEARCH_PATHS = (
					"$(inherited)",
					"@executable_path/Frameworks",
				);
				PRODUCT_BUNDLE_IDENTIFIER = io.owenhenley.PrograUIPractice;
				PRODUCT_NAME = "$(TARGET_NAME)";
				SWIFT_VERSION = 4.2;
				TARGETED_DEVICE_FAMILY = "1,2";
			};
			name = Release;
		};
/* End XCBuildConfiguration section */

/* Begin XCConfigurationList section */
		3EE1E6AD21C331B50013F46C /* Build configuration list for PBXProject "PrograUIPractice" */ = {
			isa = XCConfigurationList;
			buildConfigurations = (
				3EE1E6CD21C331B60013F46C /* Debug */,
				3EE1E6CE21C331B60013F46C /* Release */,
			);
			defaultConfigurationIsVisible = 0;
			defaultConfigurationName = Release;
		};
		3EE1E6CF21C331B60013F46C /* Build configuration list for PBXNativeTarget "PrograUIPractice" */ = {
			isa = XCConfigurationList;
			buildConfigurations = (
				3EE1E6D021C331B60013F46C /* Debug */,
				3EE1E6D121C331B60013F46C /* Release */,
			);
			defaultConfigurationIsVisible = 0;
			defaultConfigurationName = Release;
		};
/* End XCConfigurationList section */
	};
	rootObject = 3EE1E6AA21C331B50013F46C /* Project object */;
}
