// !$*UTF8*$!
{
	archiveVersion = 1;
	classes = {
	};
	objectVersion = 50;
	objects = {

/* Begin PBXBuildFile section */
		3E4236F520E05ECD0000AEEA /* RatingControl.swift in Sources */ = {isa = PBXBuildFile; fileRef = 3E4236F420E05ECD0000AEEA /* RatingControl.swift */; };
		3E4236FF20E18BF00000AEEA /* ICC_highlightedStar_2x.png in Resources */ = {isa = PBXBuildFile; fileRef = 3E4236FC20E18BF00000AEEA /* ICC_highlightedStar_2x.png */; };
		3E42370020E18BF00000AEEA /* ICC_emptyStar_2x.png in Resources */ = {isa = PBXBuildFile; fileRef = 3E4236FD20E18BF00000AEEA /* ICC_emptyStar_2x.png */; };
		3E42370120E18BF00000AEEA /* ICC_filledStar_2x.png in Resources */ = {isa = PBXBuildFile; fileRef = 3E4236FE20E18BF00000AEEA /* ICC_filledStar_2x.png */; };
		3E5B434320DED2DF005D8BA8 /* AppDelegate.swift in Sources */ = {isa = PBXBuildFile; fileRef = 3E5B434220DED2DF005D8BA8 /* AppDelegate.swift */; };
		3E5B434520DED2DF005D8BA8 /* ViewController.swift in Sources */ = {isa = PBXBuildFile; fileRef = 3E5B434420DED2DF005D8BA8 /* ViewController.swift */; };
		3E5B434820DED2DF005D8BA8 /* Main.storyboard in Resources */ = {isa = PBXBuildFile; fileRef = 3E5B434620DED2DF005D8BA8 /* Main.storyboard */; };
		3E5B434A20DED2E0005D8BA8 /* Assets.xcassets in Resources */ = {isa = PBXBuildFile; fileRef = 3E5B434920DED2E0005D8BA8 /* Assets.xcassets */; };
		3E5B434D20DED2E0005D8BA8 /* LaunchScreen.storyboard in Resources */ = {isa = PBXBuildFile; fileRef = 3E5B434B20DED2E0005D8BA8 /* LaunchScreen.storyboard */; };
		3E5B435820DED2E1005D8BA8 /* Food_TrackerTests.swift in Sources */ = {isa = PBXBuildFile; fileRef = 3E5B435720DED2E1005D8BA8 /* Food_TrackerTests.swift */; };
		3E5B436320DED2E1005D8BA8 /* Food_TrackerUITests.swift in Sources */ = {isa = PBXBuildFile; fileRef = 3E5B436220DED2E1005D8BA8 /* Food_TrackerUITests.swift */; };
		3E5B437920DEE068005D8BA8 /* Hero-Chefs-Table-Documentary-Second-Season-Returns-Netflix-David-Gelb-Food-Films.jpg in Resources */ = {isa = PBXBuildFile; fileRef = 3E5B437120DEE068005D8BA8 /* Hero-Chefs-Table-Documentary-Second-Season-Returns-Netflix-David-Gelb-Food-Films.jpg */; };
		3E5B437A20DEE068005D8BA8 /* 08-chefs-table.w710.h473.2x.jpg in Resources */ = {isa = PBXBuildFile; fileRef = 3E5B437220DEE068005D8BA8 /* 08-chefs-table.w710.h473.2x.jpg */; };
		3E5B437B20DEE068005D8BA8 /* Chef_2_Olvera_00698R.jpg in Resources */ = {isa = PBXBuildFile; fileRef = 3E5B437320DEE068005D8BA8 /* Chef_2_Olvera_00698R.jpg */; };
		3E5B437C20DEE068005D8BA8 /* bangkok-cray-netflix-chefs-table-season-2-gaggan-progressive-indian-restaurant-15.jpg in Resources */ = {isa = PBXBuildFile; fileRef = 3E5B437420DEE068005D8BA8 /* bangkok-cray-netflix-chefs-table-season-2-gaggan-progressive-indian-restaurant-15.jpg */; };
		3E5B437D20DEE068005D8BA8 /* bangkok-cray-netflix-chefs-table-season-2-gaggan-progressive-indian-restaurant-24.jpg in Resources */ = {isa = PBXBuildFile; fileRef = 3E5B437520DEE068005D8BA8 /* bangkok-cray-netflix-chefs-table-season-2-gaggan-progressive-indian-restaurant-24.jpg */; };
		3E5B437E20DEE068005D8BA8 /* 1280_chefstable_food_netflix.jpg in Resources */ = {isa = PBXBuildFile; fileRef = 3E5B437620DEE068005D8BA8 /* 1280_chefstable_food_netflix.jpg */; };
		3E5B437F20DEE068005D8BA8 /* netflix-chefs-table-pastry-day-at-the-beach-ft-blog0418.jpg in Resources */ = {isa = PBXBuildFile; fileRef = 3E5B437720DEE068005D8BA8 /* netflix-chefs-table-pastry-day-at-the-beach-ft-blog0418.jpg */; };
		3E5B438020DEE068005D8BA8 /* bangkok-cray-netflix-chefs-table-season-2-gaggan-progressive-indian-restaurant-20.jpg in Resources */ = {isa = PBXBuildFile; fileRef = 3E5B437820DEE068005D8BA8 /* bangkok-cray-netflix-chefs-table-season-2-gaggan-progressive-indian-restaurant-20.jpg */; };
		3E7544B220DF521D00E0205D /* defaultphoto_2x.png in Resources */ = {isa = PBXBuildFile; fileRef = 3E7544B120DF521D00E0205D /* defaultphoto_2x.png */; };
		3E88D97520E4283C0045B301 /* Meal.swift in Sources */ = {isa = PBXBuildFile; fileRef = 3E88D97420E4283C0045B301 /* Meal.swift */; };
/* End PBXBuildFile section */

/* Begin PBXContainerItemProxy section */
		3E5B435420DED2E0005D8BA8 /* PBXContainerItemProxy */ = {
			isa = PBXContainerItemProxy;
			containerPortal = 3E5B433720DED2DF005D8BA8 /* Project object */;
			proxyType = 1;
			remoteGlobalIDString = 3E5B433E20DED2DF005D8BA8;
			remoteInfo = "Food Tracker";
		};
		3E5B435F20DED2E1005D8BA8 /* PBXContainerItemProxy */ = {
			isa = PBXContainerItemProxy;
			containerPortal = 3E5B433720DED2DF005D8BA8 /* Project object */;
			proxyType = 1;
			remoteGlobalIDString = 3E5B433E20DED2DF005D8BA8;
			remoteInfo = "Food Tracker";
		};
/* End PBXContainerItemProxy section */

/* Begin PBXFileReference section */
		3E4236F420E05ECD0000AEEA /* RatingControl.swift */ = {isa = PBXFileReference; lastKnownFileType = sourcecode.swift; path = RatingControl.swift; sourceTree = "<group>"; };
		3E4236FC20E18BF00000AEEA /* ICC_highlightedStar_2x.png */ = {isa = PBXFileReference; lastKnownFileType = image.png; path = ICC_highlightedStar_2x.png; sourceTree = "<group>"; };
		3E4236FD20E18BF00000AEEA /* ICC_emptyStar_2x.png */ = {isa = PBXFileReference; lastKnownFileType = image.png; path = ICC_emptyStar_2x.png; sourceTree = "<group>"; };
		3E4236FE20E18BF00000AEEA /* ICC_filledStar_2x.png */ = {isa = PBXFileReference; lastKnownFileType = image.png; path = ICC_filledStar_2x.png; sourceTree = "<group>"; };
		3E5B433F20DED2DF005D8BA8 /* Food Tracker.app */ = {isa = PBXFileReference; explicitFileType = wrapper.application; includeInIndex = 0; path = "Food Tracker.app"; sourceTree = BUILT_PRODUCTS_DIR; };
		3E5B434220DED2DF005D8BA8 /* AppDelegate.swift */ = {isa = PBXFileReference; lastKnownFileType = sourcecode.swift; path = AppDelegate.swift; sourceTree = "<group>"; };
		3E5B434420DED2DF005D8BA8 /* ViewController.swift */ = {isa = PBXFileReference; lastKnownFileType = sourcecode.swift; path = ViewController.swift; sourceTree = "<group>"; };
		3E5B434720DED2DF005D8BA8 /* Base */ = {isa = PBXFileReference; lastKnownFileType = file.storyboard; name = Base; path = Base.lproj/Main.storyboard; sourceTree = "<group>"; };
		3E5B434920DED2E0005D8BA8 /* Assets.xcassets */ = {isa = PBXFileReference; lastKnownFileType = folder.assetcatalog; path = Assets.xcassets; sourceTree = "<group>"; };
		3E5B434C20DED2E0005D8BA8 /* Base */ = {isa = PBXFileReference; lastKnownFileType = file.storyboard; name = Base; path = Base.lproj/LaunchScreen.storyboard; sourceTree = "<group>"; };
		3E5B434E20DED2E0005D8BA8 /* Info.plist */ = {isa = PBXFileReference; lastKnownFileType = text.plist.xml; path = Info.plist; sourceTree = "<group>"; };
		3E5B435320DED2E0005D8BA8 /* Food TrackerTests.xctest */ = {isa = PBXFileReference; explicitFileType = wrapper.cfbundle; includeInIndex = 0; path = "Food TrackerTests.xctest"; sourceTree = BUILT_PRODUCTS_DIR; };
		3E5B435720DED2E1005D8BA8 /* Food_TrackerTests.swift */ = {isa = PBXFileReference; lastKnownFileType = sourcecode.swift; path = Food_TrackerTests.swift; sourceTree = "<group>"; };
		3E5B435920DED2E1005D8BA8 /* Info.plist */ = {isa = PBXFileReference; lastKnownFileType = text.plist.xml; path = Info.plist; sourceTree = "<group>"; };
		3E5B435E20DED2E1005D8BA8 /* Food TrackerUITests.xctest */ = {isa = PBXFileReference; explicitFileType = wrapper.cfbundle; includeInIndex = 0; path = "Food TrackerUITests.xctest"; sourceTree = BUILT_PRODUCTS_DIR; };
		3E5B436220DED2E1005D8BA8 /* Food_TrackerUITests.swift */ = {isa = PBXFileReference; lastKnownFileType = sourcecode.swift; path = Food_TrackerUITests.swift; sourceTree = "<group>"; };
		3E5B436420DED2E1005D8BA8 /* Info.plist */ = {isa = PBXFileReference; lastKnownFileType = text.plist.xml; path = Info.plist; sourceTree = "<group>"; };
		3E5B437120DEE068005D8BA8 /* Hero-Chefs-Table-Documentary-Second-Season-Returns-Netflix-David-Gelb-Food-Films.jpg */ = {isa = PBXFileReference; lastKnownFileType = image.jpeg; path = "Hero-Chefs-Table-Documentary-Second-Season-Returns-Netflix-David-Gelb-Food-Films.jpg"; sourceTree = "<group>"; };
		3E5B437220DEE068005D8BA8 /* 08-chefs-table.w710.h473.2x.jpg */ = {isa = PBXFileReference; lastKnownFileType = image.jpeg; path = "08-chefs-table.w710.h473.2x.jpg"; sourceTree = "<group>"; };
		3E5B437320DEE068005D8BA8 /* Chef_2_Olvera_00698R.jpg */ = {isa = PBXFileReference; lastKnownFileType = image.jpeg; path = Chef_2_Olvera_00698R.jpg; sourceTree = "<group>"; };
		3E5B437420DEE068005D8BA8 /* bangkok-cray-netflix-chefs-table-season-2-gaggan-progressive-indian-restaurant-15.jpg */ = {isa = PBXFileReference; lastKnownFileType = image.jpeg; path = "bangkok-cray-netflix-chefs-table-season-2-gaggan-progressive-indian-restaurant-15.jpg"; sourceTree = "<group>"; };
		3E5B437520DEE068005D8BA8 /* bangkok-cray-netflix-chefs-table-season-2-gaggan-progressive-indian-restaurant-24.jpg */ = {isa = PBXFileReference; lastKnownFileType = image.jpeg; path = "bangkok-cray-netflix-chefs-table-season-2-gaggan-progressive-indian-restaurant-24.jpg"; sourceTree = "<group>"; };
		3E5B437620DEE068005D8BA8 /* 1280_chefstable_food_netflix.jpg */ = {isa = PBXFileReference; lastKnownFileType = image.jpeg; path = 1280_chefstable_food_netflix.jpg; sourceTree = "<group>"; };
		3E5B437720DEE068005D8BA8 /* netflix-chefs-table-pastry-day-at-the-beach-ft-blog0418.jpg */ = {isa = PBXFileReference; lastKnownFileType = image.jpeg; path = "netflix-chefs-table-pastry-day-at-the-beach-ft-blog0418.jpg"; sourceTree = "<group>"; };
		3E5B437820DEE068005D8BA8 /* bangkok-cray-netflix-chefs-table-season-2-gaggan-progressive-indian-restaurant-20.jpg */ = {isa = PBXFileReference; lastKnownFileType = image.jpeg; path = "bangkok-cray-netflix-chefs-table-season-2-gaggan-progressive-indian-restaurant-20.jpg"; sourceTree = "<group>"; };
		3E7544B120DF521D00E0205D /* defaultphoto_2x.png */ = {isa = PBXFileReference; lastKnownFileType = image.png; path = defaultphoto_2x.png; sourceTree = "<group>"; };
		3E88D97420E4283C0045B301 /* Meal.swift */ = {isa = PBXFileReference; lastKnownFileType = sourcecode.swift; path = Meal.swift; sourceTree = "<group>"; };
/* End PBXFileReference section */

/* Begin PBXFrameworksBuildPhase section */
		3E5B433C20DED2DF005D8BA8 /* Frameworks */ = {
			isa = PBXFrameworksBuildPhase;
			buildActionMask = 2147483647;
			files = (
			);
			runOnlyForDeploymentPostprocessing = 0;
		};
		3E5B435020DED2E0005D8BA8 /* Frameworks */ = {
			isa = PBXFrameworksBuildPhase;
			buildActionMask = 2147483647;
			files = (
			);
			runOnlyForDeploymentPostprocessing = 0;
		};
		3E5B435B20DED2E1005D8BA8 /* Frameworks */ = {
			isa = PBXFrameworksBuildPhase;
			buildActionMask = 2147483647;
			files = (
			);
			runOnlyForDeploymentPostprocessing = 0;
		};
/* End PBXFrameworksBuildPhase section */

/* Begin PBXGroup section */
		3E5B433620DED2DF005D8BA8 = {
			isa = PBXGroup;
			children = (
				3E5B434120DED2DF005D8BA8 /* Food Tracker */,
				3E5B435620DED2E1005D8BA8 /* Food TrackerTests */,
				3E5B436120DED2E1005D8BA8 /* Food TrackerUITests */,
				3E5B434020DED2DF005D8BA8 /* Products */,
			);
			sourceTree = "<group>";
		};
		3E5B434020DED2DF005D8BA8 /* Products */ = {
			isa = PBXGroup;
			children = (
				3E5B433F20DED2DF005D8BA8 /* Food Tracker.app */,
				3E5B435320DED2E0005D8BA8 /* Food TrackerTests.xctest */,
				3E5B435E20DED2E1005D8BA8 /* Food TrackerUITests.xctest */,
			);
			name = Products;
			sourceTree = "<group>";
		};
		3E5B434120DED2DF005D8BA8 /* Food Tracker */ = {
			isa = PBXGroup;
			children = (
				3E5B434220DED2DF005D8BA8 /* AppDelegate.swift */,
				3E5B434420DED2DF005D8BA8 /* ViewController.swift */,
				3E4236F420E05ECD0000AEEA /* RatingControl.swift */,
				3E88D97420E4283C0045B301 /* Meal.swift */,
				3E5B434620DED2DF005D8BA8 /* Main.storyboard */,
				3E5B434920DED2E0005D8BA8 /* Assets.xcassets */,
				3E5B434B20DED2E0005D8BA8 /* LaunchScreen.storyboard */,
				3E5B434E20DED2E0005D8BA8 /* Info.plist */,
				3E5B437020DEE068005D8BA8 /* Images */,
			);
			path = "Food Tracker";
			sourceTree = "<group>";
		};
		3E5B435620DED2E1005D8BA8 /* Food TrackerTests */ = {
			isa = PBXGroup;
			children = (
				3E5B435720DED2E1005D8BA8 /* Food_TrackerTests.swift */,
				3E5B435920DED2E1005D8BA8 /* Info.plist */,
			);
			path = "Food TrackerTests";
			sourceTree = "<group>";
		};
		3E5B436120DED2E1005D8BA8 /* Food TrackerUITests */ = {
			isa = PBXGroup;
			children = (
				3E5B436220DED2E1005D8BA8 /* Food_TrackerUITests.swift */,
				3E5B436420DED2E1005D8BA8 /* Info.plist */,
			);
			path = "Food TrackerUITests";
			sourceTree = "<group>";
		};
		3E5B437020DEE068005D8BA8 /* Images */ = {
			isa = PBXGroup;
			children = (
				3E4236FD20E18BF00000AEEA /* ICC_emptyStar_2x.png */,
				3E4236FE20E18BF00000AEEA /* ICC_filledStar_2x.png */,
				3E4236FC20E18BF00000AEEA /* ICC_highlightedStar_2x.png */,
				3E7544B120DF521D00E0205D /* defaultphoto_2x.png */,
				3E5B437120DEE068005D8BA8 /* Hero-Chefs-Table-Documentary-Second-Season-Returns-Netflix-David-Gelb-Food-Films.jpg */,
				3E5B437220DEE068005D8BA8 /* 08-chefs-table.w710.h473.2x.jpg */,
				3E5B437320DEE068005D8BA8 /* Chef_2_Olvera_00698R.jpg */,
				3E5B437420DEE068005D8BA8 /* bangkok-cray-netflix-chefs-table-season-2-gaggan-progressive-indian-restaurant-15.jpg */,
				3E5B437520DEE068005D8BA8 /* bangkok-cray-netflix-chefs-table-season-2-gaggan-progressive-indian-restaurant-24.jpg */,
				3E5B437620DEE068005D8BA8 /* 1280_chefstable_food_netflix.jpg */,
				3E5B437720DEE068005D8BA8 /* netflix-chefs-table-pastry-day-at-the-beach-ft-blog0418.jpg */,
				3E5B437820DEE068005D8BA8 /* bangkok-cray-netflix-chefs-table-season-2-gaggan-progressive-indian-restaurant-20.jpg */,
			);
			path = Images;
			sourceTree = "<group>";
		};
/* End PBXGroup section */

/* Begin PBXNativeTarget section */
		3E5B433E20DED2DF005D8BA8 /* Food Tracker */ = {
			isa = PBXNativeTarget;
			buildConfigurationList = 3E5B436720DED2E1005D8BA8 /* Build configuration list for PBXNativeTarget "Food Tracker" */;
			buildPhases = (
				3E5B433B20DED2DF005D8BA8 /* Sources */,
				3E5B433C20DED2DF005D8BA8 /* Frameworks */,
				3E5B433D20DED2DF005D8BA8 /* Resources */,
			);
			buildRules = (
			);
			dependencies = (
			);
			name = "Food Tracker";
			productName = "Food Tracker";
			productReference = 3E5B433F20DED2DF005D8BA8 /* Food Tracker.app */;
			productType = "com.apple.product-type.application";
		};
		3E5B435220DED2E0005D8BA8 /* Food TrackerTests */ = {
			isa = PBXNativeTarget;
			buildConfigurationList = 3E5B436A20DED2E1005D8BA8 /* Build configuration list for PBXNativeTarget "Food TrackerTests" */;
			buildPhases = (
				3E5B434F20DED2E0005D8BA8 /* Sources */,
				3E5B435020DED2E0005D8BA8 /* Frameworks */,
				3E5B435120DED2E0005D8BA8 /* Resources */,
			);
			buildRules = (
			);
			dependencies = (
				3E5B435520DED2E0005D8BA8 /* PBXTargetDependency */,
			);
			name = "Food TrackerTests";
			productName = "Food TrackerTests";
			productReference = 3E5B435320DED2E0005D8BA8 /* Food TrackerTests.xctest */;
			productType = "com.apple.product-type.bundle.unit-test";
		};
		3E5B435D20DED2E1005D8BA8 /* Food TrackerUITests */ = {
			isa = PBXNativeTarget;
			buildConfigurationList = 3E5B436D20DED2E1005D8BA8 /* Build configuration list for PBXNativeTarget "Food TrackerUITests" */;
			buildPhases = (
				3E5B435A20DED2E1005D8BA8 /* Sources */,
				3E5B435B20DED2E1005D8BA8 /* Frameworks */,
				3E5B435C20DED2E1005D8BA8 /* Resources */,
			);
			buildRules = (
			);
			dependencies = (
				3E5B436020DED2E1005D8BA8 /* PBXTargetDependency */,
			);
			name = "Food TrackerUITests";
			productName = "Food TrackerUITests";
			productReference = 3E5B435E20DED2E1005D8BA8 /* Food TrackerUITests.xctest */;
			productType = "com.apple.product-type.bundle.ui-testing";
		};
/* End PBXNativeTarget section */

/* Begin PBXProject section */
		3E5B433720DED2DF005D8BA8 /* Project object */ = {
			isa = PBXProject;
			attributes = {
				LastSwiftUpdateCheck = 1000;
				LastUpgradeCheck = 1000;
				ORGANIZATIONNAME = "Owen Henley";
				TargetAttributes = {
					3E5B433E20DED2DF005D8BA8 = {
						CreatedOnToolsVersion = 10.0;
					};
					3E5B435220DED2E0005D8BA8 = {
						CreatedOnToolsVersion = 10.0;
						TestTargetID = 3E5B433E20DED2DF005D8BA8;
					};
					3E5B435D20DED2E1005D8BA8 = {
						CreatedOnToolsVersion = 10.0;
						TestTargetID = 3E5B433E20DED2DF005D8BA8;
					};
				};
			};
			buildConfigurationList = 3E5B433A20DED2DF005D8BA8 /* Build configuration list for PBXProject "Food Tracker" */;
			compatibilityVersion = "Xcode 9.3";
			developmentRegion = en;
			hasScannedForEncodings = 0;
			knownRegions = (
				en,
				Base,
			);
			mainGroup = 3E5B433620DED2DF005D8BA8;
			productRefGroup = 3E5B434020DED2DF005D8BA8 /* Products */;
			projectDirPath = "";
			projectRoot = "";
			targets = (
				3E5B433E20DED2DF005D8BA8 /* Food Tracker */,
				3E5B435220DED2E0005D8BA8 /* Food TrackerTests */,
				3E5B435D20DED2E1005D8BA8 /* Food TrackerUITests */,
			);
		};
/* End PBXProject section */

/* Begin PBXResourcesBuildPhase section */
		3E5B433D20DED2DF005D8BA8 /* Resources */ = {
			isa = PBXResourcesBuildPhase;
			buildActionMask = 2147483647;
			files = (
				3E5B434D20DED2E0005D8BA8 /* LaunchScreen.storyboard in Resources */,
				3E5B437C20DEE068005D8BA8 /* bangkok-cray-netflix-chefs-table-season-2-gaggan-progressive-indian-restaurant-15.jpg in Resources */,
				3E5B434A20DED2E0005D8BA8 /* Assets.xcassets in Resources */,
				3E5B437B20DEE068005D8BA8 /* Chef_2_Olvera_00698R.jpg in Resources */,
				3E5B434820DED2DF005D8BA8 /* Main.storyboard in Resources */,
				3E4236FF20E18BF00000AEEA /* ICC_highlightedStar_2x.png in Resources */,
				3E42370120E18BF00000AEEA /* ICC_filledStar_2x.png in Resources */,
				3E5B437F20DEE068005D8BA8 /* netflix-chefs-table-pastry-day-at-the-beach-ft-blog0418.jpg in Resources */,
				3E7544B220DF521D00E0205D /* defaultphoto_2x.png in Resources */,
				3E5B437D20DEE068005D8BA8 /* bangkok-cray-netflix-chefs-table-season-2-gaggan-progressive-indian-restaurant-24.jpg in Resources */,
				3E5B437E20DEE068005D8BA8 /* 1280_chefstable_food_netflix.jpg in Resources */,
				3E5B437A20DEE068005D8BA8 /* 08-chefs-table.w710.h473.2x.jpg in Resources */,
				3E42370020E18BF00000AEEA /* ICC_emptyStar_2x.png in Resources */,
				3E5B437920DEE068005D8BA8 /* Hero-Chefs-Table-Documentary-Second-Season-Returns-Netflix-David-Gelb-Food-Films.jpg in Resources */,
				3E5B438020DEE068005D8BA8 /* bangkok-cray-netflix-chefs-table-season-2-gaggan-progressive-indian-restaurant-20.jpg in Resources */,
			);
			runOnlyForDeploymentPostprocessing = 0;
		};
		3E5B435120DED2E0005D8BA8 /* Resources */ = {
			isa = PBXResourcesBuildPhase;
			buildActionMask = 2147483647;
			files = (
			);
			runOnlyForDeploymentPostprocessing = 0;
		};
		3E5B435C20DED2E1005D8BA8 /* Resources */ = {
			isa = PBXResourcesBuildPhase;
			buildActionMask = 2147483647;
			files = (
			);
			runOnlyForDeploymentPostprocessing = 0;
		};
/* End PBXResourcesBuildPhase section */

/* Begin PBXSourcesBuildPhase section */
		3E5B433B20DED2DF005D8BA8 /* Sources */ = {
			isa = PBXSourcesBuildPhase;
			buildActionMask = 2147483647;
			files = (
				3E88D97520E4283C0045B301 /* Meal.swift in Sources */,
				3E5B434520DED2DF005D8BA8 /* ViewController.swift in Sources */,
				3E4236F520E05ECD0000AEEA /* RatingControl.swift in Sources */,
				3E5B434320DED2DF005D8BA8 /* AppDelegate.swift in Sources */,
			);
			runOnlyForDeploymentPostprocessing = 0;
		};
		3E5B434F20DED2E0005D8BA8 /* Sources */ = {
			isa = PBXSourcesBuildPhase;
			buildActionMask = 2147483647;
			files = (
				3E5B435820DED2E1005D8BA8 /* Food_TrackerTests.swift in Sources */,
			);
			runOnlyForDeploymentPostprocessing = 0;
		};
		3E5B435A20DED2E1005D8BA8 /* Sources */ = {
			isa = PBXSourcesBuildPhase;
			buildActionMask = 2147483647;
			files = (
				3E5B436320DED2E1005D8BA8 /* Food_TrackerUITests.swift in Sources */,
			);
			runOnlyForDeploymentPostprocessing = 0;
		};
/* End PBXSourcesBuildPhase section */

/* Begin PBXTargetDependency section */
		3E5B435520DED2E0005D8BA8 /* PBXTargetDependency */ = {
			isa = PBXTargetDependency;
			target = 3E5B433E20DED2DF005D8BA8 /* Food Tracker */;
			targetProxy = 3E5B435420DED2E0005D8BA8 /* PBXContainerItemProxy */;
		};
		3E5B436020DED2E1005D8BA8 /* PBXTargetDependency */ = {
			isa = PBXTargetDependency;
			target = 3E5B433E20DED2DF005D8BA8 /* Food Tracker */;
			targetProxy = 3E5B435F20DED2E1005D8BA8 /* PBXContainerItemProxy */;
		};
/* End PBXTargetDependency section */

/* Begin PBXVariantGroup section */
		3E5B434620DED2DF005D8BA8 /* Main.storyboard */ = {
			isa = PBXVariantGroup;
			children = (
				3E5B434720DED2DF005D8BA8 /* Base */,
			);
			name = Main.storyboard;
			sourceTree = "<group>";
		};
		3E5B434B20DED2E0005D8BA8 /* LaunchScreen.storyboard */ = {
			isa = PBXVariantGroup;
			children = (
				3E5B434C20DED2E0005D8BA8 /* Base */,
			);
			name = LaunchScreen.storyboard;
			sourceTree = "<group>";
		};
/* End PBXVariantGroup section */

/* Begin XCBuildConfiguration section */
		3E5B436520DED2E1005D8BA8 /* Debug */ = {
			isa = XCBuildConfiguration;
			buildSettings = {
				ALWAYS_SEARCH_USER_PATHS = NO;
				CLANG_ANALYZER_NONNULL = YES;
				CLANG_ANALYZER_NUMBER_OBJECT_CONVERSION = YES_AGGRESSIVE;
				CLANG_CXX_LANGUAGE_STANDARD = "gnu++14";
				CLANG_CXX_LIBRARY = "libc++";
				CLANG_ENABLE_MODULES = YES;
				CLANG_ENABLE_OBJC_ARC = YES;
				CLANG_ENABLE_OBJC_WEAK = YES;
				CLANG_WARN_BLOCK_CAPTURE_AUTORELEASING = YES;
				CLANG_WARN_BOOL_CONVERSION = YES;
				CLANG_WARN_COMMA = YES;
				CLANG_WARN_CONSTANT_CONVERSION = YES;
				CLANG_WARN_DEPRECATED_OBJC_IMPLEMENTATIONS = YES;
				CLANG_WARN_DIRECT_OBJC_ISA_USAGE = YES_ERROR;
				CLANG_WARN_DOCUMENTATION_COMMENTS = YES;
				CLANG_WARN_EMPTY_BODY = YES;
				CLANG_WARN_ENUM_CONVERSION = YES;
				CLANG_WARN_INFINITE_RECURSION = YES;
				CLANG_WARN_INT_CONVERSION = YES;
				CLANG_WARN_NON_LITERAL_NULL_CONVERSION = YES;
				CLANG_WARN_OBJC_IMPLICIT_RETAIN_SELF = YES;
				CLANG_WARN_OBJC_LITERAL_CONVERSION = YES;
				CLANG_WARN_OBJC_ROOT_CLASS = YES_ERROR;
				CLANG_WARN_RANGE_LOOP_ANALYSIS = YES;
				CLANG_WARN_STRICT_PROTOTYPES = YES;
				CLANG_WARN_SUSPICIOUS_MOVE = YES;
				CLANG_WARN_UNGUARDED_AVAILABILITY = YES_AGGRESSIVE;
				CLANG_WARN_UNREACHABLE_CODE = YES;
				CLANG_WARN__DUPLICATE_METHOD_MATCH = YES;
				CODE_SIGN_IDENTITY = "iPhone Developer";
				COPY_PHASE_STRIP = NO;
				DEBUG_INFORMATION_FORMAT = dwarf;
				ENABLE_STRICT_OBJC_MSGSEND = YES;
				ENABLE_TESTABILITY = YES;
				GCC_C_LANGUAGE_STANDARD = gnu11;
				GCC_DYNAMIC_NO_PIC = NO;
				GCC_NO_COMMON_BLOCKS = YES;
				GCC_OPTIMIZATION_LEVEL = 0;
				GCC_PREPROCESSOR_DEFINITIONS = (
					"DEBUG=1",
					"$(inherited)",
				);
				GCC_WARN_64_TO_32_BIT_CONVERSION = YES;
				GCC_WARN_ABOUT_RETURN_TYPE = YES_ERROR;
				GCC_WARN_UNDECLARED_SELECTOR = YES;
				GCC_WARN_UNINITIALIZED_AUTOS = YES_AGGRESSIVE;
				GCC_WARN_UNUSED_FUNCTION = YES;
				GCC_WARN_UNUSED_VARIABLE = YES;
				IPHONEOS_DEPLOYMENT_TARGET = 12.0;
				MTL_ENABLE_DEBUG_INFO = INCLUDE_SOURCE;
				ONLY_ACTIVE_ARCH = YES;
				SDKROOT = iphoneos;
				SWIFT_ACTIVE_COMPILATION_CONDITIONS = DEBUG;
				SWIFT_OPTIMIZATION_LEVEL = "-Onone";
			};
			name = Debug;
		};
		3E5B436620DED2E1005D8BA8 /* Release */ = {
			isa = XCBuildConfiguration;
			buildSettings = {
				ALWAYS_SEARCH_USER_PATHS = NO;
				CLANG_ANALYZER_NONNULL = YES;
				CLANG_ANALYZER_NUMBER_OBJECT_CONVERSION = YES_AGGRESSIVE;
				CLANG_CXX_LANGUAGE_STANDARD = "gnu++14";
				CLANG_CXX_LIBRARY = "libc++";
				CLANG_ENABLE_MODULES = YES;
				CLANG_ENABLE_OBJC_ARC = YES;
				CLANG_ENABLE_OBJC_WEAK = YES;
				CLANG_WARN_BLOCK_CAPTURE_AUTORELEASING = YES;
				CLANG_WARN_BOOL_CONVERSION = YES;
				CLANG_WARN_COMMA = YES;
				CLANG_WARN_CONSTANT_CONVERSION = YES;
				CLANG_WARN_DEPRECATED_OBJC_IMPLEMENTATIONS = YES;
				CLANG_WARN_DIRECT_OBJC_ISA_USAGE = YES_ERROR;
				CLANG_WARN_DOCUMENTATION_COMMENTS = YES;
				CLANG_WARN_EMPTY_BODY = YES;
				CLANG_WARN_ENUM_CONVERSION = YES;
				CLANG_WARN_INFINITE_RECURSION = YES;
				CLANG_WARN_INT_CONVERSION = YES;
				CLANG_WARN_NON_LITERAL_NULL_CONVERSION = YES;
				CLANG_WARN_OBJC_IMPLICIT_RETAIN_SELF = YES;
				CLANG_WARN_OBJC_LITERAL_CONVERSION = YES;
				CLANG_WARN_OBJC_ROOT_CLASS = YES_ERROR;
				CLANG_WARN_RANGE_LOOP_ANALYSIS = YES;
				CLANG_WARN_STRICT_PROTOTYPES = YES;
				CLANG_WARN_SUSPICIOUS_MOVE = YES;
				CLANG_WARN_UNGUARDED_AVAILABILITY = YES_AGGRESSIVE;
				CLANG_WARN_UNREACHABLE_CODE = YES;
				CLANG_WARN__DUPLICATE_METHOD_MATCH = YES;
				CODE_SIGN_IDENTITY = "iPhone Developer";
				COPY_PHASE_STRIP = NO;
				DEBUG_INFORMATION_FORMAT = "dwarf-with-dsym";
				ENABLE_NS_ASSERTIONS = NO;
				ENABLE_STRICT_OBJC_MSGSEND = YES;
				GCC_C_LANGUAGE_STANDARD = gnu11;
				GCC_NO_COMMON_BLOCKS = YES;
				GCC_WARN_64_TO_32_BIT_CONVERSION = YES;
				GCC_WARN_ABOUT_RETURN_TYPE = YES_ERROR;
				GCC_WARN_UNDECLARED_SELECTOR = YES;
				GCC_WARN_UNINITIALIZED_AUTOS = YES_AGGRESSIVE;
				GCC_WARN_UNUSED_FUNCTION = YES;
				GCC_WARN_UNUSED_VARIABLE = YES;
				IPHONEOS_DEPLOYMENT_TARGET = 12.0;
				MTL_ENABLE_DEBUG_INFO = NO;
				SDKROOT = iphoneos;
				SWIFT_COMPILATION_MODE = wholemodule;
				SWIFT_OPTIMIZATION_LEVEL = "-O";
				VALIDATE_PRODUCT = YES;
			};
			name = Release;
		};
		3E5B436820DED2E1005D8BA8 /* Debug */ = {
			isa = XCBuildConfiguration;
			buildSettings = {
				ASSETCATALOG_COMPILER_APPICON_NAME = AppIcon;
				CODE_SIGN_STYLE = Automatic;
				DEVELOPMENT_TEAM = CYZA2EE6W8;
				INFOPLIST_FILE = "Food Tracker/Info.plist";
				LD_RUNPATH_SEARCH_PATHS = (
					"$(inherited)",
					"@executable_path/Frameworks",
				);
				PRODUCT_BUNDLE_IDENTIFIER = "com.owenhenley.Food-Tracker";
				PRODUCT_NAME = "$(TARGET_NAME)";
				SWIFT_VERSION = 4.2;
				TARGETED_DEVICE_FAMILY = "1,2";
			};
			name = Debug;
		};
		3E5B436920DED2E1005D8BA8 /* Release */ = {
			isa = XCBuildConfiguration;
			buildSettings = {
				ASSETCATALOG_COMPILER_APPICON_NAME = AppIcon;
				CODE_SIGN_STYLE = Automatic;
				DEVELOPMENT_TEAM = CYZA2EE6W8;
				INFOPLIST_FILE = "Food Tracker/Info.plist";
				LD_RUNPATH_SEARCH_PATHS = (
					"$(inherited)",
					"@executable_path/Frameworks",
				);
				PRODUCT_BUNDLE_IDENTIFIER = "com.owenhenley.Food-Tracker";
				PRODUCT_NAME = "$(TARGET_NAME)";
				SWIFT_VERSION = 4.2;
				TARGETED_DEVICE_FAMILY = "1,2";
			};
			name = Release;
		};
		3E5B436B20DED2E1005D8BA8 /* Debug */ = {
			isa = XCBuildConfiguration;
			buildSettings = {
				ALWAYS_EMBED_SWIFT_STANDARD_LIBRARIES = YES;
				BUNDLE_LOADER = "$(TEST_HOST)";
				CODE_SIGN_STYLE = Automatic;
				DEVELOPMENT_TEAM = CYZA2EE6W8;
				INFOPLIST_FILE = "Food TrackerTests/Info.plist";
				LD_RUNPATH_SEARCH_PATHS = (
					"$(inherited)",
					"@executable_path/Frameworks",
					"@loader_path/Frameworks",
				);
				PRODUCT_BUNDLE_IDENTIFIER = "com.owenhenley.Food-TrackerTests";
				PRODUCT_NAME = "$(TARGET_NAME)";
				SWIFT_VERSION = 4.2;
				TARGETED_DEVICE_FAMILY = "1,2";
				TEST_HOST = "$(BUILT_PRODUCTS_DIR)/Food Tracker.app/Food Tracker";
			};
			name = Debug;
		};
		3E5B436C20DED2E1005D8BA8 /* Release */ = {
			isa = XCBuildConfiguration;
			buildSettings = {
				ALWAYS_EMBED_SWIFT_STANDARD_LIBRARIES = YES;
				BUNDLE_LOADER = "$(TEST_HOST)";
				CODE_SIGN_STYLE = Automatic;
				DEVELOPMENT_TEAM = CYZA2EE6W8;
				INFOPLIST_FILE = "Food TrackerTests/Info.plist";
				LD_RUNPATH_SEARCH_PATHS = (
					"$(inherited)",
					"@executable_path/Frameworks",
					"@loader_path/Frameworks",
				);
				PRODUCT_BUNDLE_IDENTIFIER = "com.owenhenley.Food-TrackerTests";
				PRODUCT_NAME = "$(TARGET_NAME)";
				SWIFT_VERSION = 4.2;
				TARGETED_DEVICE_FAMILY = "1,2";
				TEST_HOST = "$(BUILT_PRODUCTS_DIR)/Food Tracker.app/Food Tracker";
			};
			name = Release;
		};
		3E5B436E20DED2E1005D8BA8 /* Debug */ = {
			isa = XCBuildConfiguration;
			buildSettings = {
				ALWAYS_EMBED_SWIFT_STANDARD_LIBRARIES = YES;
				CODE_SIGN_STYLE = Automatic;
				DEVELOPMENT_TEAM = CYZA2EE6W8;
				INFOPLIST_FILE = "Food TrackerUITests/Info.plist";
				LD_RUNPATH_SEARCH_PATHS = (
					"$(inherited)",
					"@executable_path/Frameworks",
					"@loader_path/Frameworks",
				);
				PRODUCT_BUNDLE_IDENTIFIER = "com.owenhenley.Food-TrackerUITests";
				PRODUCT_NAME = "$(TARGET_NAME)";
				SWIFT_VERSION = 4.2;
				TARGETED_DEVICE_FAMILY = "1,2";
				TEST_TARGET_NAME = "Food Tracker";
			};
			name = Debug;
		};
		3E5B436F20DED2E1005D8BA8 /* Release */ = {
			isa = XCBuildConfiguration;
			buildSettings = {
				ALWAYS_EMBED_SWIFT_STANDARD_LIBRARIES = YES;
				CODE_SIGN_STYLE = Automatic;
				DEVELOPMENT_TEAM = CYZA2EE6W8;
				INFOPLIST_FILE = "Food TrackerUITests/Info.plist";
				LD_RUNPATH_SEARCH_PATHS = (
					"$(inherited)",
					"@executable_path/Frameworks",
					"@loader_path/Frameworks",
				);
				PRODUCT_BUNDLE_IDENTIFIER = "com.owenhenley.Food-TrackerUITests";
				PRODUCT_NAME = "$(TARGET_NAME)";
				SWIFT_VERSION = 4.2;
				TARGETED_DEVICE_FAMILY = "1,2";
				TEST_TARGET_NAME = "Food Tracker";
			};
			name = Release;
		};
/* End XCBuildConfiguration section */

/* Begin XCConfigurationList section */
		3E5B433A20DED2DF005D8BA8 /* Build configuration list for PBXProject "Food Tracker" */ = {
			isa = XCConfigurationList;
			buildConfigurations = (
				3E5B436520DED2E1005D8BA8 /* Debug */,
				3E5B436620DED2E1005D8BA8 /* Release */,
			);
			defaultConfigurationIsVisible = 0;
			defaultConfigurationName = Release;
		};
		3E5B436720DED2E1005D8BA8 /* Build configuration list for PBXNativeTarget "Food Tracker" */ = {
			isa = XCConfigurationList;
			buildConfigurations = (
				3E5B436820DED2E1005D8BA8 /* Debug */,
				3E5B436920DED2E1005D8BA8 /* Release */,
			);
			defaultConfigurationIsVisible = 0;
			defaultConfigurationName = Release;
		};
		3E5B436A20DED2E1005D8BA8 /* Build configuration list for PBXNativeTarget "Food TrackerTests" */ = {
			isa = XCConfigurationList;
			buildConfigurations = (
				3E5B436B20DED2E1005D8BA8 /* Debug */,
				3E5B436C20DED2E1005D8BA8 /* Release */,
			);
			defaultConfigurationIsVisible = 0;
			defaultConfigurationName = Release;
		};
		3E5B436D20DED2E1005D8BA8 /* Build configuration list for PBXNativeTarget "Food TrackerUITests" */ = {
			isa = XCConfigurationList;
			buildConfigurations = (
				3E5B436E20DED2E1005D8BA8 /* Debug */,
				3E5B436F20DED2E1005D8BA8 /* Release */,
			);
			defaultConfigurationIsVisible = 0;
			defaultConfigurationName = Release;
		};
/* End XCConfigurationList section */
	};
	rootObject = 3E5B433720DED2DF005D8BA8 /* Project object */;
}
